// !$*UTF8*$!
{
	archiveVersion = 1;
	classes = {
	};
	objectVersion = 46;
	objects = {

/* Begin PBXBuildFile section */
		CAF0912B1D4D3A4C005FAEF4 /* Assets.xcassets in Resources */ = {isa = PBXBuildFile; fileRef = CAF091191D4D3A4C005FAEF4 /* Assets.xcassets */; };
		CAF0912D1D4D3A4C005FAEF4 /* LaunchScreen.storyboard in Resources */ = {isa = PBXBuildFile; fileRef = CAF0911B1D4D3A4C005FAEF4 /* LaunchScreen.storyboard */; };
		CAF0912E1D4D3A4C005FAEF4 /* Main.storyboard in Resources */ = {isa = PBXBuildFile; fileRef = CAF0911C1D4D3A4C005FAEF4 /* Main.storyboard */; };
		CAF0912F1D4D3A4C005FAEF4 /* PWAppDelegate.m in Sources */ = {isa = PBXBuildFile; fileRef = CAF091201D4D3A4C005FAEF4 /* PWAppDelegate.m */; };
		CAF091331D4D3A4C005FAEF4 /* main.m in Sources */ = {isa = PBXBuildFile; fileRef = CAF091291D4D3A4C005FAEF4 /* main.m */; };
		CAF0913A1D4D4062005FAEF4 /* PWIndicator.m in Sources */ = {isa = PBXBuildFile; fileRef = CAF091391D4D4062005FAEF4 /* PWIndicator.m */; };
		CAF0916D1D4E904E005FAEF4 /* PWModelObject.m in Sources */ = {isa = PBXBuildFile; fileRef = CAF0913F1D4E737F005FAEF4 /* PWModelObject.m */; };
		CAF0916E1D4E9054005FAEF4 /* PWRestaurant.m in Sources */ = {isa = PBXBuildFile; fileRef = CAF091251D4D3A4C005FAEF4 /* PWRestaurant.m */; };
		CAF0916F1D4E9059005FAEF4 /* PWRestaurantShare.m in Sources */ = {isa = PBXBuildFile; fileRef = CAF091271D4D3A4C005FAEF4 /* PWRestaurantShare.m */; };
		CAF091701D4E905E005FAEF4 /* PWPrice.m in Sources */ = {isa = PBXBuildFile; fileRef = CAF091421D4E8B3C005FAEF4 /* PWPrice.m */; };
		CAF091711D4E9061005FAEF4 /* PWProduct.m in Sources */ = {isa = PBXBuildFile; fileRef = CAF091451D4E8B5D005FAEF4 /* PWProduct.m */; };
		CAF091731D4E9099005FAEF4 /* PWPresentProduct.m in Sources */ = {isa = PBXBuildFile; fileRef = CAF091481D4E8B99005FAEF4 /* PWPresentProduct.m */; };
		CAF091841D4E949C005FAEF4 /* PWOrder.m in Sources */ = {isa = PBXBuildFile; fileRef = CAF0914B1D4E8BAD005FAEF4 /* PWOrder.m */; };
		CAF091851D4E94A0005FAEF4 /* PWRestaurantReview.m in Sources */ = {isa = PBXBuildFile; fileRef = CAF0914E1D4E8BC6005FAEF4 /* PWRestaurantReview.m */; };
		CAF091861D4E94AE005FAEF4 /* PWPurchase.m in Sources */ = {isa = PBXBuildFile; fileRef = CAF091511D4E8BDB005FAEF4 /* PWPurchase.m */; };
		CAF091871D4E94B0005FAEF4 /* PWUser.m in Sources */ = {isa = PBXBuildFile; fileRef = CAF091541D4E8BF0005FAEF4 /* PWUser.m */; };
		CAF091881D4E94B3005FAEF4 /* PWUsersRestaurantInfo.m in Sources */ = {isa = PBXBuildFile; fileRef = CAF091571D4E8C06005FAEF4 /* PWUsersRestaurantInfo.m */; };
		CAF091891D4E94B6005FAEF4 /* PWWorkingTime.m in Sources */ = {isa = PBXBuildFile; fileRef = CAF0915A1D4E8C38005FAEF4 /* PWWorkingTime.m */; };
		CAF0918A1D4E94B8005FAEF4 /* PWRestaurantAboutInfo.m in Sources */ = {isa = PBXBuildFile; fileRef = CAF0915D1D4E8C4D005FAEF4 /* PWRestaurantAboutInfo.m */; };
		CAF091911D560B80005FAEF4 /* PWIntroViewController.xib in Resources */ = {isa = PBXBuildFile; fileRef = CAF091901D560B80005FAEF4 /* PWIntroViewController.xib */; };
		CAF091941D56165C005FAEF4 /* PWMainViewController.m in Sources */ = {isa = PBXBuildFile; fileRef = CAF091931D56165C005FAEF4 /* PWMainViewController.m */; };
		CAF091981D561AF6005FAEF4 /* PWIntroFirstPageCell.m in Sources */ = {isa = PBXBuildFile; fileRef = CAF091961D561AF6005FAEF4 /* PWIntroFirstPageCell.m */; };
		CAF0919B1D561B1E005FAEF4 /* PWIntroFirstPageCell.xib in Resources */ = {isa = PBXBuildFile; fileRef = CAF0919A1D561B1E005FAEF4 /* PWIntroFirstPageCell.xib */; };
		CAF0919E1D561DCB005FAEF4 /* PWIntroLayout.m in Sources */ = {isa = PBXBuildFile; fileRef = CAF0919D1D561DCB005FAEF4 /* PWIntroLayout.m */; };
		CAF091A11D562471005FAEF4 /* PWIntroSecondPageCell.xib in Resources */ = {isa = PBXBuildFile; fileRef = CAF0919F1D562471005FAEF4 /* PWIntroSecondPageCell.xib */; };
		CAF091A21D562471005FAEF4 /* PWIntroThirdPageCell.xib in Resources */ = {isa = PBXBuildFile; fileRef = CAF091A01D562471005FAEF4 /* PWIntroThirdPageCell.xib */; };
		CAF091A91D564E61005FAEF4 /* PWEnterPromoViewController.xib in Resources */ = {isa = PBXBuildFile; fileRef = CAF091A81D564E61005FAEF4 /* PWEnterPromoViewController.xib */; };
		CAF091AC1D5657C9005FAEF4 /* UIColorAdditions.m in Sources */ = {isa = PBXBuildFile; fileRef = CAF091AB1D5657C9005FAEF4 /* UIColorAdditions.m */; };
		CAF091AF1D56672F005FAEF4 /* PWRootMenuTableViewController.m in Sources */ = {isa = PBXBuildFile; fileRef = CAF091AE1D56672F005FAEF4 /* PWRootMenuTableViewController.m */; };
		CAF091B21D566763005FAEF4 /* PWContentSource.m in Sources */ = {isa = PBXBuildFile; fileRef = CAF091B11D566763005FAEF4 /* PWContentSource.m */; };
		CAF091B91D575195005FAEF4 /* PWMainMenuViewController.xib in Resources */ = {isa = PBXBuildFile; fileRef = CAF091B81D575195005FAEF4 /* PWMainMenuViewController.xib */; };
		CAF091BC1D57559A005FAEF4 /* UIViewControllerAdditions.m in Sources */ = {isa = PBXBuildFile; fileRef = CAF091BB1D57559A005FAEF4 /* UIViewControllerAdditions.m */; };
		CAF091BF1D576703005FAEF4 /* PWDropShadowView.m in Sources */ = {isa = PBXBuildFile; fileRef = CAF091BE1D576703005FAEF4 /* PWDropShadowView.m */; };
		CAF091C21D576B83005FAEF4 /* mohito.jpg in Resources */ = {isa = PBXBuildFile; fileRef = CAF091C11D576B83005FAEF4 /* mohito.jpg */; };
		CAF091C51D577286005FAEF4 /* PWModelManager.m in Sources */ = {isa = PBXBuildFile; fileRef = CAF091C41D577286005FAEF4 /* PWModelManager.m */; };
		CAF091CA1D57962B005FAEF4 /* burger.jpg in Resources */ = {isa = PBXBuildFile; fileRef = CAF091C91D57962B005FAEF4 /* burger.jpg */; };
		CAF091CC1D57994D005FAEF4 /* vapiano.jpeg in Resources */ = {isa = PBXBuildFile; fileRef = CAF091CB1D57994D005FAEF4 /* vapiano.jpeg */; };
		CAF091CE1D579967005FAEF4 /* coffeetoria.jpg in Resources */ = {isa = PBXBuildFile; fileRef = CAF091CD1D579967005FAEF4 /* coffeetoria.jpg */; };
		CAF091D51D5799DB005FAEF4 /* vapiano_1.jpg in Resources */ = {isa = PBXBuildFile; fileRef = CAF091CF1D5799DB005FAEF4 /* vapiano_1.jpg */; };
		CAF091D61D5799DB005FAEF4 /* vapiano_2.jpg in Resources */ = {isa = PBXBuildFile; fileRef = CAF091D01D5799DB005FAEF4 /* vapiano_2.jpg */; };
		CAF091D71D5799DB005FAEF4 /* vapiano_3.jpg in Resources */ = {isa = PBXBuildFile; fileRef = CAF091D11D5799DB005FAEF4 /* vapiano_3.jpg */; };
		CAF091D81D5799DB005FAEF4 /* coffeetoria1.jpg in Resources */ = {isa = PBXBuildFile; fileRef = CAF091D21D5799DB005FAEF4 /* coffeetoria1.jpg */; };
		CAF091D91D5799DB005FAEF4 /* coffeetoria2.jpg in Resources */ = {isa = PBXBuildFile; fileRef = CAF091D31D5799DB005FAEF4 /* coffeetoria2.jpg */; };
		CAF091DA1D5799DB005FAEF4 /* coffeetoria3.jpg in Resources */ = {isa = PBXBuildFile; fileRef = CAF091D41D5799DB005FAEF4 /* coffeetoria3.jpg */; };
		CAF091DC1D579EDD005FAEF4 /* juice.jpg in Resources */ = {isa = PBXBuildFile; fileRef = CAF091DB1D579EDD005FAEF4 /* juice.jpg */; };
		CAF091DF1D57A05F005FAEF4 /* hookah2.jpeg in Resources */ = {isa = PBXBuildFile; fileRef = CAF091DD1D57A05F005FAEF4 /* hookah2.jpeg */; };
		CAF091E01D57A05F005FAEF4 /* hookah1.jpeg in Resources */ = {isa = PBXBuildFile; fileRef = CAF091DE1D57A05F005FAEF4 /* hookah1.jpeg */; };
		CAF091E91D57AA0C005FAEF4 /* PWNearItemCollectionViewCell.m in Sources */ = {isa = PBXBuildFile; fileRef = CAF091E71D57AA0C005FAEF4 /* PWNearItemCollectionViewCell.m */; };
		CAF091EC1D57B239005FAEF4 /* PWNearItemCollectionViewCell.xib in Resources */ = {isa = PBXBuildFile; fileRef = CAF091EB1D57B239005FAEF4 /* PWNearItemCollectionViewCell.xib */; };
		CAF091EE1D57B271005FAEF4 /* PWNearItemsViewController.xib in Resources */ = {isa = PBXBuildFile; fileRef = CAF091ED1D57B271005FAEF4 /* PWNearItemsViewController.xib */; };
		CAF091F11D57B6BE005FAEF4 /* PWSlidesLayout.m in Sources */ = {isa = PBXBuildFile; fileRef = CAF091F01D57B6BE005FAEF4 /* PWSlidesLayout.m */; };
		CAF092021D5D1838005FAEF4 /* PWNearRestaurantsViewController.xib in Resources */ = {isa = PBXBuildFile; fileRef = CAF092011D5D1838005FAEF4 /* PWNearRestaurantsViewController.xib */; };
		CAF092061D5D1FF7005FAEF4 /* PWNearRestaurantCollectionViewCell.m in Sources */ = {isa = PBXBuildFile; fileRef = CAF092041D5D1FF7005FAEF4 /* PWNearRestaurantCollectionViewCell.m */; };
		CAF092091D5D2011005FAEF4 /* PWNearRestaurantCollectionViewCell.xib in Resources */ = {isa = PBXBuildFile; fileRef = CAF092081D5D2011005FAEF4 /* PWNearRestaurantCollectionViewCell.xib */; };
		CAF0920D1D5E4316005FAEF4 /* PWQRCodeScanViewController.m in Sources */ = {isa = PBXBuildFile; fileRef = CAF0920B1D5E4316005FAEF4 /* PWQRCodeScanViewController.m */; };
		CAF092111D5F3A0A005FAEF4 /* PWQRCodeScannerView.m in Sources */ = {isa = PBXBuildFile; fileRef = CAF092101D5F3A0A005FAEF4 /* PWQRCodeScannerView.m */; };
		CAF092141D5F420B005FAEF4 /* PWTouchView.m in Sources */ = {isa = PBXBuildFile; fileRef = CAF092131D5F420B005FAEF4 /* PWTouchView.m */; };
		CAF092221D5F6D3F005FAEF4 /* PWQRCodeScanViewController.xib in Resources */ = {isa = PBXBuildFile; fileRef = CAF092211D5F6D3F005FAEF4 /* PWQRCodeScanViewController.xib */; };
		CAF0922A1D5FBA5B005FAEF4 /* PWTapper.m in Sources */ = {isa = PBXBuildFile; fileRef = CAF092291D5FBA5B005FAEF4 /* PWTapper.m */; };
		CAF0922F1D5FDA50005FAEF4 /* PWRestaurantsViewController.xib in Resources */ = {isa = PBXBuildFile; fileRef = CAF0922E1D5FDA50005FAEF4 /* PWRestaurantsViewController.xib */; };
		CAF092331D5FE08D005FAEF4 /* PWRestaurantFilterController.m in Sources */ = {isa = PBXBuildFile; fileRef = CAF092311D5FE08D005FAEF4 /* PWRestaurantFilterController.m */; };
		CAF092381D5FED1F005FAEF4 /* PWRestaurantFilterCell.m in Sources */ = {isa = PBXBuildFile; fileRef = CAF092361D5FED1F005FAEF4 /* PWRestaurantFilterCell.m */; };
		CAF092541D607B69005FAEF4 /* PWDetailedNearItemsCollectionController.m in Sources */ = {isa = PBXBuildFile; fileRef = CAF0923C1D607B69005FAEF4 /* PWDetailedNearItemsCollectionController.m */; };
		CAF092551D607B69005FAEF4 /* PWDetailedNearPresentsCollectionController.m in Sources */ = {isa = PBXBuildFile; fileRef = CAF0923E1D607B69005FAEF4 /* PWDetailedNearPresentsCollectionController.m */; };
		CAF092561D607B69005FAEF4 /* PWDetailedNearSharesCollectionController.m in Sources */ = {isa = PBXBuildFile; fileRef = CAF092401D607B69005FAEF4 /* PWDetailedNearSharesCollectionController.m */; };
		CAF092571D607B69005FAEF4 /* PWEnterPromoViewController.m in Sources */ = {isa = PBXBuildFile; fileRef = CAF092431D607B69005FAEF4 /* PWEnterPromoViewController.m */; };
		CAF092581D607B69005FAEF4 /* PWIntroViewController.m in Sources */ = {isa = PBXBuildFile; fileRef = CAF092451D607B69005FAEF4 /* PWIntroViewController.m */; };
		CAF092591D607B69005FAEF4 /* PWMainMenuItemViewController.m in Sources */ = {isa = PBXBuildFile; fileRef = CAF092481D607B69005FAEF4 /* PWMainMenuItemViewController.m */; };
		CAF0925A1D607B69005FAEF4 /* PWMainMenuViewController.m in Sources */ = {isa = PBXBuildFile; fileRef = CAF0924A1D607B69005FAEF4 /* PWMainMenuViewController.m */; };
		CAF0925B1D607B69005FAEF4 /* PWNearItemsViewController.m in Sources */ = {isa = PBXBuildFile; fileRef = CAF0924D1D607B69005FAEF4 /* PWNearItemsViewController.m */; };
		CAF0925C1D607B69005FAEF4 /* PWNearPresentsViewController.m in Sources */ = {isa = PBXBuildFile; fileRef = CAF0924F1D607B69005FAEF4 /* PWNearPresentsViewController.m */; };
		CAF0925D1D607B69005FAEF4 /* PWNearRestaurantsViewController.m in Sources */ = {isa = PBXBuildFile; fileRef = CAF092511D607B69005FAEF4 /* PWNearRestaurantsViewController.m */; };
		CAF0925E1D607B69005FAEF4 /* PWNearSharesViewController.m in Sources */ = {isa = PBXBuildFile; fileRef = CAF092531D607B69005FAEF4 /* PWNearSharesViewController.m */; };
		CAF092631D607BB2005FAEF4 /* PWRestaurantsCollectionController.m in Sources */ = {isa = PBXBuildFile; fileRef = CAF092601D607BB2005FAEF4 /* PWRestaurantsCollectionController.m */; };
		CAF092641D607BB2005FAEF4 /* PWRestaurantsViewController.m in Sources */ = {isa = PBXBuildFile; fileRef = CAF092621D607BB2005FAEF4 /* PWRestaurantsViewController.m */; };
		CAF092681D608E77005FAEF4 /* PWMapController.m in Sources */ = {isa = PBXBuildFile; fileRef = CAF092661D608E77005FAEF4 /* PWMapController.m */; };
		CAF0928F1D60BCFF005FAEF4 /* GoogleMaps.framework in Frameworks */ = {isa = PBXBuildFile; fileRef = CAF0928E1D60BCFF005FAEF4 /* GoogleMaps.framework */; };
		CAF092911D60C252005FAEF4 /* CoreData.framework in Frameworks */ = {isa = PBXBuildFile; fileRef = CAF092901D60C252005FAEF4 /* CoreData.framework */; };
		CAF092931D60C287005FAEF4 /* CoreGraphics.framework in Frameworks */ = {isa = PBXBuildFile; fileRef = CAF092921D60C287005FAEF4 /* CoreGraphics.framework */; };
		CAF092951D60C395005FAEF4 /* libc++.tbd in Frameworks */ = {isa = PBXBuildFile; fileRef = CAF092941D60C395005FAEF4 /* libc++.tbd */; };
		CAF092971D60C3CA005FAEF4 /* CoreBluetooth.framework in Frameworks */ = {isa = PBXBuildFile; fileRef = CAF092961D60C3CA005FAEF4 /* CoreBluetooth.framework */; };
		CAF092991D60C3CF005FAEF4 /* Accelerate.framework in Frameworks */ = {isa = PBXBuildFile; fileRef = CAF092981D60C3CF005FAEF4 /* Accelerate.framework */; };
		CAF0929D1D60C42F005FAEF4 /* SystemConfiguration.framework in Frameworks */ = {isa = PBXBuildFile; fileRef = CAF0929C1D60C42F005FAEF4 /* SystemConfiguration.framework */; };
		CAF0929F1D60C43A005FAEF4 /* ImageIO.framework in Frameworks */ = {isa = PBXBuildFile; fileRef = CAF0929E1D60C43A005FAEF4 /* ImageIO.framework */; };
		CAF092A31D60C464005FAEF4 /* GLKit.framework in Frameworks */ = {isa = PBXBuildFile; fileRef = CAF092A21D60C464005FAEF4 /* GLKit.framework */; };
		CAF092A51D60C52E005FAEF4 /* GoogleMaps.bundle in Resources */ = {isa = PBXBuildFile; fileRef = CAF092A41D60C52E005FAEF4 /* GoogleMaps.bundle */; };
		CAF092A71D60C616005FAEF4 /* libz.tbd in Frameworks */ = {isa = PBXBuildFile; fileRef = CAF092A61D60C616005FAEF4 /* libz.tbd */; };
		CAF092AD1D618EB8005FAEF4 /* PWRestaurantMapController.m in Sources */ = {isa = PBXBuildFile; fileRef = CAF092AC1D618EB8005FAEF4 /* PWRestaurantMapController.m */; };
		CAF092B01D627254005FAEF4 /* PWSharesMapController.m in Sources */ = {isa = PBXBuildFile; fileRef = CAF092AF1D627254005FAEF4 /* PWSharesMapController.m */; };
		CAF092B31D627264005FAEF4 /* PWPresentsMapController.m in Sources */ = {isa = PBXBuildFile; fileRef = CAF092B21D627264005FAEF4 /* PWPresentsMapController.m */; };
		CAF092B71D627553005FAEF4 /* PWDetailesItemsViewController.m in Sources */ = {isa = PBXBuildFile; fileRef = CAF092B51D627553005FAEF4 /* PWDetailesItemsViewController.m */; };
		CAF092BB1D6278FC005FAEF4 /* PWDetailedRestaurantsViewController.m in Sources */ = {isa = PBXBuildFile; fileRef = CAF092BA1D6278FC005FAEF4 /* PWDetailedRestaurantsViewController.m */; };
		CAF092BE1D627AA0005FAEF4 /* PWDetailesSharesViewController.m in Sources */ = {isa = PBXBuildFile; fileRef = CAF092BD1D627AA0005FAEF4 /* PWDetailesSharesViewController.m */; };
		CAF092C11D627C3C005FAEF4 /* PWDetailesPresentsViewController.m in Sources */ = {isa = PBXBuildFile; fileRef = CAF092C01D627C3C005FAEF4 /* PWDetailesPresentsViewController.m */; };
		CAF092C51D628006005FAEF4 /* PWDetailesItemsViewController.xib in Resources */ = {isa = PBXBuildFile; fileRef = CAF092C21D628006005FAEF4 /* PWDetailesItemsViewController.xib */; };
		CAF092C61D628006005FAEF4 /* PWMapController.xib in Resources */ = {isa = PBXBuildFile; fileRef = CAF092C31D628006005FAEF4 /* PWMapController.xib */; };
		CAF092C71D628006005FAEF4 /* PWRestaurantFilterController.xib in Resources */ = {isa = PBXBuildFile; fileRef = CAF092C41D628006005FAEF4 /* PWRestaurantFilterController.xib */; };
		CAF092CB1D63A2DF005FAEF4 /* PWAboutController.m in Sources */ = {isa = PBXBuildFile; fileRef = CAF092C91D63A2DF005FAEF4 /* PWAboutController.m */; };
		CAF092CE1D63A54B005FAEF4 /* PWAboutController.xib in Resources */ = {isa = PBXBuildFile; fileRef = CAF092CD1D63A54B005FAEF4 /* PWAboutController.xib */; };
		CAF092D21D63A5F1005FAEF4 /* PWPurchasesViewController.m in Sources */ = {isa = PBXBuildFile; fileRef = CAF092D11D63A5F1005FAEF4 /* PWPurchasesViewController.m */; };
		CAF092D51D63A770005FAEF4 /* PWActivityIndicator.m in Sources */ = {isa = PBXBuildFile; fileRef = CAF092D41D63A770005FAEF4 /* PWActivityIndicator.m */; };
		CAF092D91D63AE60005FAEF4 /* PWNoPurchasesViewController.m in Sources */ = {isa = PBXBuildFile; fileRef = CAF092D71D63AE60005FAEF4 /* PWNoPurchasesViewController.m */; };
		CAF092DC1D63B262005FAEF4 /* PWNoPurchasesViewController.xib in Resources */ = {isa = PBXBuildFile; fileRef = CAF092DB1D63B262005FAEF4 /* PWNoPurchasesViewController.xib */; };
		CAF092DF1D63B35D005FAEF4 /* PWActivityIndicatorOwner.m in Sources */ = {isa = PBXBuildFile; fileRef = CAF092DE1D63B35D005FAEF4 /* PWActivityIndicatorOwner.m */; };
		CAF092E51D63B9BC005FAEF4 /* UIImageAdditions.m in Sources */ = {isa = PBXBuildFile; fileRef = CAF092E41D63B9BC005FAEF4 /* UIImageAdditions.m */; };
		CAF092E91D688F7E005FAEF4 /* PWBluetoothManager.m in Sources */ = {isa = PBXBuildFile; fileRef = CAF092E81D688F7E005FAEF4 /* PWBluetoothManager.m */; };
		CAF092EC1D6894ED005FAEF4 /* PWLocationManager.m in Sources */ = {isa = PBXBuildFile; fileRef = CAF092EB1D6894ED005FAEF4 /* PWLocationManager.m */; };
		CAF092EE1D68D3B0005FAEF4 /* Settings.bundle in Resources */ = {isa = PBXBuildFile; fileRef = CAF092ED1D68D3B0005FAEF4 /* Settings.bundle */; };
		CAF092F11D68E68A005FAEF4 /* PWModalController.m in Sources */ = {isa = PBXBuildFile; fileRef = CAF092F01D68E68A005FAEF4 /* PWModalController.m */; };
		CAF092F61D69A881005FAEF4 /* PWNoConnectionAlertController.m in Sources */ = {isa = PBXBuildFile; fileRef = CAF092F41D69A881005FAEF4 /* PWNoConnectionAlertController.m */; };
		CAFE5FD31D6DE51C003F5991 /* PWNoConnectionAlertController.xib in Resources */ = {isa = PBXBuildFile; fileRef = CAFE5FD21D6DE51C003F5991 /* PWNoConnectionAlertController.xib */; };
		CAFE5FD71D6DE59C003F5991 /* PWAllPurchasesViewController.m in Sources */ = {isa = PBXBuildFile; fileRef = CAFE5FD51D6DE59C003F5991 /* PWAllPurchasesViewController.m */; };
		CAFE5FDC1D6DECA2003F5991 /* PWPurchaseRestaurantCell.m in Sources */ = {isa = PBXBuildFile; fileRef = CAFE5FDA1D6DECA2003F5991 /* PWPurchaseRestaurantCell.m */; };
		CAFE5FE01D6DED05003F5991 /* PWCollectionView.m in Sources */ = {isa = PBXBuildFile; fileRef = CAFE5FDF1D6DED05003F5991 /* PWCollectionView.m */; };
		CAFE5FE41D6DF62F003F5991 /* PWAllPurchasesViewController.xib in Resources */ = {isa = PBXBuildFile; fileRef = CAFE5FE11D6DF62F003F5991 /* PWAllPurchasesViewController.xib */; };
		CAFE5FE51D6DF62F003F5991 /* PWPurchaseRestaurantCell.xib in Resources */ = {isa = PBXBuildFile; fileRef = CAFE5FE21D6DF62F003F5991 /* PWPurchaseRestaurantCell.xib */; };
		CAFE5FE61D6DF62F003F5991 /* PWRestaurantFilterCell.xib in Resources */ = {isa = PBXBuildFile; fileRef = CAFE5FE31D6DF62F003F5991 /* PWRestaurantFilterCell.xib */; };
		CAFE5FE91D6DFDAC003F5991 /* PWRestaurantPurchasesController.m in Sources */ = {isa = PBXBuildFile; fileRef = CAFE5FE81D6DFDAC003F5991 /* PWRestaurantPurchasesController.m */; };
		CAFE5FED1D7B62F9003F5991 /* PWPurchaseTableViewCell.m in Sources */ = {isa = PBXBuildFile; fileRef = CAFE5FEB1D7B62F9003F5991 /* PWPurchaseTableViewCell.m */; };
		CAFE5FF01D7B8237003F5991 /* PWPurchaseTableViewCell.xib in Resources */ = {isa = PBXBuildFile; fileRef = CAFE5FEF1D7B8237003F5991 /* PWPurchaseTableViewCell.xib */; };
		CAFE5FF31D7BA3BF003F5991 /* PWPurchasesPlainController.m in Sources */ = {isa = PBXBuildFile; fileRef = CAFE5FF21D7BA3BF003F5991 /* PWPurchasesPlainController.m */; };
/* End PBXBuildFile section */

/* Begin PBXFileReference section */
		CAF090FD1D4D3938005FAEF4 /* PocketWaiter.app */ = {isa = PBXFileReference; explicitFileType = wrapper.application; includeInIndex = 0; path = PocketWaiter.app; sourceTree = BUILT_PRODUCTS_DIR; };
		CAF091191D4D3A4C005FAEF4 /* Assets.xcassets */ = {isa = PBXFileReference; lastKnownFileType = folder.assetcatalog; path = Assets.xcassets; sourceTree = "<group>"; };
		CAF0911A1D4D3A4C005FAEF4 /* Info.plist */ = {isa = PBXFileReference; fileEncoding = 4; lastKnownFileType = text.plist.xml; path = Info.plist; sourceTree = "<group>"; };
		CAF0911B1D4D3A4C005FAEF4 /* LaunchScreen.storyboard */ = {isa = PBXFileReference; fileEncoding = 4; lastKnownFileType = file.storyboard; path = LaunchScreen.storyboard; sourceTree = "<group>"; };
		CAF0911C1D4D3A4C005FAEF4 /* Main.storyboard */ = {isa = PBXFileReference; fileEncoding = 4; lastKnownFileType = file.storyboard; path = Main.storyboard; sourceTree = "<group>"; };
		CAF0911F1D4D3A4C005FAEF4 /* PWAppDelegate.h */ = {isa = PBXFileReference; fileEncoding = 4; lastKnownFileType = sourcecode.c.h; path = PWAppDelegate.h; sourceTree = "<group>"; };
		CAF091201D4D3A4C005FAEF4 /* PWAppDelegate.m */ = {isa = PBXFileReference; fileEncoding = 4; lastKnownFileType = sourcecode.c.objc; path = PWAppDelegate.m; sourceTree = "<group>"; };
		CAF091241D4D3A4C005FAEF4 /* PWRestaurant.h */ = {isa = PBXFileReference; fileEncoding = 4; lastKnownFileType = sourcecode.c.h; path = PWRestaurant.h; sourceTree = "<group>"; };
		CAF091251D4D3A4C005FAEF4 /* PWRestaurant.m */ = {isa = PBXFileReference; fileEncoding = 4; lastKnownFileType = sourcecode.c.objc; path = PWRestaurant.m; sourceTree = "<group>"; };
		CAF091261D4D3A4C005FAEF4 /* PWRestaurantShare.h */ = {isa = PBXFileReference; fileEncoding = 4; lastKnownFileType = sourcecode.c.h; path = PWRestaurantShare.h; sourceTree = "<group>"; };
		CAF091271D4D3A4C005FAEF4 /* PWRestaurantShare.m */ = {isa = PBXFileReference; fileEncoding = 4; lastKnownFileType = sourcecode.c.objc; path = PWRestaurantShare.m; sourceTree = "<group>"; };
		CAF091291D4D3A4C005FAEF4 /* main.m */ = {isa = PBXFileReference; fileEncoding = 4; lastKnownFileType = sourcecode.c.objc; path = main.m; sourceTree = "<group>"; };
		CAF091341D4D3A9F005FAEF4 /* PWConfig.xcconfig */ = {isa = PBXFileReference; fileEncoding = 4; lastKnownFileType = text.xcconfig; path = PWConfig.xcconfig; sourceTree = "<group>"; };
		CAF091381D4D4062005FAEF4 /* PWIndicator.h */ = {isa = PBXFileReference; fileEncoding = 4; lastKnownFileType = sourcecode.c.h; path = PWIndicator.h; sourceTree = "<group>"; };
		CAF091391D4D4062005FAEF4 /* PWIndicator.m */ = {isa = PBXFileReference; fileEncoding = 4; lastKnownFileType = sourcecode.c.objc; path = PWIndicator.m; sourceTree = "<group>"; };
		CAF0913B1D4E7272005FAEF4 /* IPWJSONInfo.h */ = {isa = PBXFileReference; fileEncoding = 4; lastKnownFileType = sourcecode.c.h; path = IPWJSONInfo.h; sourceTree = "<group>"; };
		CAF0913E1D4E737F005FAEF4 /* PWModelObject.h */ = {isa = PBXFileReference; fileEncoding = 4; lastKnownFileType = sourcecode.c.h; path = PWModelObject.h; sourceTree = "<group>"; };
		CAF0913F1D4E737F005FAEF4 /* PWModelObject.m */ = {isa = PBXFileReference; fileEncoding = 4; lastKnownFileType = sourcecode.c.objc; path = PWModelObject.m; sourceTree = "<group>"; };
		CAF091411D4E8B3C005FAEF4 /* PWPrice.h */ = {isa = PBXFileReference; fileEncoding = 4; lastKnownFileType = sourcecode.c.h; path = PWPrice.h; sourceTree = "<group>"; };
		CAF091421D4E8B3C005FAEF4 /* PWPrice.m */ = {isa = PBXFileReference; fileEncoding = 4; lastKnownFileType = sourcecode.c.objc; path = PWPrice.m; sourceTree = "<group>"; };
		CAF091441D4E8B5D005FAEF4 /* PWProduct.h */ = {isa = PBXFileReference; fileEncoding = 4; lastKnownFileType = sourcecode.c.h; path = PWProduct.h; sourceTree = "<group>"; };
		CAF091451D4E8B5D005FAEF4 /* PWProduct.m */ = {isa = PBXFileReference; fileEncoding = 4; lastKnownFileType = sourcecode.c.objc; path = PWProduct.m; sourceTree = "<group>"; };
		CAF091471D4E8B99005FAEF4 /* PWPresentProduct.h */ = {isa = PBXFileReference; fileEncoding = 4; lastKnownFileType = sourcecode.c.h; path = PWPresentProduct.h; sourceTree = "<group>"; };
		CAF091481D4E8B99005FAEF4 /* PWPresentProduct.m */ = {isa = PBXFileReference; fileEncoding = 4; lastKnownFileType = sourcecode.c.objc; path = PWPresentProduct.m; sourceTree = "<group>"; };
		CAF0914A1D4E8BAD005FAEF4 /* PWOrder.h */ = {isa = PBXFileReference; fileEncoding = 4; lastKnownFileType = sourcecode.c.h; path = PWOrder.h; sourceTree = "<group>"; };
		CAF0914B1D4E8BAD005FAEF4 /* PWOrder.m */ = {isa = PBXFileReference; fileEncoding = 4; lastKnownFileType = sourcecode.c.objc; path = PWOrder.m; sourceTree = "<group>"; };
		CAF0914D1D4E8BC6005FAEF4 /* PWRestaurantReview.h */ = {isa = PBXFileReference; fileEncoding = 4; lastKnownFileType = sourcecode.c.h; path = PWRestaurantReview.h; sourceTree = "<group>"; };
		CAF0914E1D4E8BC6005FAEF4 /* PWRestaurantReview.m */ = {isa = PBXFileReference; fileEncoding = 4; lastKnownFileType = sourcecode.c.objc; path = PWRestaurantReview.m; sourceTree = "<group>"; };
		CAF091501D4E8BDB005FAEF4 /* PWPurchase.h */ = {isa = PBXFileReference; fileEncoding = 4; lastKnownFileType = sourcecode.c.h; path = PWPurchase.h; sourceTree = "<group>"; };
		CAF091511D4E8BDB005FAEF4 /* PWPurchase.m */ = {isa = PBXFileReference; fileEncoding = 4; lastKnownFileType = sourcecode.c.objc; path = PWPurchase.m; sourceTree = "<group>"; };
		CAF091531D4E8BF0005FAEF4 /* PWUser.h */ = {isa = PBXFileReference; fileEncoding = 4; lastKnownFileType = sourcecode.c.h; path = PWUser.h; sourceTree = "<group>"; };
		CAF091541D4E8BF0005FAEF4 /* PWUser.m */ = {isa = PBXFileReference; fileEncoding = 4; lastKnownFileType = sourcecode.c.objc; path = PWUser.m; sourceTree = "<group>"; };
		CAF091561D4E8C06005FAEF4 /* PWUsersRestaurantInfo.h */ = {isa = PBXFileReference; fileEncoding = 4; lastKnownFileType = sourcecode.c.h; path = PWUsersRestaurantInfo.h; sourceTree = "<group>"; };
		CAF091571D4E8C06005FAEF4 /* PWUsersRestaurantInfo.m */ = {isa = PBXFileReference; fileEncoding = 4; lastKnownFileType = sourcecode.c.objc; path = PWUsersRestaurantInfo.m; sourceTree = "<group>"; };
		CAF091591D4E8C38005FAEF4 /* PWWorkingTime.h */ = {isa = PBXFileReference; fileEncoding = 4; lastKnownFileType = sourcecode.c.h; path = PWWorkingTime.h; sourceTree = "<group>"; };
		CAF0915A1D4E8C38005FAEF4 /* PWWorkingTime.m */ = {isa = PBXFileReference; fileEncoding = 4; lastKnownFileType = sourcecode.c.objc; path = PWWorkingTime.m; sourceTree = "<group>"; };
		CAF0915C1D4E8C4D005FAEF4 /* PWRestaurantAboutInfo.h */ = {isa = PBXFileReference; fileEncoding = 4; lastKnownFileType = sourcecode.c.h; path = PWRestaurantAboutInfo.h; sourceTree = "<group>"; };
		CAF0915D1D4E8C4D005FAEF4 /* PWRestaurantAboutInfo.m */ = {isa = PBXFileReference; fileEncoding = 4; lastKnownFileType = sourcecode.c.objc; path = PWRestaurantAboutInfo.m; sourceTree = "<group>"; };
		CAF0915F1D4E8D19005FAEF4 /* PWPrefix.pch */ = {isa = PBXFileReference; lastKnownFileType = sourcecode.c.h; path = PWPrefix.pch; sourceTree = "<group>"; };
		CAF0917E1D4E9217005FAEF4 /* PWJSONConstants.h */ = {isa = PBXFileReference; fileEncoding = 4; lastKnownFileType = sourcecode.c.h; path = PWJSONConstants.h; sourceTree = "<group>"; };
		CAF091811D4E9248005FAEF4 /* PWEnums.h */ = {isa = PBXFileReference; fileEncoding = 4; lastKnownFileType = sourcecode.c.h; path = PWEnums.h; sourceTree = "<group>"; };
		CAF091901D560B80005FAEF4 /* PWIntroViewController.xib */ = {isa = PBXFileReference; fileEncoding = 4; lastKnownFileType = file.xib; path = PWIntroViewController.xib; sourceTree = "<group>"; };
		CAF091921D56165C005FAEF4 /* PWMainViewController.h */ = {isa = PBXFileReference; fileEncoding = 4; lastKnownFileType = sourcecode.c.h; path = PWMainViewController.h; sourceTree = "<group>"; };
		CAF091931D56165C005FAEF4 /* PWMainViewController.m */ = {isa = PBXFileReference; fileEncoding = 4; lastKnownFileType = sourcecode.c.objc; path = PWMainViewController.m; sourceTree = "<group>"; };
		CAF091951D561AF6005FAEF4 /* PWIntroFirstPageCell.h */ = {isa = PBXFileReference; fileEncoding = 4; lastKnownFileType = sourcecode.c.h; path = PWIntroFirstPageCell.h; sourceTree = "<group>"; };
		CAF091961D561AF6005FAEF4 /* PWIntroFirstPageCell.m */ = {isa = PBXFileReference; fileEncoding = 4; lastKnownFileType = sourcecode.c.objc; path = PWIntroFirstPageCell.m; sourceTree = "<group>"; };
		CAF0919A1D561B1E005FAEF4 /* PWIntroFirstPageCell.xib */ = {isa = PBXFileReference; fileEncoding = 4; lastKnownFileType = file.xib; path = PWIntroFirstPageCell.xib; sourceTree = "<group>"; };
		CAF0919C1D561DCB005FAEF4 /* PWIntroLayout.h */ = {isa = PBXFileReference; fileEncoding = 4; lastKnownFileType = sourcecode.c.h; path = PWIntroLayout.h; sourceTree = "<group>"; };
		CAF0919D1D561DCB005FAEF4 /* PWIntroLayout.m */ = {isa = PBXFileReference; fileEncoding = 4; lastKnownFileType = sourcecode.c.objc; path = PWIntroLayout.m; sourceTree = "<group>"; };
		CAF0919F1D562471005FAEF4 /* PWIntroSecondPageCell.xib */ = {isa = PBXFileReference; fileEncoding = 4; lastKnownFileType = file.xib; path = PWIntroSecondPageCell.xib; sourceTree = "<group>"; };
		CAF091A01D562471005FAEF4 /* PWIntroThirdPageCell.xib */ = {isa = PBXFileReference; fileEncoding = 4; lastKnownFileType = file.xib; path = PWIntroThirdPageCell.xib; sourceTree = "<group>"; };
		CAF091A81D564E61005FAEF4 /* PWEnterPromoViewController.xib */ = {isa = PBXFileReference; fileEncoding = 4; lastKnownFileType = file.xib; path = PWEnterPromoViewController.xib; sourceTree = "<group>"; };
		CAF091AA1D5657C9005FAEF4 /* UIColorAdditions.h */ = {isa = PBXFileReference; fileEncoding = 4; lastKnownFileType = sourcecode.c.h; path = UIColorAdditions.h; sourceTree = "<group>"; };
		CAF091AB1D5657C9005FAEF4 /* UIColorAdditions.m */ = {isa = PBXFileReference; fileEncoding = 4; lastKnownFileType = sourcecode.c.objc; path = UIColorAdditions.m; sourceTree = "<group>"; };
		CAF091AD1D56672F005FAEF4 /* PWRootMenuTableViewController.h */ = {isa = PBXFileReference; fileEncoding = 4; lastKnownFileType = sourcecode.c.h; path = PWRootMenuTableViewController.h; sourceTree = "<group>"; };
		CAF091AE1D56672F005FAEF4 /* PWRootMenuTableViewController.m */ = {isa = PBXFileReference; fileEncoding = 4; lastKnownFileType = sourcecode.c.objc; path = PWRootMenuTableViewController.m; sourceTree = "<group>"; };
		CAF091B01D566763005FAEF4 /* PWContentSource.h */ = {isa = PBXFileReference; fileEncoding = 4; lastKnownFileType = sourcecode.c.h; path = PWContentSource.h; sourceTree = "<group>"; };
		CAF091B11D566763005FAEF4 /* PWContentSource.m */ = {isa = PBXFileReference; fileEncoding = 4; lastKnownFileType = sourcecode.c.objc; path = PWContentSource.m; sourceTree = "<group>"; };
		CAF091B81D575195005FAEF4 /* PWMainMenuViewController.xib */ = {isa = PBXFileReference; fileEncoding = 4; lastKnownFileType = file.xib; path = PWMainMenuViewController.xib; sourceTree = "<group>"; };
		CAF091BA1D57559A005FAEF4 /* UIViewControllerAdditions.h */ = {isa = PBXFileReference; fileEncoding = 4; lastKnownFileType = sourcecode.c.h; path = UIViewControllerAdditions.h; sourceTree = "<group>"; };
		CAF091BB1D57559A005FAEF4 /* UIViewControllerAdditions.m */ = {isa = PBXFileReference; fileEncoding = 4; lastKnownFileType = sourcecode.c.objc; path = UIViewControllerAdditions.m; sourceTree = "<group>"; };
		CAF091BD1D576703005FAEF4 /* PWDropShadowView.h */ = {isa = PBXFileReference; fileEncoding = 4; lastKnownFileType = sourcecode.c.h; path = PWDropShadowView.h; sourceTree = "<group>"; };
		CAF091BE1D576703005FAEF4 /* PWDropShadowView.m */ = {isa = PBXFileReference; fileEncoding = 4; lastKnownFileType = sourcecode.c.objc; path = PWDropShadowView.m; sourceTree = "<group>"; };
		CAF091C11D576B83005FAEF4 /* mohito.jpg */ = {isa = PBXFileReference; lastKnownFileType = image.jpeg; path = mohito.jpg; sourceTree = "<group>"; };
		CAF091C31D577286005FAEF4 /* PWModelManager.h */ = {isa = PBXFileReference; fileEncoding = 4; lastKnownFileType = sourcecode.c.h; path = PWModelManager.h; sourceTree = "<group>"; };
		CAF091C41D577286005FAEF4 /* PWModelManager.m */ = {isa = PBXFileReference; fileEncoding = 4; lastKnownFileType = sourcecode.c.objc; path = PWModelManager.m; sourceTree = "<group>"; };
		CAF091C61D57739E005FAEF4 /* PWStubModel.h */ = {isa = PBXFileReference; fileEncoding = 4; lastKnownFileType = sourcecode.c.h; path = PWStubModel.h; sourceTree = "<group>"; };
		CAF091C91D57962B005FAEF4 /* burger.jpg */ = {isa = PBXFileReference; lastKnownFileType = image.jpeg; path = burger.jpg; sourceTree = "<group>"; };
		CAF091CB1D57994D005FAEF4 /* vapiano.jpeg */ = {isa = PBXFileReference; lastKnownFileType = image.jpeg; path = vapiano.jpeg; sourceTree = "<group>"; };
		CAF091CD1D579967005FAEF4 /* coffeetoria.jpg */ = {isa = PBXFileReference; lastKnownFileType = image.jpeg; path = coffeetoria.jpg; sourceTree = "<group>"; };
		CAF091CF1D5799DB005FAEF4 /* vapiano_1.jpg */ = {isa = PBXFileReference; lastKnownFileType = image.jpeg; path = vapiano_1.jpg; sourceTree = "<group>"; };
		CAF091D01D5799DB005FAEF4 /* vapiano_2.jpg */ = {isa = PBXFileReference; lastKnownFileType = image.jpeg; path = vapiano_2.jpg; sourceTree = "<group>"; };
		CAF091D11D5799DB005FAEF4 /* vapiano_3.jpg */ = {isa = PBXFileReference; lastKnownFileType = image.jpeg; path = vapiano_3.jpg; sourceTree = "<group>"; };
		CAF091D21D5799DB005FAEF4 /* coffeetoria1.jpg */ = {isa = PBXFileReference; lastKnownFileType = image.jpeg; path = coffeetoria1.jpg; sourceTree = "<group>"; };
		CAF091D31D5799DB005FAEF4 /* coffeetoria2.jpg */ = {isa = PBXFileReference; lastKnownFileType = image.jpeg; path = coffeetoria2.jpg; sourceTree = "<group>"; };
		CAF091D41D5799DB005FAEF4 /* coffeetoria3.jpg */ = {isa = PBXFileReference; lastKnownFileType = image.jpeg; path = coffeetoria3.jpg; sourceTree = "<group>"; };
		CAF091DB1D579EDD005FAEF4 /* juice.jpg */ = {isa = PBXFileReference; lastKnownFileType = image.jpeg; path = juice.jpg; sourceTree = "<group>"; };
		CAF091DD1D57A05F005FAEF4 /* hookah2.jpeg */ = {isa = PBXFileReference; lastKnownFileType = image.jpeg; path = hookah2.jpeg; sourceTree = "<group>"; };
		CAF091DE1D57A05F005FAEF4 /* hookah1.jpeg */ = {isa = PBXFileReference; lastKnownFileType = image.jpeg; path = hookah1.jpeg; sourceTree = "<group>"; };
		CAF091E61D57AA0B005FAEF4 /* PWNearItemCollectionViewCell.h */ = {isa = PBXFileReference; fileEncoding = 4; lastKnownFileType = sourcecode.c.h; path = PWNearItemCollectionViewCell.h; sourceTree = "<group>"; };
		CAF091E71D57AA0C005FAEF4 /* PWNearItemCollectionViewCell.m */ = {isa = PBXFileReference; fileEncoding = 4; lastKnownFileType = sourcecode.c.objc; path = PWNearItemCollectionViewCell.m; sourceTree = "<group>"; };
		CAF091EB1D57B239005FAEF4 /* PWNearItemCollectionViewCell.xib */ = {isa = PBXFileReference; fileEncoding = 4; lastKnownFileType = file.xib; path = PWNearItemCollectionViewCell.xib; sourceTree = "<group>"; };
		CAF091ED1D57B271005FAEF4 /* PWNearItemsViewController.xib */ = {isa = PBXFileReference; fileEncoding = 4; lastKnownFileType = file.xib; path = PWNearItemsViewController.xib; sourceTree = "<group>"; };
		CAF091EF1D57B6BE005FAEF4 /* PWSlidesLayout.h */ = {isa = PBXFileReference; fileEncoding = 4; lastKnownFileType = sourcecode.c.h; path = PWSlidesLayout.h; sourceTree = "<group>"; };
		CAF091F01D57B6BE005FAEF4 /* PWSlidesLayout.m */ = {isa = PBXFileReference; fileEncoding = 4; lastKnownFileType = sourcecode.c.objc; path = PWSlidesLayout.m; sourceTree = "<group>"; };
		CAF092011D5D1838005FAEF4 /* PWNearRestaurantsViewController.xib */ = {isa = PBXFileReference; fileEncoding = 4; lastKnownFileType = file.xib; path = PWNearRestaurantsViewController.xib; sourceTree = "<group>"; };
		CAF092031D5D1FF7005FAEF4 /* PWNearRestaurantCollectionViewCell.h */ = {isa = PBXFileReference; fileEncoding = 4; lastKnownFileType = sourcecode.c.h; path = PWNearRestaurantCollectionViewCell.h; sourceTree = "<group>"; };
		CAF092041D5D1FF7005FAEF4 /* PWNearRestaurantCollectionViewCell.m */ = {isa = PBXFileReference; fileEncoding = 4; lastKnownFileType = sourcecode.c.objc; path = PWNearRestaurantCollectionViewCell.m; sourceTree = "<group>"; };
		CAF092081D5D2011005FAEF4 /* PWNearRestaurantCollectionViewCell.xib */ = {isa = PBXFileReference; fileEncoding = 4; lastKnownFileType = file.xib; path = PWNearRestaurantCollectionViewCell.xib; sourceTree = "<group>"; };
		CAF0920A1D5E4316005FAEF4 /* PWQRCodeScanViewController.h */ = {isa = PBXFileReference; fileEncoding = 4; lastKnownFileType = sourcecode.c.h; path = PWQRCodeScanViewController.h; sourceTree = "<group>"; };
		CAF0920B1D5E4316005FAEF4 /* PWQRCodeScanViewController.m */ = {isa = PBXFileReference; fileEncoding = 4; lastKnownFileType = sourcecode.c.objc; path = PWQRCodeScanViewController.m; sourceTree = "<group>"; };
		CAF0920F1D5F3A0A005FAEF4 /* PWQRCodeScannerView.h */ = {isa = PBXFileReference; fileEncoding = 4; lastKnownFileType = sourcecode.c.h; path = PWQRCodeScannerView.h; sourceTree = "<group>"; };
		CAF092101D5F3A0A005FAEF4 /* PWQRCodeScannerView.m */ = {isa = PBXFileReference; fileEncoding = 4; lastKnownFileType = sourcecode.c.objc; path = PWQRCodeScannerView.m; sourceTree = "<group>"; };
		CAF092121D5F420B005FAEF4 /* PWTouchView.h */ = {isa = PBXFileReference; fileEncoding = 4; lastKnownFileType = sourcecode.c.h; path = PWTouchView.h; sourceTree = "<group>"; };
		CAF092131D5F420B005FAEF4 /* PWTouchView.m */ = {isa = PBXFileReference; fileEncoding = 4; lastKnownFileType = sourcecode.c.objc; path = PWTouchView.m; sourceTree = "<group>"; };
		CAF092211D5F6D3F005FAEF4 /* PWQRCodeScanViewController.xib */ = {isa = PBXFileReference; fileEncoding = 4; lastKnownFileType = file.xib; path = PWQRCodeScanViewController.xib; sourceTree = "<group>"; };
		CAF092281D5FBA5B005FAEF4 /* PWTapper.h */ = {isa = PBXFileReference; fileEncoding = 4; lastKnownFileType = sourcecode.c.h; path = PWTapper.h; sourceTree = "<group>"; };
		CAF092291D5FBA5B005FAEF4 /* PWTapper.m */ = {isa = PBXFileReference; fileEncoding = 4; lastKnownFileType = sourcecode.c.objc; path = PWTapper.m; sourceTree = "<group>"; };
		CAF0922E1D5FDA50005FAEF4 /* PWRestaurantsViewController.xib */ = {isa = PBXFileReference; fileEncoding = 4; lastKnownFileType = file.xib; path = PWRestaurantsViewController.xib; sourceTree = "<group>"; };
		CAF092301D5FE08D005FAEF4 /* PWRestaurantFilterController.h */ = {isa = PBXFileReference; fileEncoding = 4; lastKnownFileType = sourcecode.c.h; path = PWRestaurantFilterController.h; sourceTree = "<group>"; };
		CAF092311D5FE08D005FAEF4 /* PWRestaurantFilterController.m */ = {isa = PBXFileReference; fileEncoding = 4; lastKnownFileType = sourcecode.c.objc; path = PWRestaurantFilterController.m; sourceTree = "<group>"; };
		CAF092351D5FED1F005FAEF4 /* PWRestaurantFilterCell.h */ = {isa = PBXFileReference; fileEncoding = 4; lastKnownFileType = sourcecode.c.h; path = PWRestaurantFilterCell.h; sourceTree = "<group>"; };
		CAF092361D5FED1F005FAEF4 /* PWRestaurantFilterCell.m */ = {isa = PBXFileReference; fileEncoding = 4; lastKnownFileType = sourcecode.c.objc; path = PWRestaurantFilterCell.m; sourceTree = "<group>"; };
		CAF0923B1D607B69005FAEF4 /* PWDetailedNearItemsCollectionController.h */ = {isa = PBXFileReference; fileEncoding = 4; lastKnownFileType = sourcecode.c.h; path = PWDetailedNearItemsCollectionController.h; sourceTree = "<group>"; };
		CAF0923C1D607B69005FAEF4 /* PWDetailedNearItemsCollectionController.m */ = {isa = PBXFileReference; fileEncoding = 4; lastKnownFileType = sourcecode.c.objc; path = PWDetailedNearItemsCollectionController.m; sourceTree = "<group>"; };
		CAF0923D1D607B69005FAEF4 /* PWDetailedNearPresentsCollectionController.h */ = {isa = PBXFileReference; fileEncoding = 4; lastKnownFileType = sourcecode.c.h; path = PWDetailedNearPresentsCollectionController.h; sourceTree = "<group>"; };
		CAF0923E1D607B69005FAEF4 /* PWDetailedNearPresentsCollectionController.m */ = {isa = PBXFileReference; fileEncoding = 4; lastKnownFileType = sourcecode.c.objc; path = PWDetailedNearPresentsCollectionController.m; sourceTree = "<group>"; };
		CAF0923F1D607B69005FAEF4 /* PWDetailedNearSharesCollectionController.h */ = {isa = PBXFileReference; fileEncoding = 4; lastKnownFileType = sourcecode.c.h; path = PWDetailedNearSharesCollectionController.h; sourceTree = "<group>"; };
		CAF092401D607B69005FAEF4 /* PWDetailedNearSharesCollectionController.m */ = {isa = PBXFileReference; fileEncoding = 4; lastKnownFileType = sourcecode.c.objc; path = PWDetailedNearSharesCollectionController.m; sourceTree = "<group>"; };
		CAF092421D607B69005FAEF4 /* PWEnterPromoViewController.h */ = {isa = PBXFileReference; fileEncoding = 4; lastKnownFileType = sourcecode.c.h; path = PWEnterPromoViewController.h; sourceTree = "<group>"; };
		CAF092431D607B69005FAEF4 /* PWEnterPromoViewController.m */ = {isa = PBXFileReference; fileEncoding = 4; lastKnownFileType = sourcecode.c.objc; path = PWEnterPromoViewController.m; sourceTree = "<group>"; };
		CAF092441D607B69005FAEF4 /* PWIntroViewController.h */ = {isa = PBXFileReference; fileEncoding = 4; lastKnownFileType = sourcecode.c.h; path = PWIntroViewController.h; sourceTree = "<group>"; };
		CAF092451D607B69005FAEF4 /* PWIntroViewController.m */ = {isa = PBXFileReference; fileEncoding = 4; lastKnownFileType = sourcecode.c.objc; path = PWIntroViewController.m; sourceTree = "<group>"; };
		CAF092471D607B69005FAEF4 /* PWMainMenuItemViewController.h */ = {isa = PBXFileReference; fileEncoding = 4; lastKnownFileType = sourcecode.c.h; path = PWMainMenuItemViewController.h; sourceTree = "<group>"; };
		CAF092481D607B69005FAEF4 /* PWMainMenuItemViewController.m */ = {isa = PBXFileReference; fileEncoding = 4; lastKnownFileType = sourcecode.c.objc; path = PWMainMenuItemViewController.m; sourceTree = "<group>"; };
		CAF092491D607B69005FAEF4 /* PWMainMenuViewController.h */ = {isa = PBXFileReference; fileEncoding = 4; lastKnownFileType = sourcecode.c.h; path = PWMainMenuViewController.h; sourceTree = "<group>"; };
		CAF0924A1D607B69005FAEF4 /* PWMainMenuViewController.m */ = {isa = PBXFileReference; fileEncoding = 4; lastKnownFileType = sourcecode.c.objc; path = PWMainMenuViewController.m; sourceTree = "<group>"; };
		CAF0924C1D607B69005FAEF4 /* PWNearItemsViewController.h */ = {isa = PBXFileReference; fileEncoding = 4; lastKnownFileType = sourcecode.c.h; path = PWNearItemsViewController.h; sourceTree = "<group>"; };
		CAF0924D1D607B69005FAEF4 /* PWNearItemsViewController.m */ = {isa = PBXFileReference; fileEncoding = 4; lastKnownFileType = sourcecode.c.objc; path = PWNearItemsViewController.m; sourceTree = "<group>"; };
		CAF0924E1D607B69005FAEF4 /* PWNearPresentsViewController.h */ = {isa = PBXFileReference; fileEncoding = 4; lastKnownFileType = sourcecode.c.h; path = PWNearPresentsViewController.h; sourceTree = "<group>"; };
		CAF0924F1D607B69005FAEF4 /* PWNearPresentsViewController.m */ = {isa = PBXFileReference; fileEncoding = 4; lastKnownFileType = sourcecode.c.objc; path = PWNearPresentsViewController.m; sourceTree = "<group>"; };
		CAF092501D607B69005FAEF4 /* PWNearRestaurantsViewController.h */ = {isa = PBXFileReference; fileEncoding = 4; lastKnownFileType = sourcecode.c.h; path = PWNearRestaurantsViewController.h; sourceTree = "<group>"; };
		CAF092511D607B69005FAEF4 /* PWNearRestaurantsViewController.m */ = {isa = PBXFileReference; fileEncoding = 4; lastKnownFileType = sourcecode.c.objc; path = PWNearRestaurantsViewController.m; sourceTree = "<group>"; };
		CAF092521D607B69005FAEF4 /* PWNearSharesViewController.h */ = {isa = PBXFileReference; fileEncoding = 4; lastKnownFileType = sourcecode.c.h; path = PWNearSharesViewController.h; sourceTree = "<group>"; };
		CAF092531D607B69005FAEF4 /* PWNearSharesViewController.m */ = {isa = PBXFileReference; fileEncoding = 4; lastKnownFileType = sourcecode.c.objc; path = PWNearSharesViewController.m; sourceTree = "<group>"; };
		CAF0925F1D607BB2005FAEF4 /* PWRestaurantsCollectionController.h */ = {isa = PBXFileReference; fileEncoding = 4; lastKnownFileType = sourcecode.c.h; path = PWRestaurantsCollectionController.h; sourceTree = "<group>"; };
		CAF092601D607BB2005FAEF4 /* PWRestaurantsCollectionController.m */ = {isa = PBXFileReference; fileEncoding = 4; lastKnownFileType = sourcecode.c.objc; path = PWRestaurantsCollectionController.m; sourceTree = "<group>"; };
		CAF092611D607BB2005FAEF4 /* PWRestaurantsViewController.h */ = {isa = PBXFileReference; fileEncoding = 4; lastKnownFileType = sourcecode.c.h; path = PWRestaurantsViewController.h; sourceTree = "<group>"; };
		CAF092621D607BB2005FAEF4 /* PWRestaurantsViewController.m */ = {isa = PBXFileReference; fileEncoding = 4; lastKnownFileType = sourcecode.c.objc; path = PWRestaurantsViewController.m; sourceTree = "<group>"; };
		CAF092651D608E77005FAEF4 /* PWMapController.h */ = {isa = PBXFileReference; fileEncoding = 4; lastKnownFileType = sourcecode.c.h; path = PWMapController.h; sourceTree = "<group>"; };
		CAF092661D608E77005FAEF4 /* PWMapController.m */ = {isa = PBXFileReference; fileEncoding = 4; lastKnownFileType = sourcecode.c.objc; path = PWMapController.m; sourceTree = "<group>"; };
		CAF0928E1D60BCFF005FAEF4 /* GoogleMaps.framework */ = {isa = PBXFileReference; lastKnownFileType = wrapper.framework; path = GoogleMaps.framework; sourceTree = "<group>"; };
		CAF092901D60C252005FAEF4 /* CoreData.framework */ = {isa = PBXFileReference; lastKnownFileType = wrapper.framework; name = CoreData.framework; path = System/Library/Frameworks/CoreData.framework; sourceTree = SDKROOT; };
		CAF092921D60C287005FAEF4 /* CoreGraphics.framework */ = {isa = PBXFileReference; lastKnownFileType = wrapper.framework; name = CoreGraphics.framework; path = System/Library/Frameworks/CoreGraphics.framework; sourceTree = SDKROOT; };
		CAF092941D60C395005FAEF4 /* libc++.tbd */ = {isa = PBXFileReference; lastKnownFileType = "sourcecode.text-based-dylib-definition"; name = "libc++.tbd"; path = "usr/lib/libc++.tbd"; sourceTree = SDKROOT; };
		CAF092961D60C3CA005FAEF4 /* CoreBluetooth.framework */ = {isa = PBXFileReference; lastKnownFileType = wrapper.framework; name = CoreBluetooth.framework; path = System/Library/Frameworks/CoreBluetooth.framework; sourceTree = SDKROOT; };
		CAF092981D60C3CF005FAEF4 /* Accelerate.framework */ = {isa = PBXFileReference; lastKnownFileType = wrapper.framework; name = Accelerate.framework; path = System/Library/Frameworks/Accelerate.framework; sourceTree = SDKROOT; };
		CAF0929A1D60C411005FAEF4 /* QuartzCore.framework */ = {isa = PBXFileReference; lastKnownFileType = wrapper.framework; name = QuartzCore.framework; path = System/Library/Frameworks/QuartzCore.framework; sourceTree = SDKROOT; };
		CAF0929C1D60C42F005FAEF4 /* SystemConfiguration.framework */ = {isa = PBXFileReference; lastKnownFileType = wrapper.framework; name = SystemConfiguration.framework; path = System/Library/Frameworks/SystemConfiguration.framework; sourceTree = SDKROOT; };
		CAF0929E1D60C43A005FAEF4 /* ImageIO.framework */ = {isa = PBXFileReference; lastKnownFileType = wrapper.framework; name = ImageIO.framework; path = System/Library/Frameworks/ImageIO.framework; sourceTree = SDKROOT; };
		CAF092A01D60C446005FAEF4 /* CoreImage.framework */ = {isa = PBXFileReference; lastKnownFileType = wrapper.framework; name = CoreImage.framework; path = System/Library/Frameworks/CoreImage.framework; sourceTree = SDKROOT; };
		CAF092A21D60C464005FAEF4 /* GLKit.framework */ = {isa = PBXFileReference; lastKnownFileType = wrapper.framework; name = GLKit.framework; path = System/Library/Frameworks/GLKit.framework; sourceTree = SDKROOT; };
		CAF092A41D60C52E005FAEF4 /* GoogleMaps.bundle */ = {isa = PBXFileReference; lastKnownFileType = "wrapper.plug-in"; path = GoogleMaps.bundle; sourceTree = "<group>"; };
		CAF092A61D60C616005FAEF4 /* libz.tbd */ = {isa = PBXFileReference; lastKnownFileType = "sourcecode.text-based-dylib-definition"; name = libz.tbd; path = usr/lib/libz.tbd; sourceTree = SDKROOT; };
		CAF092A81D618A5C005FAEF4 /* IPWRestaurant.h */ = {isa = PBXFileReference; fileEncoding = 4; lastKnownFileType = sourcecode.c.h; path = IPWRestaurant.h; sourceTree = "<group>"; };
		CAF092AB1D618EB8005FAEF4 /* PWRestaurantMapController.h */ = {isa = PBXFileReference; fileEncoding = 4; lastKnownFileType = sourcecode.c.h; path = PWRestaurantMapController.h; sourceTree = "<group>"; };
		CAF092AC1D618EB8005FAEF4 /* PWRestaurantMapController.m */ = {isa = PBXFileReference; fileEncoding = 4; lastKnownFileType = sourcecode.c.objc; path = PWRestaurantMapController.m; sourceTree = "<group>"; };
		CAF092AE1D627254005FAEF4 /* PWSharesMapController.h */ = {isa = PBXFileReference; fileEncoding = 4; lastKnownFileType = sourcecode.c.h; path = PWSharesMapController.h; sourceTree = "<group>"; };
		CAF092AF1D627254005FAEF4 /* PWSharesMapController.m */ = {isa = PBXFileReference; fileEncoding = 4; lastKnownFileType = sourcecode.c.objc; path = PWSharesMapController.m; sourceTree = "<group>"; };
		CAF092B11D627264005FAEF4 /* PWPresentsMapController.h */ = {isa = PBXFileReference; fileEncoding = 4; lastKnownFileType = sourcecode.c.h; path = PWPresentsMapController.h; sourceTree = "<group>"; };
		CAF092B21D627264005FAEF4 /* PWPresentsMapController.m */ = {isa = PBXFileReference; fileEncoding = 4; lastKnownFileType = sourcecode.c.objc; path = PWPresentsMapController.m; sourceTree = "<group>"; };
		CAF092B41D627553005FAEF4 /* PWDetailesItemsViewController.h */ = {isa = PBXFileReference; fileEncoding = 4; lastKnownFileType = sourcecode.c.h; path = PWDetailesItemsViewController.h; sourceTree = "<group>"; };
		CAF092B51D627553005FAEF4 /* PWDetailesItemsViewController.m */ = {isa = PBXFileReference; fileEncoding = 4; lastKnownFileType = sourcecode.c.objc; path = PWDetailesItemsViewController.m; sourceTree = "<group>"; };
		CAF092B91D6278FC005FAEF4 /* PWDetailedRestaurantsViewController.h */ = {isa = PBXFileReference; fileEncoding = 4; lastKnownFileType = sourcecode.c.h; path = PWDetailedRestaurantsViewController.h; sourceTree = "<group>"; };
		CAF092BA1D6278FC005FAEF4 /* PWDetailedRestaurantsViewController.m */ = {isa = PBXFileReference; fileEncoding = 4; lastKnownFileType = sourcecode.c.objc; path = PWDetailedRestaurantsViewController.m; sourceTree = "<group>"; };
		CAF092BC1D627AA0005FAEF4 /* PWDetailesSharesViewController.h */ = {isa = PBXFileReference; fileEncoding = 4; lastKnownFileType = sourcecode.c.h; path = PWDetailesSharesViewController.h; sourceTree = "<group>"; };
		CAF092BD1D627AA0005FAEF4 /* PWDetailesSharesViewController.m */ = {isa = PBXFileReference; fileEncoding = 4; lastKnownFileType = sourcecode.c.objc; path = PWDetailesSharesViewController.m; sourceTree = "<group>"; };
		CAF092BF1D627C3C005FAEF4 /* PWDetailesPresentsViewController.h */ = {isa = PBXFileReference; fileEncoding = 4; lastKnownFileType = sourcecode.c.h; path = PWDetailesPresentsViewController.h; sourceTree = "<group>"; };
		CAF092C01D627C3C005FAEF4 /* PWDetailesPresentsViewController.m */ = {isa = PBXFileReference; fileEncoding = 4; lastKnownFileType = sourcecode.c.objc; path = PWDetailesPresentsViewController.m; sourceTree = "<group>"; };
		CAF092C21D628006005FAEF4 /* PWDetailesItemsViewController.xib */ = {isa = PBXFileReference; fileEncoding = 4; lastKnownFileType = file.xib; path = PWDetailesItemsViewController.xib; sourceTree = "<group>"; };
		CAF092C31D628006005FAEF4 /* PWMapController.xib */ = {isa = PBXFileReference; fileEncoding = 4; lastKnownFileType = file.xib; path = PWMapController.xib; sourceTree = "<group>"; };
		CAF092C41D628006005FAEF4 /* PWRestaurantFilterController.xib */ = {isa = PBXFileReference; fileEncoding = 4; lastKnownFileType = file.xib; path = PWRestaurantFilterController.xib; sourceTree = "<group>"; };
		CAF092C81D63A2DF005FAEF4 /* PWAboutController.h */ = {isa = PBXFileReference; fileEncoding = 4; lastKnownFileType = sourcecode.c.h; path = PWAboutController.h; sourceTree = "<group>"; };
		CAF092C91D63A2DF005FAEF4 /* PWAboutController.m */ = {isa = PBXFileReference; fileEncoding = 4; lastKnownFileType = sourcecode.c.objc; path = PWAboutController.m; sourceTree = "<group>"; };
		CAF092CD1D63A54B005FAEF4 /* PWAboutController.xib */ = {isa = PBXFileReference; fileEncoding = 4; lastKnownFileType = file.xib; path = PWAboutController.xib; sourceTree = "<group>"; };
		CAF092D01D63A5F1005FAEF4 /* PWPurchasesViewController.h */ = {isa = PBXFileReference; fileEncoding = 4; lastKnownFileType = sourcecode.c.h; path = PWPurchasesViewController.h; sourceTree = "<group>"; };
		CAF092D11D63A5F1005FAEF4 /* PWPurchasesViewController.m */ = {isa = PBXFileReference; fileEncoding = 4; lastKnownFileType = sourcecode.c.objc; path = PWPurchasesViewController.m; sourceTree = "<group>"; };
		CAF092D31D63A770005FAEF4 /* PWActivityIndicator.h */ = {isa = PBXFileReference; fileEncoding = 4; lastKnownFileType = sourcecode.c.h; path = PWActivityIndicator.h; sourceTree = "<group>"; };
		CAF092D41D63A770005FAEF4 /* PWActivityIndicator.m */ = {isa = PBXFileReference; fileEncoding = 4; lastKnownFileType = sourcecode.c.objc; path = PWActivityIndicator.m; sourceTree = "<group>"; };
		CAF092D61D63AE60005FAEF4 /* PWNoPurchasesViewController.h */ = {isa = PBXFileReference; fileEncoding = 4; lastKnownFileType = sourcecode.c.h; path = PWNoPurchasesViewController.h; sourceTree = "<group>"; };
		CAF092D71D63AE60005FAEF4 /* PWNoPurchasesViewController.m */ = {isa = PBXFileReference; fileEncoding = 4; lastKnownFileType = sourcecode.c.objc; path = PWNoPurchasesViewController.m; sourceTree = "<group>"; };
		CAF092DB1D63B262005FAEF4 /* PWNoPurchasesViewController.xib */ = {isa = PBXFileReference; fileEncoding = 4; lastKnownFileType = file.xib; path = PWNoPurchasesViewController.xib; sourceTree = "<group>"; };
		CAF092DD1D63B35D005FAEF4 /* PWActivityIndicatorOwner.h */ = {isa = PBXFileReference; fileEncoding = 4; lastKnownFileType = sourcecode.c.h; path = PWActivityIndicatorOwner.h; sourceTree = "<group>"; };
		CAF092DE1D63B35D005FAEF4 /* PWActivityIndicatorOwner.m */ = {isa = PBXFileReference; fileEncoding = 4; lastKnownFileType = sourcecode.c.objc; path = PWActivityIndicatorOwner.m; sourceTree = "<group>"; };
		CAF092E31D63B9BC005FAEF4 /* UIImageAdditions.h */ = {isa = PBXFileReference; fileEncoding = 4; lastKnownFileType = sourcecode.c.h; path = UIImageAdditions.h; sourceTree = "<group>"; };
		CAF092E41D63B9BC005FAEF4 /* UIImageAdditions.m */ = {isa = PBXFileReference; fileEncoding = 4; lastKnownFileType = sourcecode.c.objc; path = UIImageAdditions.m; sourceTree = "<group>"; };
		CAF092E71D688F7E005FAEF4 /* PWBluetoothManager.h */ = {isa = PBXFileReference; fileEncoding = 4; lastKnownFileType = sourcecode.c.h; path = PWBluetoothManager.h; sourceTree = "<group>"; };
		CAF092E81D688F7E005FAEF4 /* PWBluetoothManager.m */ = {isa = PBXFileReference; fileEncoding = 4; lastKnownFileType = sourcecode.c.objc; path = PWBluetoothManager.m; sourceTree = "<group>"; };
		CAF092EA1D6894ED005FAEF4 /* PWLocationManager.h */ = {isa = PBXFileReference; fileEncoding = 4; lastKnownFileType = sourcecode.c.h; path = PWLocationManager.h; sourceTree = "<group>"; };
		CAF092EB1D6894ED005FAEF4 /* PWLocationManager.m */ = {isa = PBXFileReference; fileEncoding = 4; lastKnownFileType = sourcecode.c.objc; path = PWLocationManager.m; sourceTree = "<group>"; };
		CAF092ED1D68D3B0005FAEF4 /* Settings.bundle */ = {isa = PBXFileReference; lastKnownFileType = "wrapper.plug-in"; path = Settings.bundle; sourceTree = "<group>"; };
		CAF092EF1D68E68A005FAEF4 /* PWModalController.h */ = {isa = PBXFileReference; fileEncoding = 4; lastKnownFileType = sourcecode.c.h; path = PWModalController.h; sourceTree = "<group>"; };
		CAF092F01D68E68A005FAEF4 /* PWModalController.m */ = {isa = PBXFileReference; fileEncoding = 4; lastKnownFileType = sourcecode.c.objc; path = PWModalController.m; sourceTree = "<group>"; };
		CAF092F31D69A881005FAEF4 /* PWNoConnectionAlertController.h */ = {isa = PBXFileReference; fileEncoding = 4; lastKnownFileType = sourcecode.c.h; path = PWNoConnectionAlertController.h; sourceTree = "<group>"; };
		CAF092F41D69A881005FAEF4 /* PWNoConnectionAlertController.m */ = {isa = PBXFileReference; fileEncoding = 4; lastKnownFileType = sourcecode.c.objc; path = PWNoConnectionAlertController.m; sourceTree = "<group>"; };
		CAFE5FD21D6DE51C003F5991 /* PWNoConnectionAlertController.xib */ = {isa = PBXFileReference; fileEncoding = 4; lastKnownFileType = file.xib; path = PWNoConnectionAlertController.xib; sourceTree = "<group>"; };
		CAFE5FD41D6DE59C003F5991 /* PWAllPurchasesViewController.h */ = {isa = PBXFileReference; fileEncoding = 4; lastKnownFileType = sourcecode.c.h; path = PWAllPurchasesViewController.h; sourceTree = "<group>"; };
		CAFE5FD51D6DE59C003F5991 /* PWAllPurchasesViewController.m */ = {isa = PBXFileReference; fileEncoding = 4; lastKnownFileType = sourcecode.c.objc; path = PWAllPurchasesViewController.m; sourceTree = "<group>"; };
		CAFE5FD91D6DECA2003F5991 /* PWPurchaseRestaurantCell.h */ = {isa = PBXFileReference; fileEncoding = 4; lastKnownFileType = sourcecode.c.h; path = PWPurchaseRestaurantCell.h; sourceTree = "<group>"; };
		CAFE5FDA1D6DECA2003F5991 /* PWPurchaseRestaurantCell.m */ = {isa = PBXFileReference; fileEncoding = 4; lastKnownFileType = sourcecode.c.objc; path = PWPurchaseRestaurantCell.m; sourceTree = "<group>"; };
		CAFE5FDE1D6DED05003F5991 /* PWCollectionView.h */ = {isa = PBXFileReference; fileEncoding = 4; lastKnownFileType = sourcecode.c.h; path = PWCollectionView.h; sourceTree = "<group>"; };
		CAFE5FDF1D6DED05003F5991 /* PWCollectionView.m */ = {isa = PBXFileReference; fileEncoding = 4; lastKnownFileType = sourcecode.c.objc; path = PWCollectionView.m; sourceTree = "<group>"; };
		CAFE5FE11D6DF62F003F5991 /* PWAllPurchasesViewController.xib */ = {isa = PBXFileReference; fileEncoding = 4; lastKnownFileType = file.xib; path = PWAllPurchasesViewController.xib; sourceTree = "<group>"; };
		CAFE5FE21D6DF62F003F5991 /* PWPurchaseRestaurantCell.xib */ = {isa = PBXFileReference; fileEncoding = 4; lastKnownFileType = file.xib; path = PWPurchaseRestaurantCell.xib; sourceTree = "<group>"; };
		CAFE5FE31D6DF62F003F5991 /* PWRestaurantFilterCell.xib */ = {isa = PBXFileReference; fileEncoding = 4; lastKnownFileType = file.xib; path = PWRestaurantFilterCell.xib; sourceTree = "<group>"; };
		CAFE5FE71D6DFDAC003F5991 /* PWRestaurantPurchasesController.h */ = {isa = PBXFileReference; fileEncoding = 4; lastKnownFileType = sourcecode.c.h; path = PWRestaurantPurchasesController.h; sourceTree = "<group>"; };
		CAFE5FE81D6DFDAC003F5991 /* PWRestaurantPurchasesController.m */ = {isa = PBXFileReference; fileEncoding = 4; lastKnownFileType = sourcecode.c.objc; path = PWRestaurantPurchasesController.m; sourceTree = "<group>"; };
		CAFE5FEA1D7B62F9003F5991 /* PWPurchaseTableViewCell.h */ = {isa = PBXFileReference; fileEncoding = 4; lastKnownFileType = sourcecode.c.h; path = PWPurchaseTableViewCell.h; sourceTree = "<group>"; };
		CAFE5FEB1D7B62F9003F5991 /* PWPurchaseTableViewCell.m */ = {isa = PBXFileReference; fileEncoding = 4; lastKnownFileType = sourcecode.c.objc; path = PWPurchaseTableViewCell.m; sourceTree = "<group>"; };
		CAFE5FEF1D7B8237003F5991 /* PWPurchaseTableViewCell.xib */ = {isa = PBXFileReference; fileEncoding = 4; lastKnownFileType = file.xib; path = PWPurchaseTableViewCell.xib; sourceTree = "<group>"; };
		CAFE5FF11D7BA3BF003F5991 /* PWPurchasesPlainController.h */ = {isa = PBXFileReference; fileEncoding = 4; lastKnownFileType = sourcecode.c.h; path = PWPurchasesPlainController.h; sourceTree = "<group>"; };
		CAFE5FF21D7BA3BF003F5991 /* PWPurchasesPlainController.m */ = {isa = PBXFileReference; fileEncoding = 4; lastKnownFileType = sourcecode.c.objc; path = PWPurchasesPlainController.m; sourceTree = "<group>"; };
/* End PBXFileReference section */

/* Begin PBXFrameworksBuildPhase section */
		CAF090FA1D4D3938005FAEF4 /* Frameworks */ = {
			isa = PBXFrameworksBuildPhase;
			buildActionMask = 2147483647;
			files = (
				CAF092A71D60C616005FAEF4 /* libz.tbd in Frameworks */,
				CAF092A31D60C464005FAEF4 /* GLKit.framework in Frameworks */,
				CAF0929F1D60C43A005FAEF4 /* ImageIO.framework in Frameworks */,
				CAF0929D1D60C42F005FAEF4 /* SystemConfiguration.framework in Frameworks */,
				CAF092991D60C3CF005FAEF4 /* Accelerate.framework in Frameworks */,
				CAF092971D60C3CA005FAEF4 /* CoreBluetooth.framework in Frameworks */,
				CAF092951D60C395005FAEF4 /* libc++.tbd in Frameworks */,
				CAF092931D60C287005FAEF4 /* CoreGraphics.framework in Frameworks */,
				CAF092911D60C252005FAEF4 /* CoreData.framework in Frameworks */,
				CAF0928F1D60BCFF005FAEF4 /* GoogleMaps.framework in Frameworks */,
			);
			runOnlyForDeploymentPostprocessing = 0;
		};
/* End PBXFrameworksBuildPhase section */

/* Begin PBXGroup section */
		CAF090F41D4D3938005FAEF4 = {
			isa = PBXGroup;
			children = (
				CAF090FF1D4D3938005FAEF4 /* PocketWaiter */,
				CAF090FE1D4D3938005FAEF4 /* Products */,
			);
			sourceTree = "<group>";
		};
		CAF090FE1D4D3938005FAEF4 /* Products */ = {
			isa = PBXGroup;
			children = (
				CAF090FD1D4D3938005FAEF4 /* PocketWaiter.app */,
			);
			name = Products;
			sourceTree = "<group>";
		};
		CAF090FF1D4D3938005FAEF4 /* PocketWaiter */ = {
			isa = PBXGroup;
			children = (
				CAF0926A1D60986E005FAEF4 /* Frameworks */,
				CAF091C01D576B7A005FAEF4 /* Temp resources */,
				CAF091171D4D3A4C005FAEF4 /* Configuration */,
				CAF091181D4D3A4C005FAEF4 /* Resources */,
				CAF0911D1D4D3A4C005FAEF4 /* Sources */,
			);
			path = PocketWaiter;
			sourceTree = "<group>";
		};
		CAF091171D4D3A4C005FAEF4 /* Configuration */ = {
			isa = PBXGroup;
			children = (
				CAF091341D4D3A9F005FAEF4 /* PWConfig.xcconfig */,
			);
			path = Configuration;
			sourceTree = "<group>";
		};
		CAF091181D4D3A4C005FAEF4 /* Resources */ = {
			isa = PBXGroup;
			children = (
				CAFE5FEF1D7B8237003F5991 /* PWPurchaseTableViewCell.xib */,
				CAFE5FE11D6DF62F003F5991 /* PWAllPurchasesViewController.xib */,
				CAFE5FE21D6DF62F003F5991 /* PWPurchaseRestaurantCell.xib */,
				CAFE5FE31D6DF62F003F5991 /* PWRestaurantFilterCell.xib */,
				CAFE5FD21D6DE51C003F5991 /* PWNoConnectionAlertController.xib */,
				CAF092DB1D63B262005FAEF4 /* PWNoPurchasesViewController.xib */,
				CAF092CD1D63A54B005FAEF4 /* PWAboutController.xib */,
				CAF092C21D628006005FAEF4 /* PWDetailesItemsViewController.xib */,
				CAF092C31D628006005FAEF4 /* PWMapController.xib */,
				CAF092C41D628006005FAEF4 /* PWRestaurantFilterController.xib */,
				CAF092A41D60C52E005FAEF4 /* GoogleMaps.bundle */,
				CAF0922E1D5FDA50005FAEF4 /* PWRestaurantsViewController.xib */,
				CAF092211D5F6D3F005FAEF4 /* PWQRCodeScanViewController.xib */,
				CAF092081D5D2011005FAEF4 /* PWNearRestaurantCollectionViewCell.xib */,
				CAF092011D5D1838005FAEF4 /* PWNearRestaurantsViewController.xib */,
				CAF091ED1D57B271005FAEF4 /* PWNearItemsViewController.xib */,
				CAF091EB1D57B239005FAEF4 /* PWNearItemCollectionViewCell.xib */,
				CAF091B81D575195005FAEF4 /* PWMainMenuViewController.xib */,
				CAF091A81D564E61005FAEF4 /* PWEnterPromoViewController.xib */,
				CAF0919F1D562471005FAEF4 /* PWIntroSecondPageCell.xib */,
				CAF091A01D562471005FAEF4 /* PWIntroThirdPageCell.xib */,
				CAF0919A1D561B1E005FAEF4 /* PWIntroFirstPageCell.xib */,
				CAF091901D560B80005FAEF4 /* PWIntroViewController.xib */,
				CAF091191D4D3A4C005FAEF4 /* Assets.xcassets */,
				CAF0911A1D4D3A4C005FAEF4 /* Info.plist */,
				CAF0911B1D4D3A4C005FAEF4 /* LaunchScreen.storyboard */,
				CAF0911C1D4D3A4C005FAEF4 /* Main.storyboard */,
				CAF092ED1D68D3B0005FAEF4 /* Settings.bundle */,
			);
			path = Resources;
			sourceTree = "<group>";
		};
		CAF0911D1D4D3A4C005FAEF4 /* Sources */ = {
			isa = PBXGroup;
			children = (
				CAF092E61D688F31005FAEF4 /* Utils */,
				CAF0917B1D4E91FE005FAEF4 /* Other */,
				CAF0911E1D4D3A4C005FAEF4 /* Controller */,
				CAF091231D4D3A4C005FAEF4 /* Model */,
				CAF091281D4D3A4C005FAEF4 /* SupportingFiles */,
				CAF0912A1D4D3A4C005FAEF4 /* Views */,
			);
			path = Sources;
			sourceTree = "<group>";
		};
		CAF0911E1D4D3A4C005FAEF4 /* Controller */ = {
			isa = PBXGroup;
			children = (
				CAF092F21D69A85E005FAEF4 /* Alerts */,
				CAF092CF1D63A5CB005FAEF4 /* Purchases */,
				CAF0923A1D607B69005FAEF4 /* Detailed menu */,
				CAF092411D607B69005FAEF4 /* Intro */,
				CAF092461D607B69005FAEF4 /* MainMenu */,
				CAF0924B1D607B69005FAEF4 /* Near items */,
				CAF0911F1D4D3A4C005FAEF4 /* PWAppDelegate.h */,
				CAF091201D4D3A4C005FAEF4 /* PWAppDelegate.m */,
				CAF091921D56165C005FAEF4 /* PWMainViewController.h */,
				CAF091931D56165C005FAEF4 /* PWMainViewController.m */,
				CAF091AD1D56672F005FAEF4 /* PWRootMenuTableViewController.h */,
				CAF091AE1D56672F005FAEF4 /* PWRootMenuTableViewController.m */,
				CAF0920A1D5E4316005FAEF4 /* PWQRCodeScanViewController.h */,
				CAF0920B1D5E4316005FAEF4 /* PWQRCodeScanViewController.m */,
				CAF092301D5FE08D005FAEF4 /* PWRestaurantFilterController.h */,
				CAF092311D5FE08D005FAEF4 /* PWRestaurantFilterController.m */,
				CAF092651D608E77005FAEF4 /* PWMapController.h */,
				CAF092661D608E77005FAEF4 /* PWMapController.m */,
				CAF092AB1D618EB8005FAEF4 /* PWRestaurantMapController.h */,
				CAF092AC1D618EB8005FAEF4 /* PWRestaurantMapController.m */,
				CAF092AE1D627254005FAEF4 /* PWSharesMapController.h */,
				CAF092AF1D627254005FAEF4 /* PWSharesMapController.m */,
				CAF092B11D627264005FAEF4 /* PWPresentsMapController.h */,
				CAF092B21D627264005FAEF4 /* PWPresentsMapController.m */,
				CAF092DD1D63B35D005FAEF4 /* PWActivityIndicatorOwner.h */,
				CAF092DE1D63B35D005FAEF4 /* PWActivityIndicatorOwner.m */,
				CAF092EF1D68E68A005FAEF4 /* PWModalController.h */,
				CAF092F01D68E68A005FAEF4 /* PWModalController.m */,
			);
			path = Controller;
			sourceTree = "<group>";
		};
		CAF091231D4D3A4C005FAEF4 /* Model */ = {
			isa = PBXGroup;
			children = (
				CAF091241D4D3A4C005FAEF4 /* PWRestaurant.h */,
				CAF091251D4D3A4C005FAEF4 /* PWRestaurant.m */,
				CAF091261D4D3A4C005FAEF4 /* PWRestaurantShare.h */,
				CAF091271D4D3A4C005FAEF4 /* PWRestaurantShare.m */,
				CAF0913B1D4E7272005FAEF4 /* IPWJSONInfo.h */,
				CAF0913E1D4E737F005FAEF4 /* PWModelObject.h */,
				CAF0913F1D4E737F005FAEF4 /* PWModelObject.m */,
				CAF091411D4E8B3C005FAEF4 /* PWPrice.h */,
				CAF091421D4E8B3C005FAEF4 /* PWPrice.m */,
				CAF091441D4E8B5D005FAEF4 /* PWProduct.h */,
				CAF091451D4E8B5D005FAEF4 /* PWProduct.m */,
				CAF091471D4E8B99005FAEF4 /* PWPresentProduct.h */,
				CAF091481D4E8B99005FAEF4 /* PWPresentProduct.m */,
				CAF0914A1D4E8BAD005FAEF4 /* PWOrder.h */,
				CAF0914B1D4E8BAD005FAEF4 /* PWOrder.m */,
				CAF0914D1D4E8BC6005FAEF4 /* PWRestaurantReview.h */,
				CAF0914E1D4E8BC6005FAEF4 /* PWRestaurantReview.m */,
				CAF091501D4E8BDB005FAEF4 /* PWPurchase.h */,
				CAF091511D4E8BDB005FAEF4 /* PWPurchase.m */,
				CAF091531D4E8BF0005FAEF4 /* PWUser.h */,
				CAF091541D4E8BF0005FAEF4 /* PWUser.m */,
				CAF091561D4E8C06005FAEF4 /* PWUsersRestaurantInfo.h */,
				CAF091571D4E8C06005FAEF4 /* PWUsersRestaurantInfo.m */,
				CAF091591D4E8C38005FAEF4 /* PWWorkingTime.h */,
				CAF0915A1D4E8C38005FAEF4 /* PWWorkingTime.m */,
				CAF0915C1D4E8C4D005FAEF4 /* PWRestaurantAboutInfo.h */,
				CAF0915D1D4E8C4D005FAEF4 /* PWRestaurantAboutInfo.m */,
				CAF091B01D566763005FAEF4 /* PWContentSource.h */,
				CAF091B11D566763005FAEF4 /* PWContentSource.m */,
				CAF091C31D577286005FAEF4 /* PWModelManager.h */,
				CAF091C41D577286005FAEF4 /* PWModelManager.m */,
				CAF092A81D618A5C005FAEF4 /* IPWRestaurant.h */,
			);
			path = Model;
			sourceTree = "<group>";
		};
		CAF091281D4D3A4C005FAEF4 /* SupportingFiles */ = {
			isa = PBXGroup;
			children = (
				CAF091291D4D3A4C005FAEF4 /* main.m */,
				CAF0915F1D4E8D19005FAEF4 /* PWPrefix.pch */,
			);
			path = SupportingFiles;
			sourceTree = "<group>";
		};
		CAF0912A1D4D3A4C005FAEF4 /* Views */ = {
			isa = PBXGroup;
			children = (
				CAF091381D4D4062005FAEF4 /* PWIndicator.h */,
				CAF091391D4D4062005FAEF4 /* PWIndicator.m */,
				CAF091951D561AF6005FAEF4 /* PWIntroFirstPageCell.h */,
				CAF091961D561AF6005FAEF4 /* PWIntroFirstPageCell.m */,
				CAF091BD1D576703005FAEF4 /* PWDropShadowView.h */,
				CAF091BE1D576703005FAEF4 /* PWDropShadowView.m */,
				CAF091E61D57AA0B005FAEF4 /* PWNearItemCollectionViewCell.h */,
				CAF091E71D57AA0C005FAEF4 /* PWNearItemCollectionViewCell.m */,
				CAF092031D5D1FF7005FAEF4 /* PWNearRestaurantCollectionViewCell.h */,
				CAF092041D5D1FF7005FAEF4 /* PWNearRestaurantCollectionViewCell.m */,
				CAF0920F1D5F3A0A005FAEF4 /* PWQRCodeScannerView.h */,
				CAF092101D5F3A0A005FAEF4 /* PWQRCodeScannerView.m */,
				CAF092121D5F420B005FAEF4 /* PWTouchView.h */,
				CAF092131D5F420B005FAEF4 /* PWTouchView.m */,
				CAF092281D5FBA5B005FAEF4 /* PWTapper.h */,
				CAF092291D5FBA5B005FAEF4 /* PWTapper.m */,
				CAF092351D5FED1F005FAEF4 /* PWRestaurantFilterCell.h */,
				CAF092361D5FED1F005FAEF4 /* PWRestaurantFilterCell.m */,
				CAF092D31D63A770005FAEF4 /* PWActivityIndicator.h */,
				CAF092D41D63A770005FAEF4 /* PWActivityIndicator.m */,
				CAFE5FD91D6DECA2003F5991 /* PWPurchaseRestaurantCell.h */,
				CAFE5FDA1D6DECA2003F5991 /* PWPurchaseRestaurantCell.m */,
				CAFE5FDE1D6DED05003F5991 /* PWCollectionView.h */,
				CAFE5FDF1D6DED05003F5991 /* PWCollectionView.m */,
				CAFE5FEA1D7B62F9003F5991 /* PWPurchaseTableViewCell.h */,
				CAFE5FEB1D7B62F9003F5991 /* PWPurchaseTableViewCell.m */,
			);
			path = Views;
			sourceTree = "<group>";
		};
		CAF0917B1D4E91FE005FAEF4 /* Other */ = {
			isa = PBXGroup;
			children = (
				CAF0917C1D4E91FE005FAEF4 /* Services */,
				CAF0917D1D4E91FE005FAEF4 /* Types */,
				CAF0919C1D561DCB005FAEF4 /* PWIntroLayout.h */,
				CAF0919D1D561DCB005FAEF4 /* PWIntroLayout.m */,
				CAF091AA1D5657C9005FAEF4 /* UIColorAdditions.h */,
				CAF091AB1D5657C9005FAEF4 /* UIColorAdditions.m */,
				CAF091BA1D57559A005FAEF4 /* UIViewControllerAdditions.h */,
				CAF091BB1D57559A005FAEF4 /* UIViewControllerAdditions.m */,
				CAF091EF1D57B6BE005FAEF4 /* PWSlidesLayout.h */,
				CAF091F01D57B6BE005FAEF4 /* PWSlidesLayout.m */,
				CAF092E31D63B9BC005FAEF4 /* UIImageAdditions.h */,
				CAF092E41D63B9BC005FAEF4 /* UIImageAdditions.m */,
			);
			path = Other;
			sourceTree = "<group>";
		};
		CAF0917C1D4E91FE005FAEF4 /* Services */ = {
			isa = PBXGroup;
			children = (
			);
			path = Services;
			sourceTree = "<group>";
		};
		CAF0917D1D4E91FE005FAEF4 /* Types */ = {
			isa = PBXGroup;
			children = (
				CAF0917E1D4E9217005FAEF4 /* PWJSONConstants.h */,
				CAF091811D4E9248005FAEF4 /* PWEnums.h */,
			);
			path = Types;
			sourceTree = "<group>";
		};
		CAF091C01D576B7A005FAEF4 /* Temp resources */ = {
			isa = PBXGroup;
			children = (
				CAF091DD1D57A05F005FAEF4 /* hookah2.jpeg */,
				CAF091DE1D57A05F005FAEF4 /* hookah1.jpeg */,
				CAF091DB1D579EDD005FAEF4 /* juice.jpg */,
				CAF091CF1D5799DB005FAEF4 /* vapiano_1.jpg */,
				CAF091D01D5799DB005FAEF4 /* vapiano_2.jpg */,
				CAF091D11D5799DB005FAEF4 /* vapiano_3.jpg */,
				CAF091D21D5799DB005FAEF4 /* coffeetoria1.jpg */,
				CAF091D31D5799DB005FAEF4 /* coffeetoria2.jpg */,
				CAF091D41D5799DB005FAEF4 /* coffeetoria3.jpg */,
				CAF091CD1D579967005FAEF4 /* coffeetoria.jpg */,
				CAF091CB1D57994D005FAEF4 /* vapiano.jpeg */,
				CAF091C91D57962B005FAEF4 /* burger.jpg */,
				CAF091C11D576B83005FAEF4 /* mohito.jpg */,
				CAF091C61D57739E005FAEF4 /* PWStubModel.h */,
			);
			path = "Temp resources";
			sourceTree = "<group>";
		};
		CAF0923A1D607B69005FAEF4 /* Detailed menu */ = {
			isa = PBXGroup;
			children = (
				CAF0923B1D607B69005FAEF4 /* PWDetailedNearItemsCollectionController.h */,
				CAF0923C1D607B69005FAEF4 /* PWDetailedNearItemsCollectionController.m */,
				CAF0923D1D607B69005FAEF4 /* PWDetailedNearPresentsCollectionController.h */,
				CAF0923E1D607B69005FAEF4 /* PWDetailedNearPresentsCollectionController.m */,
				CAF0923F1D607B69005FAEF4 /* PWDetailedNearSharesCollectionController.h */,
				CAF092401D607B69005FAEF4 /* PWDetailedNearSharesCollectionController.m */,
				CAF092B41D627553005FAEF4 /* PWDetailesItemsViewController.h */,
				CAF092B51D627553005FAEF4 /* PWDetailesItemsViewController.m */,
				CAF092B91D6278FC005FAEF4 /* PWDetailedRestaurantsViewController.h */,
				CAF092BA1D6278FC005FAEF4 /* PWDetailedRestaurantsViewController.m */,
				CAF092BC1D627AA0005FAEF4 /* PWDetailesSharesViewController.h */,
				CAF092BD1D627AA0005FAEF4 /* PWDetailesSharesViewController.m */,
				CAF092BF1D627C3C005FAEF4 /* PWDetailesPresentsViewController.h */,
				CAF092C01D627C3C005FAEF4 /* PWDetailesPresentsViewController.m */,
			);
			path = "Detailed menu";
			sourceTree = "<group>";
		};
		CAF092411D607B69005FAEF4 /* Intro */ = {
			isa = PBXGroup;
			children = (
				CAF092421D607B69005FAEF4 /* PWEnterPromoViewController.h */,
				CAF092431D607B69005FAEF4 /* PWEnterPromoViewController.m */,
				CAF092441D607B69005FAEF4 /* PWIntroViewController.h */,
				CAF092451D607B69005FAEF4 /* PWIntroViewController.m */,
			);
			path = Intro;
			sourceTree = "<group>";
		};
		CAF092461D607B69005FAEF4 /* MainMenu */ = {
			isa = PBXGroup;
			children = (
				CAF0925F1D607BB2005FAEF4 /* PWRestaurantsCollectionController.h */,
				CAF092601D607BB2005FAEF4 /* PWRestaurantsCollectionController.m */,
				CAF092611D607BB2005FAEF4 /* PWRestaurantsViewController.h */,
				CAF092621D607BB2005FAEF4 /* PWRestaurantsViewController.m */,
				CAF092471D607B69005FAEF4 /* PWMainMenuItemViewController.h */,
				CAF092481D607B69005FAEF4 /* PWMainMenuItemViewController.m */,
				CAF092491D607B69005FAEF4 /* PWMainMenuViewController.h */,
				CAF0924A1D607B69005FAEF4 /* PWMainMenuViewController.m */,
				CAF092C81D63A2DF005FAEF4 /* PWAboutController.h */,
				CAF092C91D63A2DF005FAEF4 /* PWAboutController.m */,
			);
			path = MainMenu;
			sourceTree = "<group>";
		};
		CAF0924B1D607B69005FAEF4 /* Near items */ = {
			isa = PBXGroup;
			children = (
				CAF0924C1D607B69005FAEF4 /* PWNearItemsViewController.h */,
				CAF0924D1D607B69005FAEF4 /* PWNearItemsViewController.m */,
				CAF0924E1D607B69005FAEF4 /* PWNearPresentsViewController.h */,
				CAF0924F1D607B69005FAEF4 /* PWNearPresentsViewController.m */,
				CAF092501D607B69005FAEF4 /* PWNearRestaurantsViewController.h */,
				CAF092511D607B69005FAEF4 /* PWNearRestaurantsViewController.m */,
				CAF092521D607B69005FAEF4 /* PWNearSharesViewController.h */,
				CAF092531D607B69005FAEF4 /* PWNearSharesViewController.m */,
			);
			path = "Near items";
			sourceTree = "<group>";
		};
		CAF0926A1D60986E005FAEF4 /* Frameworks */ = {
			isa = PBXGroup;
			children = (
				CAF092A61D60C616005FAEF4 /* libz.tbd */,
				CAF092A21D60C464005FAEF4 /* GLKit.framework */,
				CAF092A01D60C446005FAEF4 /* CoreImage.framework */,
				CAF0929E1D60C43A005FAEF4 /* ImageIO.framework */,
				CAF0929C1D60C42F005FAEF4 /* SystemConfiguration.framework */,
				CAF0929A1D60C411005FAEF4 /* QuartzCore.framework */,
				CAF092981D60C3CF005FAEF4 /* Accelerate.framework */,
				CAF092961D60C3CA005FAEF4 /* CoreBluetooth.framework */,
				CAF092941D60C395005FAEF4 /* libc++.tbd */,
				CAF092921D60C287005FAEF4 /* CoreGraphics.framework */,
				CAF092901D60C252005FAEF4 /* CoreData.framework */,
				CAF0928E1D60BCFF005FAEF4 /* GoogleMaps.framework */,
			);
			path = Frameworks;
			sourceTree = "<group>";
		};
		CAF092CF1D63A5CB005FAEF4 /* Purchases */ = {
			isa = PBXGroup;
			children = (
				CAF092D01D63A5F1005FAEF4 /* PWPurchasesViewController.h */,
				CAF092D11D63A5F1005FAEF4 /* PWPurchasesViewController.m */,
				CAF092D61D63AE60005FAEF4 /* PWNoPurchasesViewController.h */,
				CAF092D71D63AE60005FAEF4 /* PWNoPurchasesViewController.m */,
				CAFE5FD41D6DE59C003F5991 /* PWAllPurchasesViewController.h */,
				CAFE5FD51D6DE59C003F5991 /* PWAllPurchasesViewController.m */,
				CAFE5FE71D6DFDAC003F5991 /* PWRestaurantPurchasesController.h */,
				CAFE5FE81D6DFDAC003F5991 /* PWRestaurantPurchasesController.m */,
				CAFE5FF11D7BA3BF003F5991 /* PWPurchasesPlainController.h */,
				CAFE5FF21D7BA3BF003F5991 /* PWPurchasesPlainController.m */,
			);
			path = Purchases;
			sourceTree = "<group>";
		};
		CAF092E61D688F31005FAEF4 /* Utils */ = {
			isa = PBXGroup;
			children = (
				CAF092E71D688F7E005FAEF4 /* PWBluetoothManager.h */,
				CAF092E81D688F7E005FAEF4 /* PWBluetoothManager.m */,
				CAF092EA1D6894ED005FAEF4 /* PWLocationManager.h */,
				CAF092EB1D6894ED005FAEF4 /* PWLocationManager.m */,
			);
			path = Utils;
			sourceTree = "<group>";
		};
		CAF092F21D69A85E005FAEF4 /* Alerts */ = {
			isa = PBXGroup;
			children = (
				CAF092F31D69A881005FAEF4 /* PWNoConnectionAlertController.h */,
				CAF092F41D69A881005FAEF4 /* PWNoConnectionAlertController.m */,
			);
			path = Alerts;
			sourceTree = "<group>";
		};
/* End PBXGroup section */

/* Begin PBXNativeTarget section */
		CAF090FC1D4D3938005FAEF4 /* PocketWaiter */ = {
			isa = PBXNativeTarget;
			buildConfigurationList = CAF091141D4D3938005FAEF4 /* Build configuration list for PBXNativeTarget "PocketWaiter" */;
			buildPhases = (
				CAF090F91D4D3938005FAEF4 /* Sources */,
				CAF090FA1D4D3938005FAEF4 /* Frameworks */,
				CAF090FB1D4D3938005FAEF4 /* Resources */,
			);
			buildRules = (
			);
			dependencies = (
			);
			name = PocketWaiter;
			productName = PocketWaiter;
			productReference = CAF090FD1D4D3938005FAEF4 /* PocketWaiter.app */;
			productType = "com.apple.product-type.application";
		};
/* End PBXNativeTarget section */

/* Begin PBXProject section */
		CAF090F51D4D3938005FAEF4 /* Project object */ = {
			isa = PBXProject;
			attributes = {
				LastUpgradeCheck = 0730;
				ORGANIZATIONNAME = inPocket;
				TargetAttributes = {
					CAF090FC1D4D3938005FAEF4 = {
						CreatedOnToolsVersion = 7.3.1;
						DevelopmentTeam = 9N2TNZL54L;
					};
				};
			};
			buildConfigurationList = CAF090F81D4D3938005FAEF4 /* Build configuration list for PBXProject "PocketWaiter" */;
			compatibilityVersion = "Xcode 3.2";
			developmentRegion = English;
			hasScannedForEncodings = 0;
			knownRegions = (
				en,
				Base,
			);
			mainGroup = CAF090F41D4D3938005FAEF4;
			productRefGroup = CAF090FE1D4D3938005FAEF4 /* Products */;
			projectDirPath = "";
			projectRoot = "";
			targets = (
				CAF090FC1D4D3938005FAEF4 /* PocketWaiter */,
			);
		};
/* End PBXProject section */

/* Begin PBXResourcesBuildPhase section */
		CAF090FB1D4D3938005FAEF4 /* Resources */ = {
			isa = PBXResourcesBuildPhase;
			buildActionMask = 2147483647;
			files = (
				CAFE5FD31D6DE51C003F5991 /* PWNoConnectionAlertController.xib in Resources */,
				CAFE5FF01D7B8237003F5991 /* PWPurchaseTableViewCell.xib in Resources */,
				CAF091DA1D5799DB005FAEF4 /* coffeetoria3.jpg in Resources */,
				CAF092C51D628006005FAEF4 /* PWDetailesItemsViewController.xib in Resources */,
				CAF091E01D57A05F005FAEF4 /* hookah1.jpeg in Resources */,
				CAF091A91D564E61005FAEF4 /* PWEnterPromoViewController.xib in Resources */,
				CAF091EE1D57B271005FAEF4 /* PWNearItemsViewController.xib in Resources */,
				CAFE5FE51D6DF62F003F5991 /* PWPurchaseRestaurantCell.xib in Resources */,
				CAF092221D5F6D3F005FAEF4 /* PWQRCodeScanViewController.xib in Resources */,
				CAF091EC1D57B239005FAEF4 /* PWNearItemCollectionViewCell.xib in Resources */,
				CAF091911D560B80005FAEF4 /* PWIntroViewController.xib in Resources */,
				CAF092A51D60C52E005FAEF4 /* GoogleMaps.bundle in Resources */,
				CAF092021D5D1838005FAEF4 /* PWNearRestaurantsViewController.xib in Resources */,
				CAF091D81D5799DB005FAEF4 /* coffeetoria1.jpg in Resources */,
				CAF0912D1D4D3A4C005FAEF4 /* LaunchScreen.storyboard in Resources */,
				CAF091DF1D57A05F005FAEF4 /* hookah2.jpeg in Resources */,
				CAF092C61D628006005FAEF4 /* PWMapController.xib in Resources */,
				CAF0912B1D4D3A4C005FAEF4 /* Assets.xcassets in Resources */,
				CAF092EE1D68D3B0005FAEF4 /* Settings.bundle in Resources */,
				CAF091A11D562471005FAEF4 /* PWIntroSecondPageCell.xib in Resources */,
				CAF091A21D562471005FAEF4 /* PWIntroThirdPageCell.xib in Resources */,
				CAF0912E1D4D3A4C005FAEF4 /* Main.storyboard in Resources */,
				CAF091DC1D579EDD005FAEF4 /* juice.jpg in Resources */,
				CAF091CC1D57994D005FAEF4 /* vapiano.jpeg in Resources */,
				CAF092091D5D2011005FAEF4 /* PWNearRestaurantCollectionViewCell.xib in Resources */,
				CAF091D61D5799DB005FAEF4 /* vapiano_2.jpg in Resources */,
				CAF091CA1D57962B005FAEF4 /* burger.jpg in Resources */,
				CAF092DC1D63B262005FAEF4 /* PWNoPurchasesViewController.xib in Resources */,
				CAFE5FE41D6DF62F003F5991 /* PWAllPurchasesViewController.xib in Resources */,
				CAF091C21D576B83005FAEF4 /* mohito.jpg in Resources */,
				CAFE5FE61D6DF62F003F5991 /* PWRestaurantFilterCell.xib in Resources */,
				CAF092C71D628006005FAEF4 /* PWRestaurantFilterController.xib in Resources */,
				CAF0922F1D5FDA50005FAEF4 /* PWRestaurantsViewController.xib in Resources */,
				CAF0919B1D561B1E005FAEF4 /* PWIntroFirstPageCell.xib in Resources */,
				CAF091B91D575195005FAEF4 /* PWMainMenuViewController.xib in Resources */,
				CAF091D71D5799DB005FAEF4 /* vapiano_3.jpg in Resources */,
				CAF092CE1D63A54B005FAEF4 /* PWAboutController.xib in Resources */,
				CAF091D51D5799DB005FAEF4 /* vapiano_1.jpg in Resources */,
				CAF091CE1D579967005FAEF4 /* coffeetoria.jpg in Resources */,
				CAF091D91D5799DB005FAEF4 /* coffeetoria2.jpg in Resources */,
			);
			runOnlyForDeploymentPostprocessing = 0;
		};
/* End PBXResourcesBuildPhase section */

/* Begin PBXSourcesBuildPhase section */
		CAF090F91D4D3938005FAEF4 /* Sources */ = {
			isa = PBXSourcesBuildPhase;
			buildActionMask = 2147483647;
			files = (
				CAF091941D56165C005FAEF4 /* PWMainViewController.m in Sources */,
				CAF092B31D627264005FAEF4 /* PWPresentsMapController.m in Sources */,
				CAF092541D607B69005FAEF4 /* PWDetailedNearItemsCollectionController.m in Sources */,
				CAF092061D5D1FF7005FAEF4 /* PWNearRestaurantCollectionViewCell.m in Sources */,
				CAF091981D561AF6005FAEF4 /* PWIntroFirstPageCell.m in Sources */,
				CAF091C51D577286005FAEF4 /* PWModelManager.m in Sources */,
				CAF092141D5F420B005FAEF4 /* PWTouchView.m in Sources */,
				CAF091B21D566763005FAEF4 /* PWContentSource.m in Sources */,
				CAF0919E1D561DCB005FAEF4 /* PWIntroLayout.m in Sources */,
				CAF0920D1D5E4316005FAEF4 /* PWQRCodeScanViewController.m in Sources */,
				CAF091331D4D3A4C005FAEF4 /* main.m in Sources */,
				CAF092D21D63A5F1005FAEF4 /* PWPurchasesViewController.m in Sources */,
				CAF092F61D69A881005FAEF4 /* PWNoConnectionAlertController.m in Sources */,
				CAF092551D607B69005FAEF4 /* PWDetailedNearPresentsCollectionController.m in Sources */,
				CAF091891D4E94B6005FAEF4 /* PWWorkingTime.m in Sources */,
				CAF092D91D63AE60005FAEF4 /* PWNoPurchasesViewController.m in Sources */,
				CAF0925B1D607B69005FAEF4 /* PWNearItemsViewController.m in Sources */,
				CAF092D51D63A770005FAEF4 /* PWActivityIndicator.m in Sources */,
				CAF0913A1D4D4062005FAEF4 /* PWIndicator.m in Sources */,
				CAF092591D607B69005FAEF4 /* PWMainMenuItemViewController.m in Sources */,
				CAF0916E1D4E9054005FAEF4 /* PWRestaurant.m in Sources */,
				CAF092C11D627C3C005FAEF4 /* PWDetailesPresentsViewController.m in Sources */,
				CAF092E51D63B9BC005FAEF4 /* UIImageAdditions.m in Sources */,
				CAF092581D607B69005FAEF4 /* PWIntroViewController.m in Sources */,
				CAF092BE1D627AA0005FAEF4 /* PWDetailesSharesViewController.m in Sources */,
				CAF0916D1D4E904E005FAEF4 /* PWModelObject.m in Sources */,
				CAFE5FF31D7BA3BF003F5991 /* PWPurchasesPlainController.m in Sources */,
				CAF0925A1D607B69005FAEF4 /* PWMainMenuViewController.m in Sources */,
				CAFE5FE01D6DED05003F5991 /* PWCollectionView.m in Sources */,
				CAFE5FE91D6DFDAC003F5991 /* PWRestaurantPurchasesController.m in Sources */,
				CAF0922A1D5FBA5B005FAEF4 /* PWTapper.m in Sources */,
				CAF0912F1D4D3A4C005FAEF4 /* PWAppDelegate.m in Sources */,
				CAF092AD1D618EB8005FAEF4 /* PWRestaurantMapController.m in Sources */,
				CAF092681D608E77005FAEF4 /* PWMapController.m in Sources */,
				CAF092EC1D6894ED005FAEF4 /* PWLocationManager.m in Sources */,
				CAF092631D607BB2005FAEF4 /* PWRestaurantsCollectionController.m in Sources */,
				CAF091BF1D576703005FAEF4 /* PWDropShadowView.m in Sources */,
				CAF092381D5FED1F005FAEF4 /* PWRestaurantFilterCell.m in Sources */,
				CAF091AC1D5657C9005FAEF4 /* UIColorAdditions.m in Sources */,
				CAF092DF1D63B35D005FAEF4 /* PWActivityIndicatorOwner.m in Sources */,
				CAF091881D4E94B3005FAEF4 /* PWUsersRestaurantInfo.m in Sources */,
				CAF091731D4E9099005FAEF4 /* PWPresentProduct.m in Sources */,
				CAF092F11D68E68A005FAEF4 /* PWModalController.m in Sources */,
				CAF092571D607B69005FAEF4 /* PWEnterPromoViewController.m in Sources */,
				CAF092641D607BB2005FAEF4 /* PWRestaurantsViewController.m in Sources */,
				CAF091871D4E94B0005FAEF4 /* PWUser.m in Sources */,
				CAF092111D5F3A0A005FAEF4 /* PWQRCodeScannerView.m in Sources */,
				CAF092561D607B69005FAEF4 /* PWDetailedNearSharesCollectionController.m in Sources */,
				CAFE5FED1D7B62F9003F5991 /* PWPurchaseTableViewCell.m in Sources */,
				CAF091861D4E94AE005FAEF4 /* PWPurchase.m in Sources */,
				CAF0925E1D607B69005FAEF4 /* PWNearSharesViewController.m in Sources */,
				CAF0918A1D4E94B8005FAEF4 /* PWRestaurantAboutInfo.m in Sources */,
				CAFE5FDC1D6DECA2003F5991 /* PWPurchaseRestaurantCell.m in Sources */,
				CAF091841D4E949C005FAEF4 /* PWOrder.m in Sources */,
				CAF091F11D57B6BE005FAEF4 /* PWSlidesLayout.m in Sources */,
				CAF092B01D627254005FAEF4 /* PWSharesMapController.m in Sources */,
				CAF091701D4E905E005FAEF4 /* PWPrice.m in Sources */,
				CAF092CB1D63A2DF005FAEF4 /* PWAboutController.m in Sources */,
				CAF091851D4E94A0005FAEF4 /* PWRestaurantReview.m in Sources */,
				CAF092BB1D6278FC005FAEF4 /* PWDetailedRestaurantsViewController.m in Sources */,
				CAF0925D1D607B69005FAEF4 /* PWNearRestaurantsViewController.m in Sources */,
				CAF0925C1D607B69005FAEF4 /* PWNearPresentsViewController.m in Sources */,
				CAF092B71D627553005FAEF4 /* PWDetailesItemsViewController.m in Sources */,
				CAF091AF1D56672F005FAEF4 /* PWRootMenuTableViewController.m in Sources */,
				CAF0916F1D4E9059005FAEF4 /* PWRestaurantShare.m in Sources */,
				CAF091711D4E9061005FAEF4 /* PWProduct.m in Sources */,
				CAF091BC1D57559A005FAEF4 /* UIViewControllerAdditions.m in Sources */,
				CAF091E91D57AA0C005FAEF4 /* PWNearItemCollectionViewCell.m in Sources */,
				CAF092331D5FE08D005FAEF4 /* PWRestaurantFilterController.m in Sources */,
				CAFE5FD71D6DE59C003F5991 /* PWAllPurchasesViewController.m in Sources */,
				CAF092E91D688F7E005FAEF4 /* PWBluetoothManager.m in Sources */,
			);
			runOnlyForDeploymentPostprocessing = 0;
		};
/* End PBXSourcesBuildPhase section */

/* Begin XCBuildConfiguration section */
		CAF091121D4D3938005FAEF4 /* Debug */ = {
			isa = XCBuildConfiguration;
			baseConfigurationReference = CAF091341D4D3A9F005FAEF4 /* PWConfig.xcconfig */;
			buildSettings = {
				ALWAYS_SEARCH_USER_PATHS = NO;
				CLANG_ANALYZER_NONNULL = YES;
				CLANG_CXX_LANGUAGE_STANDARD = "gnu++0x";
				CLANG_CXX_LIBRARY = "libc++";
				CLANG_ENABLE_MODULES = YES;
				CLANG_ENABLE_OBJC_ARC = YES;
				CLANG_WARN_BOOL_CONVERSION = YES;
				CLANG_WARN_CONSTANT_CONVERSION = YES;
				CLANG_WARN_DIRECT_OBJC_ISA_USAGE = YES_ERROR;
				CLANG_WARN_EMPTY_BODY = YES;
				CLANG_WARN_ENUM_CONVERSION = YES;
				CLANG_WARN_INT_CONVERSION = YES;
				CLANG_WARN_OBJC_ROOT_CLASS = YES_ERROR;
				CLANG_WARN_UNREACHABLE_CODE = YES;
				CLANG_WARN__DUPLICATE_METHOD_MATCH = YES;
				"CODE_SIGN_IDENTITY[sdk=iphoneos*]" = "iPhone Developer";
				COPY_PHASE_STRIP = NO;
				DEBUG_INFORMATION_FORMAT = dwarf;
				ENABLE_STRICT_OBJC_MSGSEND = YES;
				ENABLE_TESTABILITY = YES;
				GCC_C_LANGUAGE_STANDARD = gnu99;
				GCC_DYNAMIC_NO_PIC = NO;
				GCC_NO_COMMON_BLOCKS = YES;
				GCC_OPTIMIZATION_LEVEL = 0;
				GCC_PREPROCESSOR_DEFINITIONS = (
					"DEBUG=1",
					"$(inherited)",
				);
				GCC_WARN_64_TO_32_BIT_CONVERSION = YES;
				GCC_WARN_ABOUT_RETURN_TYPE = YES_ERROR;
				GCC_WARN_UNDECLARED_SELECTOR = YES;
				GCC_WARN_UNINITIALIZED_AUTOS = YES_AGGRESSIVE;
				GCC_WARN_UNUSED_FUNCTION = YES;
				GCC_WARN_UNUSED_VARIABLE = YES;
				IPHONEOS_DEPLOYMENT_TARGET = 8.1;
				MTL_ENABLE_DEBUG_INFO = YES;
				ONLY_ACTIVE_ARCH = YES;
				SDKROOT = iphoneos;
			};
			name = Debug;
		};
		CAF091131D4D3938005FAEF4 /* Release */ = {
			isa = XCBuildConfiguration;
			baseConfigurationReference = CAF091341D4D3A9F005FAEF4 /* PWConfig.xcconfig */;
			buildSettings = {
				ALWAYS_SEARCH_USER_PATHS = NO;
				CLANG_ANALYZER_NONNULL = YES;
				CLANG_CXX_LANGUAGE_STANDARD = "gnu++0x";
				CLANG_CXX_LIBRARY = "libc++";
				CLANG_ENABLE_MODULES = YES;
				CLANG_ENABLE_OBJC_ARC = YES;
				CLANG_WARN_BOOL_CONVERSION = YES;
				CLANG_WARN_CONSTANT_CONVERSION = YES;
				CLANG_WARN_DIRECT_OBJC_ISA_USAGE = YES_ERROR;
				CLANG_WARN_EMPTY_BODY = YES;
				CLANG_WARN_ENUM_CONVERSION = YES;
				CLANG_WARN_INT_CONVERSION = YES;
				CLANG_WARN_OBJC_ROOT_CLASS = YES_ERROR;
				CLANG_WARN_UNREACHABLE_CODE = YES;
				CLANG_WARN__DUPLICATE_METHOD_MATCH = YES;
				"CODE_SIGN_IDENTITY[sdk=iphoneos*]" = "iPhone Developer";
				COPY_PHASE_STRIP = NO;
				DEBUG_INFORMATION_FORMAT = "dwarf-with-dsym";
				ENABLE_NS_ASSERTIONS = NO;
				ENABLE_STRICT_OBJC_MSGSEND = YES;
				GCC_C_LANGUAGE_STANDARD = gnu99;
				GCC_NO_COMMON_BLOCKS = YES;
				GCC_WARN_64_TO_32_BIT_CONVERSION = YES;
				GCC_WARN_ABOUT_RETURN_TYPE = YES_ERROR;
				GCC_WARN_UNDECLARED_SELECTOR = YES;
				GCC_WARN_UNINITIALIZED_AUTOS = YES_AGGRESSIVE;
				GCC_WARN_UNUSED_FUNCTION = YES;
				GCC_WARN_UNUSED_VARIABLE = YES;
				IPHONEOS_DEPLOYMENT_TARGET = 8.1;
				MTL_ENABLE_DEBUG_INFO = NO;
				SDKROOT = iphoneos;
				VALIDATE_PRODUCT = YES;
			};
			name = Release;
		};
		CAF091151D4D3938005FAEF4 /* Debug */ = {
			isa = XCBuildConfiguration;
			baseConfigurationReference = CAF091341D4D3A9F005FAEF4 /* PWConfig.xcconfig */;
			buildSettings = {
				ASSETCATALOG_COMPILER_APPICON_NAME = AppIcon;
				CLANG_CXX_LIBRARY = "libc++";
				CODE_SIGN_IDENTITY = "iPhone Developer";
				"CODE_SIGN_IDENTITY[sdk=iphoneos*]" = "iPhone Developer";
				ENABLE_BITCODE = NO;
				FRAMEWORK_SEARCH_PATHS = (
					"$(inherited)",
					"$(PROJECT_DIR)/PocketWaiter/Frameworks",
				);
				GCC_PREFIX_HEADER = PocketWaiter/Sources/SupportingFiles/PWPrefix.pch;
				INFOPLIST_FILE = PocketWaiter/Resources/Info.plist;
				LD_RUNPATH_SEARCH_PATHS = "$(inherited) @executable_path/Frameworks";
				OTHER_LDFLAGS = "-ObjC";
				PRODUCT_BUNDLE_IDENTIFIER = com.pocketWaiter.PocketWaiter;
				PRODUCT_NAME = "$(TARGET_NAME)";
				PROVISIONING_PROFILE = "";
			};
			name = Debug;
		};
		CAF091161D4D3938005FAEF4 /* Release */ = {
			isa = XCBuildConfiguration;
			baseConfigurationReference = CAF091341D4D3A9F005FAEF4 /* PWConfig.xcconfig */;
			buildSettings = {
				ASSETCATALOG_COMPILER_APPICON_NAME = AppIcon;
				CLANG_CXX_LIBRARY = "libc++";
				CODE_SIGN_IDENTITY = "iPhone Developer";
				"CODE_SIGN_IDENTITY[sdk=iphoneos*]" = "iPhone Developer";
				ENABLE_BITCODE = NO;
				FRAMEWORK_SEARCH_PATHS = (
					"$(inherited)",
					"$(PROJECT_DIR)/PocketWaiter/Frameworks",
				);
				GCC_PREFIX_HEADER = PocketWaiter/Sources/SupportingFiles/PWPrefix.pch;
				INFOPLIST_FILE = PocketWaiter/Resources/Info.plist;
				LD_RUNPATH_SEARCH_PATHS = "$(inherited) @executable_path/Frameworks";
				OTHER_LDFLAGS = "-ObjC";
				PRODUCT_BUNDLE_IDENTIFIER = com.pocketWaiter.PocketWaiter;
				PRODUCT_NAME = "$(TARGET_NAME)";
				PROVISIONING_PROFILE = "";
			};
			name = Release;
		};
/* End XCBuildConfiguration section */

/* Begin XCConfigurationList section */
		CAF090F81D4D3938005FAEF4 /* Build configuration list for PBXProject "PocketWaiter" */ = {
			isa = XCConfigurationList;
			buildConfigurations = (
				CAF091121D4D3938005FAEF4 /* Debug */,
				CAF091131D4D3938005FAEF4 /* Release */,
			);
			defaultConfigurationIsVisible = 0;
			defaultConfigurationName = Release;
		};
		CAF091141D4D3938005FAEF4 /* Build configuration list for PBXNativeTarget "PocketWaiter" */ = {
			isa = XCConfigurationList;
			buildConfigurations = (
				CAF091151D4D3938005FAEF4 /* Debug */,
				CAF091161D4D3938005FAEF4 /* Release */,
			);
			defaultConfigurationIsVisible = 0;
			defaultConfigurationName = Release;
		};
/* End XCConfigurationList section */
	};
	rootObject = CAF090F51D4D3938005FAEF4 /* Project object */;
}
