// !$*UTF8*$!
{
	archiveVersion = 1;
	classes = {
	};
	objectVersion = 46;
	objects = {

/* Begin PBXBuildFile section */
		CAF0912B1D4D3A4C005FAEF4 /* Assets.xcassets in Resources */ = {isa = PBXBuildFile; fileRef = CAF091191D4D3A4C005FAEF4 /* Assets.xcassets */; };
		CAF0912D1D4D3A4C005FAEF4 /* LaunchScreen.storyboard in Resources */ = {isa = PBXBuildFile; fileRef = CAF0911B1D4D3A4C005FAEF4 /* LaunchScreen.storyboard */; };
		CAF0912E1D4D3A4C005FAEF4 /* Main.storyboard in Resources */ = {isa = PBXBuildFile; fileRef = CAF0911C1D4D3A4C005FAEF4 /* Main.storyboard */; };
		CAF0912F1D4D3A4C005FAEF4 /* PWAppDelegate.m in Sources */ = {isa = PBXBuildFile; fileRef = CAF091201D4D3A4C005FAEF4 /* PWAppDelegate.m */; };
		CAF091301D4D3A4C005FAEF4 /* PWNearSharesViewControllerCollectionViewController.m in Sources */ = {isa = PBXBuildFile; fileRef = CAF091221D4D3A4C005FAEF4 /* PWNearSharesViewControllerCollectionViewController.m */; };
		CAF091311D4D3A4C005FAEF4 /* PWRestaurant.m in Sources */ = {isa = PBXBuildFile; fileRef = CAF091251D4D3A4C005FAEF4 /* PWRestaurant.m */; };
		CAF091321D4D3A4C005FAEF4 /* PWRestaurantShare.m in Sources */ = {isa = PBXBuildFile; fileRef = CAF091271D4D3A4C005FAEF4 /* PWRestaurantShare.m */; };
		CAF091331D4D3A4C005FAEF4 /* main.m in Sources */ = {isa = PBXBuildFile; fileRef = CAF091291D4D3A4C005FAEF4 /* main.m */; };
		CAF091351D4D3A9F005FAEF4 /* PWConfig.xcconfig in Resources */ = {isa = PBXBuildFile; fileRef = CAF091341D4D3A9F005FAEF4 /* PWConfig.xcconfig */; };
		CAF091371D4D3B7B005FAEF4 /* Intro.storyboard in Resources */ = {isa = PBXBuildFile; fileRef = CAF091361D4D3B7B005FAEF4 /* Intro.storyboard */; };
		CAF0913A1D4D4062005FAEF4 /* PWIndicator.m in Sources */ = {isa = PBXBuildFile; fileRef = CAF091391D4D4062005FAEF4 /* PWIndicator.m */; };
/* End PBXBuildFile section */

/* Begin PBXFileReference section */
		CAF090FD1D4D3938005FAEF4 /* PocketWaiter.app */ = {isa = PBXFileReference; explicitFileType = wrapper.application; includeInIndex = 0; path = PocketWaiter.app; sourceTree = BUILT_PRODUCTS_DIR; };
		CAF091191D4D3A4C005FAEF4 /* Assets.xcassets */ = {isa = PBXFileReference; lastKnownFileType = folder.assetcatalog; path = Assets.xcassets; sourceTree = "<group>"; };
		CAF0911A1D4D3A4C005FAEF4 /* Info.plist */ = {isa = PBXFileReference; fileEncoding = 4; lastKnownFileType = text.plist.xml; path = Info.plist; sourceTree = "<group>"; };
		CAF0911B1D4D3A4C005FAEF4 /* LaunchScreen.storyboard */ = {isa = PBXFileReference; fileEncoding = 4; lastKnownFileType = file.storyboard; path = LaunchScreen.storyboard; sourceTree = "<group>"; };
		CAF0911C1D4D3A4C005FAEF4 /* Main.storyboard */ = {isa = PBXFileReference; fileEncoding = 4; lastKnownFileType = file.storyboard; path = Main.storyboard; sourceTree = "<group>"; };
		CAF0911F1D4D3A4C005FAEF4 /* PWAppDelegate.h */ = {isa = PBXFileReference; fileEncoding = 4; lastKnownFileType = sourcecode.c.h; path = PWAppDelegate.h; sourceTree = "<group>"; };
		CAF091201D4D3A4C005FAEF4 /* PWAppDelegate.m */ = {isa = PBXFileReference; fileEncoding = 4; lastKnownFileType = sourcecode.c.objc; path = PWAppDelegate.m; sourceTree = "<group>"; };
		CAF091211D4D3A4C005FAEF4 /* PWNearSharesViewControllerCollectionViewController.h */ = {isa = PBXFileReference; fileEncoding = 4; lastKnownFileType = sourcecode.c.h; path = PWNearSharesViewControllerCollectionViewController.h; sourceTree = "<group>"; };
		CAF091221D4D3A4C005FAEF4 /* PWNearSharesViewControllerCollectionViewController.m */ = {isa = PBXFileReference; fileEncoding = 4; lastKnownFileType = sourcecode.c.objc; path = PWNearSharesViewControllerCollectionViewController.m; sourceTree = "<group>"; };
		CAF091241D4D3A4C005FAEF4 /* PWRestaurant.h */ = {isa = PBXFileReference; fileEncoding = 4; lastKnownFileType = sourcecode.c.h; path = PWRestaurant.h; sourceTree = "<group>"; };
		CAF091251D4D3A4C005FAEF4 /* PWRestaurant.m */ = {isa = PBXFileReference; fileEncoding = 4; lastKnownFileType = sourcecode.c.objc; path = PWRestaurant.m; sourceTree = "<group>"; };
		CAF091261D4D3A4C005FAEF4 /* PWRestaurantShare.h */ = {isa = PBXFileReference; fileEncoding = 4; lastKnownFileType = sourcecode.c.h; path = PWRestaurantShare.h; sourceTree = "<group>"; };
		CAF091271D4D3A4C005FAEF4 /* PWRestaurantShare.m */ = {isa = PBXFileReference; fileEncoding = 4; lastKnownFileType = sourcecode.c.objc; path = PWRestaurantShare.m; sourceTree = "<group>"; };
		CAF091291D4D3A4C005FAEF4 /* main.m */ = {isa = PBXFileReference; fileEncoding = 4; lastKnownFileType = sourcecode.c.objc; path = main.m; sourceTree = "<group>"; };
		CAF091341D4D3A9F005FAEF4 /* PWConfig.xcconfig */ = {isa = PBXFileReference; fileEncoding = 4; lastKnownFileType = text.xcconfig; path = PWConfig.xcconfig; sourceTree = "<group>"; };
		CAF091361D4D3B7B005FAEF4 /* Intro.storyboard */ = {isa = PBXFileReference; fileEncoding = 4; lastKnownFileType = file.storyboard; path = Intro.storyboard; sourceTree = "<group>"; };
		CAF091381D4D4062005FAEF4 /* PWIndicator.h */ = {isa = PBXFileReference; fileEncoding = 4; lastKnownFileType = sourcecode.c.h; path = PWIndicator.h; sourceTree = "<group>"; };
		CAF091391D4D4062005FAEF4 /* PWIndicator.m */ = {isa = PBXFileReference; fileEncoding = 4; lastKnownFileType = sourcecode.c.objc; path = PWIndicator.m; sourceTree = "<group>"; };
/* End PBXFileReference section */

/* Begin PBXFrameworksBuildPhase section */
		CAF090FA1D4D3938005FAEF4 /* Frameworks */ = {
			isa = PBXFrameworksBuildPhase;
			buildActionMask = 2147483647;
			files = (
			);
			runOnlyForDeploymentPostprocessing = 0;
		};
/* End PBXFrameworksBuildPhase section */

/* Begin PBXGroup section */
		CAF090F41D4D3938005FAEF4 = {
			isa = PBXGroup;
			children = (
				CAF090FF1D4D3938005FAEF4 /* PocketWaiter */,
				CAF090FE1D4D3938005FAEF4 /* Products */,
			);
			sourceTree = "<group>";
		};
		CAF090FE1D4D3938005FAEF4 /* Products */ = {
			isa = PBXGroup;
			children = (
				CAF090FD1D4D3938005FAEF4 /* PocketWaiter.app */,
			);
			name = Products;
			sourceTree = "<group>";
		};
		CAF090FF1D4D3938005FAEF4 /* PocketWaiter */ = {
			isa = PBXGroup;
			children = (
				CAF091171D4D3A4C005FAEF4 /* Configuration */,
				CAF091181D4D3A4C005FAEF4 /* Resources */,
				CAF0911D1D4D3A4C005FAEF4 /* Sources */,
			);
			path = PocketWaiter;
			sourceTree = "<group>";
		};
		CAF091171D4D3A4C005FAEF4 /* Configuration */ = {
			isa = PBXGroup;
			children = (
				CAF091341D4D3A9F005FAEF4 /* PWConfig.xcconfig */,
			);
			path = Configuration;
			sourceTree = "<group>";
		};
		CAF091181D4D3A4C005FAEF4 /* Resources */ = {
			isa = PBXGroup;
			children = (
				CAF091191D4D3A4C005FAEF4 /* Assets.xcassets */,
				CAF0911A1D4D3A4C005FAEF4 /* Info.plist */,
				CAF0911B1D4D3A4C005FAEF4 /* LaunchScreen.storyboard */,
				CAF0911C1D4D3A4C005FAEF4 /* Main.storyboard */,
				CAF091361D4D3B7B005FAEF4 /* Intro.storyboard */,
			);
			path = Resources;
			sourceTree = "<group>";
		};
		CAF0911D1D4D3A4C005FAEF4 /* Sources */ = {
			isa = PBXGroup;
			children = (
				CAF0911E1D4D3A4C005FAEF4 /* Controller */,
				CAF091231D4D3A4C005FAEF4 /* Model */,
				CAF091281D4D3A4C005FAEF4 /* SupportingFiles */,
				CAF0912A1D4D3A4C005FAEF4 /* Views */,
			);
			path = Sources;
			sourceTree = "<group>";
		};
		CAF0911E1D4D3A4C005FAEF4 /* Controller */ = {
			isa = PBXGroup;
			children = (
				CAF0911F1D4D3A4C005FAEF4 /* PWAppDelegate.h */,
				CAF091201D4D3A4C005FAEF4 /* PWAppDelegate.m */,
				CAF091211D4D3A4C005FAEF4 /* PWNearSharesViewControllerCollectionViewController.h */,
				CAF091221D4D3A4C005FAEF4 /* PWNearSharesViewControllerCollectionViewController.m */,
			);
			path = Controller;
			sourceTree = "<group>";
		};
		CAF091231D4D3A4C005FAEF4 /* Model */ = {
			isa = PBXGroup;
			children = (
				CAF091241D4D3A4C005FAEF4 /* PWRestaurant.h */,
				CAF091251D4D3A4C005FAEF4 /* PWRestaurant.m */,
				CAF091261D4D3A4C005FAEF4 /* PWRestaurantShare.h */,
				CAF091271D4D3A4C005FAEF4 /* PWRestaurantShare.m */,
			);
			path = Model;
			sourceTree = "<group>";
		};
		CAF091281D4D3A4C005FAEF4 /* SupportingFiles */ = {
			isa = PBXGroup;
			children = (
				CAF091291D4D3A4C005FAEF4 /* main.m */,
			);
			path = SupportingFiles;
			sourceTree = "<group>";
		};
		CAF0912A1D4D3A4C005FAEF4 /* Views */ = {
			isa = PBXGroup;
			children = (
				CAF091381D4D4062005FAEF4 /* PWIndicator.h */,
				CAF091391D4D4062005FAEF4 /* PWIndicator.m */,
			);
			path = Views;
			sourceTree = "<group>";
		};
/* End PBXGroup section */

/* Begin PBXNativeTarget section */
		CAF090FC1D4D3938005FAEF4 /* PocketWaiter */ = {
			isa = PBXNativeTarget;
			buildConfigurationList = CAF091141D4D3938005FAEF4 /* Build configuration list for PBXNativeTarget "PocketWaiter" */;
			buildPhases = (
				CAF090F91D4D3938005FAEF4 /* Sources */,
				CAF090FA1D4D3938005FAEF4 /* Frameworks */,
				CAF090FB1D4D3938005FAEF4 /* Resources */,
			);
			buildRules = (
			);
			dependencies = (
			);
			name = PocketWaiter;
			productName = PocketWaiter;
			productReference = CAF090FD1D4D3938005FAEF4 /* PocketWaiter.app */;
			productType = "com.apple.product-type.application";
		};
/* End PBXNativeTarget section */

/* Begin PBXProject section */
		CAF090F51D4D3938005FAEF4 /* Project object */ = {
			isa = PBXProject;
			attributes = {
				LastUpgradeCheck = 0730;
				ORGANIZATIONNAME = inPocket;
				TargetAttributes = {
					CAF090FC1D4D3938005FAEF4 = {
						CreatedOnToolsVersion = 7.3.1;
					};
				};
			};
			buildConfigurationList = CAF090F81D4D3938005FAEF4 /* Build configuration list for PBXProject "PocketWaiter" */;
			compatibilityVersion = "Xcode 3.2";
			developmentRegion = English;
			hasScannedForEncodings = 0;
			knownRegions = (
				en,
				Base,
			);
			mainGroup = CAF090F41D4D3938005FAEF4;
			productRefGroup = CAF090FE1D4D3938005FAEF4 /* Products */;
			projectDirPath = "";
			projectRoot = "";
			targets = (
				CAF090FC1D4D3938005FAEF4 /* PocketWaiter */,
			);
		};
/* End PBXProject section */

/* Begin PBXResourcesBuildPhase section */
		CAF090FB1D4D3938005FAEF4 /* Resources */ = {
			isa = PBXResourcesBuildPhase;
			buildActionMask = 2147483647;
			files = (
				CAF0912D1D4D3A4C005FAEF4 /* LaunchScreen.storyboard in Resources */,
				CAF091351D4D3A9F005FAEF4 /* PWConfig.xcconfig in Resources */,
				CAF0912B1D4D3A4C005FAEF4 /* Assets.xcassets in Resources */,
				CAF0912E1D4D3A4C005FAEF4 /* Main.storyboard in Resources */,
				CAF091371D4D3B7B005FAEF4 /* Intro.storyboard in Resources */,
			);
			runOnlyForDeploymentPostprocessing = 0;
		};
/* End PBXResourcesBuildPhase section */

/* Begin PBXSourcesBuildPhase section */
		CAF090F91D4D3938005FAEF4 /* Sources */ = {
			isa = PBXSourcesBuildPhase;
			buildActionMask = 2147483647;
			files = (
				CAF091331D4D3A4C005FAEF4 /* main.m in Sources */,
				CAF091311D4D3A4C005FAEF4 /* PWRestaurant.m in Sources */,
				CAF091321D4D3A4C005FAEF4 /* PWRestaurantShare.m in Sources */,
				CAF091301D4D3A4C005FAEF4 /* PWNearSharesViewControllerCollectionViewController.m in Sources */,
				CAF0913A1D4D4062005FAEF4 /* PWIndicator.m in Sources */,
				CAF0912F1D4D3A4C005FAEF4 /* PWAppDelegate.m in Sources */,
			);
			runOnlyForDeploymentPostprocessing = 0;
		};
/* End PBXSourcesBuildPhase section */

/* Begin XCBuildConfiguration section */
		CAF091121D4D3938005FAEF4 /* Debug */ = {
			isa = XCBuildConfiguration;
			baseConfigurationReference = CAF091341D4D3A9F005FAEF4 /* PWConfig.xcconfig */;
			buildSettings = {
				ALWAYS_SEARCH_USER_PATHS = NO;
				CLANG_ANALYZER_NONNULL = YES;
				CLANG_CXX_LANGUAGE_STANDARD = "gnu++0x";
				CLANG_CXX_LIBRARY = "libc++";
				CLANG_ENABLE_MODULES = YES;
				CLANG_ENABLE_OBJC_ARC = YES;
				CLANG_WARN_BOOL_CONVERSION = YES;
				CLANG_WARN_CONSTANT_CONVERSION = YES;
				CLANG_WARN_DIRECT_OBJC_ISA_USAGE = YES_ERROR;
				CLANG_WARN_EMPTY_BODY = YES;
				CLANG_WARN_ENUM_CONVERSION = YES;
				CLANG_WARN_INT_CONVERSION = YES;
				CLANG_WARN_OBJC_ROOT_CLASS = YES_ERROR;
				CLANG_WARN_UNREACHABLE_CODE = YES;
				CLANG_WARN__DUPLICATE_METHOD_MATCH = YES;
				"CODE_SIGN_IDENTITY[sdk=iphoneos*]" = "iPhone Developer";
				COPY_PHASE_STRIP = NO;
				DEBUG_INFORMATION_FORMAT = dwarf;
				ENABLE_STRICT_OBJC_MSGSEND = YES;
				ENABLE_TESTABILITY = YES;
				GCC_C_LANGUAGE_STANDARD = gnu99;
				GCC_DYNAMIC_NO_PIC = NO;
				GCC_NO_COMMON_BLOCKS = YES;
				GCC_OPTIMIZATION_LEVEL = 0;
				GCC_PREPROCESSOR_DEFINITIONS = (
					"DEBUG=1",
					"$(inherited)",
				);
				GCC_WARN_64_TO_32_BIT_CONVERSION = YES;
				GCC_WARN_ABOUT_RETURN_TYPE = YES_ERROR;
				GCC_WARN_UNDECLARED_SELECTOR = YES;
				GCC_WARN_UNINITIALIZED_AUTOS = YES_AGGRESSIVE;
				GCC_WARN_UNUSED_FUNCTION = YES;
				GCC_WARN_UNUSED_VARIABLE = YES;
				IPHONEOS_DEPLOYMENT_TARGET = 9.3;
				MTL_ENABLE_DEBUG_INFO = YES;
				ONLY_ACTIVE_ARCH = YES;
				SDKROOT = iphoneos;
			};
			name = Debug;
		};
		CAF091131D4D3938005FAEF4 /* Release */ = {
			isa = XCBuildConfiguration;
			baseConfigurationReference = CAF091341D4D3A9F005FAEF4 /* PWConfig.xcconfig */;
			buildSettings = {
				ALWAYS_SEARCH_USER_PATHS = NO;
				CLANG_ANALYZER_NONNULL = YES;
				CLANG_CXX_LANGUAGE_STANDARD = "gnu++0x";
				CLANG_CXX_LIBRARY = "libc++";
				CLANG_ENABLE_MODULES = YES;
				CLANG_ENABLE_OBJC_ARC = YES;
				CLANG_WARN_BOOL_CONVERSION = YES;
				CLANG_WARN_CONSTANT_CONVERSION = YES;
				CLANG_WARN_DIRECT_OBJC_ISA_USAGE = YES_ERROR;
				CLANG_WARN_EMPTY_BODY = YES;
				CLANG_WARN_ENUM_CONVERSION = YES;
				CLANG_WARN_INT_CONVERSION = YES;
				CLANG_WARN_OBJC_ROOT_CLASS = YES_ERROR;
				CLANG_WARN_UNREACHABLE_CODE = YES;
				CLANG_WARN__DUPLICATE_METHOD_MATCH = YES;
				"CODE_SIGN_IDENTITY[sdk=iphoneos*]" = "iPhone Developer";
				COPY_PHASE_STRIP = NO;
				DEBUG_INFORMATION_FORMAT = "dwarf-with-dsym";
				ENABLE_NS_ASSERTIONS = NO;
				ENABLE_STRICT_OBJC_MSGSEND = YES;
				GCC_C_LANGUAGE_STANDARD = gnu99;
				GCC_NO_COMMON_BLOCKS = YES;
				GCC_WARN_64_TO_32_BIT_CONVERSION = YES;
				GCC_WARN_ABOUT_RETURN_TYPE = YES_ERROR;
				GCC_WARN_UNDECLARED_SELECTOR = YES;
				GCC_WARN_UNINITIALIZED_AUTOS = YES_AGGRESSIVE;
				GCC_WARN_UNUSED_FUNCTION = YES;
				GCC_WARN_UNUSED_VARIABLE = YES;
				IPHONEOS_DEPLOYMENT_TARGET = 9.3;
				MTL_ENABLE_DEBUG_INFO = NO;
				SDKROOT = iphoneos;
				VALIDATE_PRODUCT = YES;
			};
			name = Release;
		};
		CAF091151D4D3938005FAEF4 /* Debug */ = {
			isa = XCBuildConfiguration;
			baseConfigurationReference = CAF091341D4D3A9F005FAEF4 /* PWConfig.xcconfig */;
			buildSettings = {
				ASSETCATALOG_COMPILER_APPICON_NAME = AppIcon;
				INFOPLIST_FILE = PocketWaiter/Resources/Info.plist;
				LD_RUNPATH_SEARCH_PATHS = "$(inherited) @executable_path/Frameworks";
				PRODUCT_BUNDLE_IDENTIFIER = com.pocketWaiter.PocketWaiter;
				PRODUCT_NAME = "$(TARGET_NAME)";
			};
			name = Debug;
		};
		CAF091161D4D3938005FAEF4 /* Release */ = {
			isa = XCBuildConfiguration;
			baseConfigurationReference = CAF091341D4D3A9F005FAEF4 /* PWConfig.xcconfig */;
			buildSettings = {
				ASSETCATALOG_COMPILER_APPICON_NAME = AppIcon;
				INFOPLIST_FILE = PocketWaiter/Resources/Info.plist;
				LD_RUNPATH_SEARCH_PATHS = "$(inherited) @executable_path/Frameworks";
				PRODUCT_BUNDLE_IDENTIFIER = com.pocketWaiter.PocketWaiter;
				PRODUCT_NAME = "$(TARGET_NAME)";
			};
			name = Release;
		};
/* End XCBuildConfiguration section */

/* Begin XCConfigurationList section */
		CAF090F81D4D3938005FAEF4 /* Build configuration list for PBXProject "PocketWaiter" */ = {
			isa = XCConfigurationList;
			buildConfigurations = (
				CAF091121D4D3938005FAEF4 /* Debug */,
				CAF091131D4D3938005FAEF4 /* Release */,
			);
			defaultConfigurationIsVisible = 0;
			defaultConfigurationName = Release;
		};
		CAF091141D4D3938005FAEF4 /* Build configuration list for PBXNativeTarget "PocketWaiter" */ = {
			isa = XCConfigurationList;
			buildConfigurations = (
				CAF091151D4D3938005FAEF4 /* Debug */,
				CAF091161D4D3938005FAEF4 /* Release */,
			);
			defaultConfigurationIsVisible = 0;
		};
/* End XCConfigurationList section */
	};
	rootObject = CAF090F51D4D3938005FAEF4 /* Project object */;
}
