// !$*UTF8*$!
{
	archiveVersion = 1;
	classes = {
	};
	objectVersion = 46;
	objects = {

/* Begin PBXBuildFile section */
		CAF0912B1D4D3A4C005FAEF4 /* Assets.xcassets in Resources */ = {isa = PBXBuildFile; fileRef = CAF091191D4D3A4C005FAEF4 /* Assets.xcassets */; };
		CAF0912D1D4D3A4C005FAEF4 /* LaunchScreen.storyboard in Resources */ = {isa = PBXBuildFile; fileRef = CAF0911B1D4D3A4C005FAEF4 /* LaunchScreen.storyboard */; };
		CAF0912E1D4D3A4C005FAEF4 /* Main.storyboard in Resources */ = {isa = PBXBuildFile; fileRef = CAF0911C1D4D3A4C005FAEF4 /* Main.storyboard */; };
		CAF0912F1D4D3A4C005FAEF4 /* PWAppDelegate.m in Sources */ = {isa = PBXBuildFile; fileRef = CAF091201D4D3A4C005FAEF4 /* PWAppDelegate.m */; };
		CAF091301D4D3A4C005FAEF4 /* PWNearSharesViewControllerCollectionViewController.m in Sources */ = {isa = PBXBuildFile; fileRef = CAF091221D4D3A4C005FAEF4 /* PWNearSharesViewControllerCollectionViewController.m */; };
		CAF091331D4D3A4C005FAEF4 /* main.m in Sources */ = {isa = PBXBuildFile; fileRef = CAF091291D4D3A4C005FAEF4 /* main.m */; };
		CAF091371D4D3B7B005FAEF4 /* Intro.storyboard in Resources */ = {isa = PBXBuildFile; fileRef = CAF091361D4D3B7B005FAEF4 /* Intro.storyboard */; };
		CAF0913A1D4D4062005FAEF4 /* PWIndicator.m in Sources */ = {isa = PBXBuildFile; fileRef = CAF091391D4D4062005FAEF4 /* PWIndicator.m */; };
		CAF0916D1D4E904E005FAEF4 /* PWModelObject.m in Sources */ = {isa = PBXBuildFile; fileRef = CAF0913F1D4E737F005FAEF4 /* PWModelObject.m */; };
		CAF0916E1D4E9054005FAEF4 /* PWRestaurant.m in Sources */ = {isa = PBXBuildFile; fileRef = CAF091251D4D3A4C005FAEF4 /* PWRestaurant.m */; };
		CAF0916F1D4E9059005FAEF4 /* PWRestaurantShare.m in Sources */ = {isa = PBXBuildFile; fileRef = CAF091271D4D3A4C005FAEF4 /* PWRestaurantShare.m */; };
		CAF091701D4E905E005FAEF4 /* PWPrice.m in Sources */ = {isa = PBXBuildFile; fileRef = CAF091421D4E8B3C005FAEF4 /* PWPrice.m */; };
		CAF091711D4E9061005FAEF4 /* PWProduct.m in Sources */ = {isa = PBXBuildFile; fileRef = CAF091451D4E8B5D005FAEF4 /* PWProduct.m */; };
		CAF091731D4E9099005FAEF4 /* PWPresentProduct.m in Sources */ = {isa = PBXBuildFile; fileRef = CAF091481D4E8B99005FAEF4 /* PWPresentProduct.m */; };
		CAF091841D4E949C005FAEF4 /* PWOrder.m in Sources */ = {isa = PBXBuildFile; fileRef = CAF0914B1D4E8BAD005FAEF4 /* PWOrder.m */; };
		CAF091851D4E94A0005FAEF4 /* PWRestaurantReview.m in Sources */ = {isa = PBXBuildFile; fileRef = CAF0914E1D4E8BC6005FAEF4 /* PWRestaurantReview.m */; };
		CAF091861D4E94AE005FAEF4 /* PWPurchase.m in Sources */ = {isa = PBXBuildFile; fileRef = CAF091511D4E8BDB005FAEF4 /* PWPurchase.m */; };
		CAF091871D4E94B0005FAEF4 /* PWUser.m in Sources */ = {isa = PBXBuildFile; fileRef = CAF091541D4E8BF0005FAEF4 /* PWUser.m */; };
		CAF091881D4E94B3005FAEF4 /* PWUsersRestaurantInfo.m in Sources */ = {isa = PBXBuildFile; fileRef = CAF091571D4E8C06005FAEF4 /* PWUsersRestaurantInfo.m */; };
		CAF091891D4E94B6005FAEF4 /* PWWorkingTime.m in Sources */ = {isa = PBXBuildFile; fileRef = CAF0915A1D4E8C38005FAEF4 /* PWWorkingTime.m */; };
		CAF0918A1D4E94B8005FAEF4 /* PWRestaurantAboutInfo.m in Sources */ = {isa = PBXBuildFile; fileRef = CAF0915D1D4E8C4D005FAEF4 /* PWRestaurantAboutInfo.m */; };
		CAF0918E1D560B22005FAEF4 /* PWIntroViewController.m in Sources */ = {isa = PBXBuildFile; fileRef = CAF0918C1D560B22005FAEF4 /* PWIntroViewController.m */; };
		CAF091911D560B80005FAEF4 /* PWIntroViewController.xib in Resources */ = {isa = PBXBuildFile; fileRef = CAF091901D560B80005FAEF4 /* PWIntroViewController.xib */; };
		CAF091941D56165C005FAEF4 /* PWMainViewController.m in Sources */ = {isa = PBXBuildFile; fileRef = CAF091931D56165C005FAEF4 /* PWMainViewController.m */; };
		CAF091981D561AF6005FAEF4 /* PWIntroFirstPageCell.m in Sources */ = {isa = PBXBuildFile; fileRef = CAF091961D561AF6005FAEF4 /* PWIntroFirstPageCell.m */; };
		CAF0919B1D561B1E005FAEF4 /* PWIntroFirstPageCell.xib in Resources */ = {isa = PBXBuildFile; fileRef = CAF0919A1D561B1E005FAEF4 /* PWIntroFirstPageCell.xib */; };
		CAF0919E1D561DCB005FAEF4 /* PWIntroLayout.m in Sources */ = {isa = PBXBuildFile; fileRef = CAF0919D1D561DCB005FAEF4 /* PWIntroLayout.m */; };
		CAF091A11D562471005FAEF4 /* PWIntroSecondPageCell.xib in Resources */ = {isa = PBXBuildFile; fileRef = CAF0919F1D562471005FAEF4 /* PWIntroSecondPageCell.xib */; };
		CAF091A21D562471005FAEF4 /* PWIntroThirdPageCell.xib in Resources */ = {isa = PBXBuildFile; fileRef = CAF091A01D562471005FAEF4 /* PWIntroThirdPageCell.xib */; };
		CAF091A61D564E3F005FAEF4 /* PWEnterPromoViewController.m in Sources */ = {isa = PBXBuildFile; fileRef = CAF091A41D564E3F005FAEF4 /* PWEnterPromoViewController.m */; };
		CAF091A91D564E61005FAEF4 /* PWEnterPromoViewController.xib in Resources */ = {isa = PBXBuildFile; fileRef = CAF091A81D564E61005FAEF4 /* PWEnterPromoViewController.xib */; };
		CAF091AC1D5657C9005FAEF4 /* UIColorAdditions.m in Sources */ = {isa = PBXBuildFile; fileRef = CAF091AB1D5657C9005FAEF4 /* UIColorAdditions.m */; };
		CAF091AF1D56672F005FAEF4 /* PWRootMenuTableViewController.m in Sources */ = {isa = PBXBuildFile; fileRef = CAF091AE1D56672F005FAEF4 /* PWRootMenuTableViewController.m */; };
		CAF091B21D566763005FAEF4 /* PWContentSource.m in Sources */ = {isa = PBXBuildFile; fileRef = CAF091B11D566763005FAEF4 /* PWContentSource.m */; };
		CAF091B61D57517B005FAEF4 /* PWMainMenuViewController.m in Sources */ = {isa = PBXBuildFile; fileRef = CAF091B41D57517B005FAEF4 /* PWMainMenuViewController.m */; };
		CAF091B91D575195005FAEF4 /* PWMainMenuViewController.xib in Resources */ = {isa = PBXBuildFile; fileRef = CAF091B81D575195005FAEF4 /* PWMainMenuViewController.xib */; };
		CAF091BC1D57559A005FAEF4 /* UIViewControllerAdditions.m in Sources */ = {isa = PBXBuildFile; fileRef = CAF091BB1D57559A005FAEF4 /* UIViewControllerAdditions.m */; };
		CAF091BF1D576703005FAEF4 /* PWDropShadowView.m in Sources */ = {isa = PBXBuildFile; fileRef = CAF091BE1D576703005FAEF4 /* PWDropShadowView.m */; };
		CAF091C21D576B83005FAEF4 /* mohito.jpg in Resources */ = {isa = PBXBuildFile; fileRef = CAF091C11D576B83005FAEF4 /* mohito.jpg */; };
		CAF091C51D577286005FAEF4 /* PWModelManager.m in Sources */ = {isa = PBXBuildFile; fileRef = CAF091C41D577286005FAEF4 /* PWModelManager.m */; };
		CAF091CA1D57962B005FAEF4 /* burger.jpg in Resources */ = {isa = PBXBuildFile; fileRef = CAF091C91D57962B005FAEF4 /* burger.jpg */; };
		CAF091CC1D57994D005FAEF4 /* vapiano.jpeg in Resources */ = {isa = PBXBuildFile; fileRef = CAF091CB1D57994D005FAEF4 /* vapiano.jpeg */; };
		CAF091CE1D579967005FAEF4 /* coffeetoria.jpg in Resources */ = {isa = PBXBuildFile; fileRef = CAF091CD1D579967005FAEF4 /* coffeetoria.jpg */; };
		CAF091D51D5799DB005FAEF4 /* vapiano_1.jpg in Resources */ = {isa = PBXBuildFile; fileRef = CAF091CF1D5799DB005FAEF4 /* vapiano_1.jpg */; };
		CAF091D61D5799DB005FAEF4 /* vapiano_2.jpg in Resources */ = {isa = PBXBuildFile; fileRef = CAF091D01D5799DB005FAEF4 /* vapiano_2.jpg */; };
		CAF091D71D5799DB005FAEF4 /* vapiano_3.jpg in Resources */ = {isa = PBXBuildFile; fileRef = CAF091D11D5799DB005FAEF4 /* vapiano_3.jpg */; };
		CAF091D81D5799DB005FAEF4 /* coffeetoria1.jpg in Resources */ = {isa = PBXBuildFile; fileRef = CAF091D21D5799DB005FAEF4 /* coffeetoria1.jpg */; };
		CAF091D91D5799DB005FAEF4 /* coffeetoria2.jpg in Resources */ = {isa = PBXBuildFile; fileRef = CAF091D31D5799DB005FAEF4 /* coffeetoria2.jpg */; };
		CAF091DA1D5799DB005FAEF4 /* coffeetoria3.jpg in Resources */ = {isa = PBXBuildFile; fileRef = CAF091D41D5799DB005FAEF4 /* coffeetoria3.jpg */; };
		CAF091DC1D579EDD005FAEF4 /* juice.jpg in Resources */ = {isa = PBXBuildFile; fileRef = CAF091DB1D579EDD005FAEF4 /* juice.jpg */; };
		CAF091DF1D57A05F005FAEF4 /* hookah2.jpeg in Resources */ = {isa = PBXBuildFile; fileRef = CAF091DD1D57A05F005FAEF4 /* hookah2.jpeg */; };
		CAF091E01D57A05F005FAEF4 /* hookah1.jpeg in Resources */ = {isa = PBXBuildFile; fileRef = CAF091DE1D57A05F005FAEF4 /* hookah1.jpeg */; };
/* End PBXBuildFile section */

/* Begin PBXFileReference section */
		CAF090FD1D4D3938005FAEF4 /* PocketWaiter.app */ = {isa = PBXFileReference; explicitFileType = wrapper.application; includeInIndex = 0; path = PocketWaiter.app; sourceTree = BUILT_PRODUCTS_DIR; };
		CAF091191D4D3A4C005FAEF4 /* Assets.xcassets */ = {isa = PBXFileReference; lastKnownFileType = folder.assetcatalog; path = Assets.xcassets; sourceTree = "<group>"; };
		CAF0911A1D4D3A4C005FAEF4 /* Info.plist */ = {isa = PBXFileReference; fileEncoding = 4; lastKnownFileType = text.plist.xml; path = Info.plist; sourceTree = "<group>"; };
		CAF0911B1D4D3A4C005FAEF4 /* LaunchScreen.storyboard */ = {isa = PBXFileReference; fileEncoding = 4; lastKnownFileType = file.storyboard; path = LaunchScreen.storyboard; sourceTree = "<group>"; };
		CAF0911C1D4D3A4C005FAEF4 /* Main.storyboard */ = {isa = PBXFileReference; fileEncoding = 4; lastKnownFileType = file.storyboard; path = Main.storyboard; sourceTree = "<group>"; };
		CAF0911F1D4D3A4C005FAEF4 /* PWAppDelegate.h */ = {isa = PBXFileReference; fileEncoding = 4; lastKnownFileType = sourcecode.c.h; path = PWAppDelegate.h; sourceTree = "<group>"; };
		CAF091201D4D3A4C005FAEF4 /* PWAppDelegate.m */ = {isa = PBXFileReference; fileEncoding = 4; lastKnownFileType = sourcecode.c.objc; path = PWAppDelegate.m; sourceTree = "<group>"; };
		CAF091211D4D3A4C005FAEF4 /* PWNearSharesViewControllerCollectionViewController.h */ = {isa = PBXFileReference; fileEncoding = 4; lastKnownFileType = sourcecode.c.h; path = PWNearSharesViewControllerCollectionViewController.h; sourceTree = "<group>"; };
		CAF091221D4D3A4C005FAEF4 /* PWNearSharesViewControllerCollectionViewController.m */ = {isa = PBXFileReference; fileEncoding = 4; lastKnownFileType = sourcecode.c.objc; path = PWNearSharesViewControllerCollectionViewController.m; sourceTree = "<group>"; };
		CAF091241D4D3A4C005FAEF4 /* PWRestaurant.h */ = {isa = PBXFileReference; fileEncoding = 4; lastKnownFileType = sourcecode.c.h; path = PWRestaurant.h; sourceTree = "<group>"; };
		CAF091251D4D3A4C005FAEF4 /* PWRestaurant.m */ = {isa = PBXFileReference; fileEncoding = 4; lastKnownFileType = sourcecode.c.objc; path = PWRestaurant.m; sourceTree = "<group>"; };
		CAF091261D4D3A4C005FAEF4 /* PWRestaurantShare.h */ = {isa = PBXFileReference; fileEncoding = 4; lastKnownFileType = sourcecode.c.h; path = PWRestaurantShare.h; sourceTree = "<group>"; };
		CAF091271D4D3A4C005FAEF4 /* PWRestaurantShare.m */ = {isa = PBXFileReference; fileEncoding = 4; lastKnownFileType = sourcecode.c.objc; path = PWRestaurantShare.m; sourceTree = "<group>"; };
		CAF091291D4D3A4C005FAEF4 /* main.m */ = {isa = PBXFileReference; fileEncoding = 4; lastKnownFileType = sourcecode.c.objc; path = main.m; sourceTree = "<group>"; };
		CAF091341D4D3A9F005FAEF4 /* PWConfig.xcconfig */ = {isa = PBXFileReference; fileEncoding = 4; lastKnownFileType = text.xcconfig; path = PWConfig.xcconfig; sourceTree = "<group>"; };
		CAF091361D4D3B7B005FAEF4 /* Intro.storyboard */ = {isa = PBXFileReference; fileEncoding = 4; lastKnownFileType = file.storyboard; path = Intro.storyboard; sourceTree = "<group>"; };
		CAF091381D4D4062005FAEF4 /* PWIndicator.h */ = {isa = PBXFileReference; fileEncoding = 4; lastKnownFileType = sourcecode.c.h; path = PWIndicator.h; sourceTree = "<group>"; };
		CAF091391D4D4062005FAEF4 /* PWIndicator.m */ = {isa = PBXFileReference; fileEncoding = 4; lastKnownFileType = sourcecode.c.objc; path = PWIndicator.m; sourceTree = "<group>"; };
		CAF0913B1D4E7272005FAEF4 /* IPWJSONInfo.h */ = {isa = PBXFileReference; fileEncoding = 4; lastKnownFileType = sourcecode.c.h; path = IPWJSONInfo.h; sourceTree = "<group>"; };
		CAF0913E1D4E737F005FAEF4 /* PWModelObject.h */ = {isa = PBXFileReference; fileEncoding = 4; lastKnownFileType = sourcecode.c.h; path = PWModelObject.h; sourceTree = "<group>"; };
		CAF0913F1D4E737F005FAEF4 /* PWModelObject.m */ = {isa = PBXFileReference; fileEncoding = 4; lastKnownFileType = sourcecode.c.objc; path = PWModelObject.m; sourceTree = "<group>"; };
		CAF091411D4E8B3C005FAEF4 /* PWPrice.h */ = {isa = PBXFileReference; fileEncoding = 4; lastKnownFileType = sourcecode.c.h; path = PWPrice.h; sourceTree = "<group>"; };
		CAF091421D4E8B3C005FAEF4 /* PWPrice.m */ = {isa = PBXFileReference; fileEncoding = 4; lastKnownFileType = sourcecode.c.objc; path = PWPrice.m; sourceTree = "<group>"; };
		CAF091441D4E8B5D005FAEF4 /* PWProduct.h */ = {isa = PBXFileReference; fileEncoding = 4; lastKnownFileType = sourcecode.c.h; path = PWProduct.h; sourceTree = "<group>"; };
		CAF091451D4E8B5D005FAEF4 /* PWProduct.m */ = {isa = PBXFileReference; fileEncoding = 4; lastKnownFileType = sourcecode.c.objc; path = PWProduct.m; sourceTree = "<group>"; };
		CAF091471D4E8B99005FAEF4 /* PWPresentProduct.h */ = {isa = PBXFileReference; fileEncoding = 4; lastKnownFileType = sourcecode.c.h; path = PWPresentProduct.h; sourceTree = "<group>"; };
		CAF091481D4E8B99005FAEF4 /* PWPresentProduct.m */ = {isa = PBXFileReference; fileEncoding = 4; lastKnownFileType = sourcecode.c.objc; path = PWPresentProduct.m; sourceTree = "<group>"; };
		CAF0914A1D4E8BAD005FAEF4 /* PWOrder.h */ = {isa = PBXFileReference; fileEncoding = 4; lastKnownFileType = sourcecode.c.h; path = PWOrder.h; sourceTree = "<group>"; };
		CAF0914B1D4E8BAD005FAEF4 /* PWOrder.m */ = {isa = PBXFileReference; fileEncoding = 4; lastKnownFileType = sourcecode.c.objc; path = PWOrder.m; sourceTree = "<group>"; };
		CAF0914D1D4E8BC6005FAEF4 /* PWRestaurantReview.h */ = {isa = PBXFileReference; fileEncoding = 4; lastKnownFileType = sourcecode.c.h; path = PWRestaurantReview.h; sourceTree = "<group>"; };
		CAF0914E1D4E8BC6005FAEF4 /* PWRestaurantReview.m */ = {isa = PBXFileReference; fileEncoding = 4; lastKnownFileType = sourcecode.c.objc; path = PWRestaurantReview.m; sourceTree = "<group>"; };
		CAF091501D4E8BDB005FAEF4 /* PWPurchase.h */ = {isa = PBXFileReference; fileEncoding = 4; lastKnownFileType = sourcecode.c.h; path = PWPurchase.h; sourceTree = "<group>"; };
		CAF091511D4E8BDB005FAEF4 /* PWPurchase.m */ = {isa = PBXFileReference; fileEncoding = 4; lastKnownFileType = sourcecode.c.objc; path = PWPurchase.m; sourceTree = "<group>"; };
		CAF091531D4E8BF0005FAEF4 /* PWUser.h */ = {isa = PBXFileReference; fileEncoding = 4; lastKnownFileType = sourcecode.c.h; path = PWUser.h; sourceTree = "<group>"; };
		CAF091541D4E8BF0005FAEF4 /* PWUser.m */ = {isa = PBXFileReference; fileEncoding = 4; lastKnownFileType = sourcecode.c.objc; path = PWUser.m; sourceTree = "<group>"; };
		CAF091561D4E8C06005FAEF4 /* PWUsersRestaurantInfo.h */ = {isa = PBXFileReference; fileEncoding = 4; lastKnownFileType = sourcecode.c.h; path = PWUsersRestaurantInfo.h; sourceTree = "<group>"; };
		CAF091571D4E8C06005FAEF4 /* PWUsersRestaurantInfo.m */ = {isa = PBXFileReference; fileEncoding = 4; lastKnownFileType = sourcecode.c.objc; path = PWUsersRestaurantInfo.m; sourceTree = "<group>"; };
		CAF091591D4E8C38005FAEF4 /* PWWorkingTime.h */ = {isa = PBXFileReference; fileEncoding = 4; lastKnownFileType = sourcecode.c.h; path = PWWorkingTime.h; sourceTree = "<group>"; };
		CAF0915A1D4E8C38005FAEF4 /* PWWorkingTime.m */ = {isa = PBXFileReference; fileEncoding = 4; lastKnownFileType = sourcecode.c.objc; path = PWWorkingTime.m; sourceTree = "<group>"; };
		CAF0915C1D4E8C4D005FAEF4 /* PWRestaurantAboutInfo.h */ = {isa = PBXFileReference; fileEncoding = 4; lastKnownFileType = sourcecode.c.h; path = PWRestaurantAboutInfo.h; sourceTree = "<group>"; };
		CAF0915D1D4E8C4D005FAEF4 /* PWRestaurantAboutInfo.m */ = {isa = PBXFileReference; fileEncoding = 4; lastKnownFileType = sourcecode.c.objc; path = PWRestaurantAboutInfo.m; sourceTree = "<group>"; };
		CAF0915F1D4E8D19005FAEF4 /* PWPrefix.pch */ = {isa = PBXFileReference; lastKnownFileType = sourcecode.c.h; path = PWPrefix.pch; sourceTree = "<group>"; };
		CAF0917E1D4E9217005FAEF4 /* PWJSONConstants.h */ = {isa = PBXFileReference; fileEncoding = 4; lastKnownFileType = sourcecode.c.h; path = PWJSONConstants.h; sourceTree = "<group>"; };
		CAF091811D4E9248005FAEF4 /* PWEnums.h */ = {isa = PBXFileReference; fileEncoding = 4; lastKnownFileType = sourcecode.c.h; path = PWEnums.h; sourceTree = "<group>"; };
		CAF0918B1D560B22005FAEF4 /* PWIntroViewController.h */ = {isa = PBXFileReference; fileEncoding = 4; lastKnownFileType = sourcecode.c.h; path = PWIntroViewController.h; sourceTree = "<group>"; };
		CAF0918C1D560B22005FAEF4 /* PWIntroViewController.m */ = {isa = PBXFileReference; fileEncoding = 4; lastKnownFileType = sourcecode.c.objc; path = PWIntroViewController.m; sourceTree = "<group>"; };
		CAF091901D560B80005FAEF4 /* PWIntroViewController.xib */ = {isa = PBXFileReference; fileEncoding = 4; lastKnownFileType = file.xib; path = PWIntroViewController.xib; sourceTree = "<group>"; };
		CAF091921D56165C005FAEF4 /* PWMainViewController.h */ = {isa = PBXFileReference; fileEncoding = 4; lastKnownFileType = sourcecode.c.h; path = PWMainViewController.h; sourceTree = "<group>"; };
		CAF091931D56165C005FAEF4 /* PWMainViewController.m */ = {isa = PBXFileReference; fileEncoding = 4; lastKnownFileType = sourcecode.c.objc; path = PWMainViewController.m; sourceTree = "<group>"; };
		CAF091951D561AF6005FAEF4 /* PWIntroFirstPageCell.h */ = {isa = PBXFileReference; fileEncoding = 4; lastKnownFileType = sourcecode.c.h; path = PWIntroFirstPageCell.h; sourceTree = "<group>"; };
		CAF091961D561AF6005FAEF4 /* PWIntroFirstPageCell.m */ = {isa = PBXFileReference; fileEncoding = 4; lastKnownFileType = sourcecode.c.objc; path = PWIntroFirstPageCell.m; sourceTree = "<group>"; };
		CAF0919A1D561B1E005FAEF4 /* PWIntroFirstPageCell.xib */ = {isa = PBXFileReference; fileEncoding = 4; lastKnownFileType = file.xib; path = PWIntroFirstPageCell.xib; sourceTree = "<group>"; };
		CAF0919C1D561DCB005FAEF4 /* PWIntroLayout.h */ = {isa = PBXFileReference; fileEncoding = 4; lastKnownFileType = sourcecode.c.h; path = PWIntroLayout.h; sourceTree = "<group>"; };
		CAF0919D1D561DCB005FAEF4 /* PWIntroLayout.m */ = {isa = PBXFileReference; fileEncoding = 4; lastKnownFileType = sourcecode.c.objc; path = PWIntroLayout.m; sourceTree = "<group>"; };
		CAF0919F1D562471005FAEF4 /* PWIntroSecondPageCell.xib */ = {isa = PBXFileReference; fileEncoding = 4; lastKnownFileType = file.xib; path = PWIntroSecondPageCell.xib; sourceTree = "<group>"; };
		CAF091A01D562471005FAEF4 /* PWIntroThirdPageCell.xib */ = {isa = PBXFileReference; fileEncoding = 4; lastKnownFileType = file.xib; path = PWIntroThirdPageCell.xib; sourceTree = "<group>"; };
		CAF091A31D564E3F005FAEF4 /* PWEnterPromoViewController.h */ = {isa = PBXFileReference; fileEncoding = 4; lastKnownFileType = sourcecode.c.h; path = PWEnterPromoViewController.h; sourceTree = "<group>"; };
		CAF091A41D564E3F005FAEF4 /* PWEnterPromoViewController.m */ = {isa = PBXFileReference; fileEncoding = 4; lastKnownFileType = sourcecode.c.objc; path = PWEnterPromoViewController.m; sourceTree = "<group>"; };
		CAF091A81D564E61005FAEF4 /* PWEnterPromoViewController.xib */ = {isa = PBXFileReference; fileEncoding = 4; lastKnownFileType = file.xib; path = PWEnterPromoViewController.xib; sourceTree = "<group>"; };
		CAF091AA1D5657C9005FAEF4 /* UIColorAdditions.h */ = {isa = PBXFileReference; fileEncoding = 4; lastKnownFileType = sourcecode.c.h; path = UIColorAdditions.h; sourceTree = "<group>"; };
		CAF091AB1D5657C9005FAEF4 /* UIColorAdditions.m */ = {isa = PBXFileReference; fileEncoding = 4; lastKnownFileType = sourcecode.c.objc; path = UIColorAdditions.m; sourceTree = "<group>"; };
		CAF091AD1D56672F005FAEF4 /* PWRootMenuTableViewController.h */ = {isa = PBXFileReference; fileEncoding = 4; lastKnownFileType = sourcecode.c.h; path = PWRootMenuTableViewController.h; sourceTree = "<group>"; };
		CAF091AE1D56672F005FAEF4 /* PWRootMenuTableViewController.m */ = {isa = PBXFileReference; fileEncoding = 4; lastKnownFileType = sourcecode.c.objc; path = PWRootMenuTableViewController.m; sourceTree = "<group>"; };
		CAF091B01D566763005FAEF4 /* PWContentSource.h */ = {isa = PBXFileReference; fileEncoding = 4; lastKnownFileType = sourcecode.c.h; path = PWContentSource.h; sourceTree = "<group>"; };
		CAF091B11D566763005FAEF4 /* PWContentSource.m */ = {isa = PBXFileReference; fileEncoding = 4; lastKnownFileType = sourcecode.c.objc; path = PWContentSource.m; sourceTree = "<group>"; };
		CAF091B31D57517B005FAEF4 /* PWMainMenuViewController.h */ = {isa = PBXFileReference; fileEncoding = 4; lastKnownFileType = sourcecode.c.h; path = PWMainMenuViewController.h; sourceTree = "<group>"; };
		CAF091B41D57517B005FAEF4 /* PWMainMenuViewController.m */ = {isa = PBXFileReference; fileEncoding = 4; lastKnownFileType = sourcecode.c.objc; path = PWMainMenuViewController.m; sourceTree = "<group>"; };
		CAF091B81D575195005FAEF4 /* PWMainMenuViewController.xib */ = {isa = PBXFileReference; fileEncoding = 4; lastKnownFileType = file.xib; path = PWMainMenuViewController.xib; sourceTree = "<group>"; };
		CAF091BA1D57559A005FAEF4 /* UIViewControllerAdditions.h */ = {isa = PBXFileReference; fileEncoding = 4; lastKnownFileType = sourcecode.c.h; path = UIViewControllerAdditions.h; sourceTree = "<group>"; };
		CAF091BB1D57559A005FAEF4 /* UIViewControllerAdditions.m */ = {isa = PBXFileReference; fileEncoding = 4; lastKnownFileType = sourcecode.c.objc; path = UIViewControllerAdditions.m; sourceTree = "<group>"; };
		CAF091BD1D576703005FAEF4 /* PWDropShadowView.h */ = {isa = PBXFileReference; fileEncoding = 4; lastKnownFileType = sourcecode.c.h; path = PWDropShadowView.h; sourceTree = "<group>"; };
		CAF091BE1D576703005FAEF4 /* PWDropShadowView.m */ = {isa = PBXFileReference; fileEncoding = 4; lastKnownFileType = sourcecode.c.objc; path = PWDropShadowView.m; sourceTree = "<group>"; };
		CAF091C11D576B83005FAEF4 /* mohito.jpg */ = {isa = PBXFileReference; lastKnownFileType = image.jpeg; path = mohito.jpg; sourceTree = "<group>"; };
		CAF091C31D577286005FAEF4 /* PWModelManager.h */ = {isa = PBXFileReference; fileEncoding = 4; lastKnownFileType = sourcecode.c.h; path = PWModelManager.h; sourceTree = "<group>"; };
		CAF091C41D577286005FAEF4 /* PWModelManager.m */ = {isa = PBXFileReference; fileEncoding = 4; lastKnownFileType = sourcecode.c.objc; path = PWModelManager.m; sourceTree = "<group>"; };
		CAF091C61D57739E005FAEF4 /* PWStubModel.h */ = {isa = PBXFileReference; fileEncoding = 4; lastKnownFileType = sourcecode.c.h; path = PWStubModel.h; sourceTree = "<group>"; };
		CAF091C91D57962B005FAEF4 /* burger.jpg */ = {isa = PBXFileReference; lastKnownFileType = image.jpeg; path = burger.jpg; sourceTree = "<group>"; };
		CAF091CB1D57994D005FAEF4 /* vapiano.jpeg */ = {isa = PBXFileReference; lastKnownFileType = image.jpeg; path = vapiano.jpeg; sourceTree = "<group>"; };
		CAF091CD1D579967005FAEF4 /* coffeetoria.jpg */ = {isa = PBXFileReference; lastKnownFileType = image.jpeg; path = coffeetoria.jpg; sourceTree = "<group>"; };
		CAF091CF1D5799DB005FAEF4 /* vapiano_1.jpg */ = {isa = PBXFileReference; lastKnownFileType = image.jpeg; path = vapiano_1.jpg; sourceTree = "<group>"; };
		CAF091D01D5799DB005FAEF4 /* vapiano_2.jpg */ = {isa = PBXFileReference; lastKnownFileType = image.jpeg; path = vapiano_2.jpg; sourceTree = "<group>"; };
		CAF091D11D5799DB005FAEF4 /* vapiano_3.jpg */ = {isa = PBXFileReference; lastKnownFileType = image.jpeg; path = vapiano_3.jpg; sourceTree = "<group>"; };
		CAF091D21D5799DB005FAEF4 /* coffeetoria1.jpg */ = {isa = PBXFileReference; lastKnownFileType = image.jpeg; path = coffeetoria1.jpg; sourceTree = "<group>"; };
		CAF091D31D5799DB005FAEF4 /* coffeetoria2.jpg */ = {isa = PBXFileReference; lastKnownFileType = image.jpeg; path = coffeetoria2.jpg; sourceTree = "<group>"; };
		CAF091D41D5799DB005FAEF4 /* coffeetoria3.jpg */ = {isa = PBXFileReference; lastKnownFileType = image.jpeg; path = coffeetoria3.jpg; sourceTree = "<group>"; };
		CAF091DB1D579EDD005FAEF4 /* juice.jpg */ = {isa = PBXFileReference; lastKnownFileType = image.jpeg; path = juice.jpg; sourceTree = "<group>"; };
		CAF091DD1D57A05F005FAEF4 /* hookah2.jpeg */ = {isa = PBXFileReference; lastKnownFileType = image.jpeg; path = hookah2.jpeg; sourceTree = "<group>"; };
		CAF091DE1D57A05F005FAEF4 /* hookah1.jpeg */ = {isa = PBXFileReference; lastKnownFileType = image.jpeg; path = hookah1.jpeg; sourceTree = "<group>"; };
/* End PBXFileReference section */

/* Begin PBXFrameworksBuildPhase section */
		CAF090FA1D4D3938005FAEF4 /* Frameworks */ = {
			isa = PBXFrameworksBuildPhase;
			buildActionMask = 2147483647;
			files = (
			);
			runOnlyForDeploymentPostprocessing = 0;
		};
/* End PBXFrameworksBuildPhase section */

/* Begin PBXGroup section */
		CAF090F41D4D3938005FAEF4 = {
			isa = PBXGroup;
			children = (
				CAF090FF1D4D3938005FAEF4 /* PocketWaiter */,
				CAF090FE1D4D3938005FAEF4 /* Products */,
			);
			sourceTree = "<group>";
		};
		CAF090FE1D4D3938005FAEF4 /* Products */ = {
			isa = PBXGroup;
			children = (
				CAF090FD1D4D3938005FAEF4 /* PocketWaiter.app */,
			);
			name = Products;
			sourceTree = "<group>";
		};
		CAF090FF1D4D3938005FAEF4 /* PocketWaiter */ = {
			isa = PBXGroup;
			children = (
				CAF091C01D576B7A005FAEF4 /* Temp resources */,
				CAF091171D4D3A4C005FAEF4 /* Configuration */,
				CAF091181D4D3A4C005FAEF4 /* Resources */,
				CAF0911D1D4D3A4C005FAEF4 /* Sources */,
			);
			path = PocketWaiter;
			sourceTree = "<group>";
		};
		CAF091171D4D3A4C005FAEF4 /* Configuration */ = {
			isa = PBXGroup;
			children = (
				CAF091341D4D3A9F005FAEF4 /* PWConfig.xcconfig */,
			);
			path = Configuration;
			sourceTree = "<group>";
		};
		CAF091181D4D3A4C005FAEF4 /* Resources */ = {
			isa = PBXGroup;
			children = (
				CAF091B81D575195005FAEF4 /* PWMainMenuViewController.xib */,
				CAF091A81D564E61005FAEF4 /* PWEnterPromoViewController.xib */,
				CAF0919F1D562471005FAEF4 /* PWIntroSecondPageCell.xib */,
				CAF091A01D562471005FAEF4 /* PWIntroThirdPageCell.xib */,
				CAF0919A1D561B1E005FAEF4 /* PWIntroFirstPageCell.xib */,
				CAF091901D560B80005FAEF4 /* PWIntroViewController.xib */,
				CAF091191D4D3A4C005FAEF4 /* Assets.xcassets */,
				CAF0911A1D4D3A4C005FAEF4 /* Info.plist */,
				CAF0911B1D4D3A4C005FAEF4 /* LaunchScreen.storyboard */,
				CAF0911C1D4D3A4C005FAEF4 /* Main.storyboard */,
				CAF091361D4D3B7B005FAEF4 /* Intro.storyboard */,
			);
			path = Resources;
			sourceTree = "<group>";
		};
		CAF0911D1D4D3A4C005FAEF4 /* Sources */ = {
			isa = PBXGroup;
			children = (
				CAF0917B1D4E91FE005FAEF4 /* Other */,
				CAF0911E1D4D3A4C005FAEF4 /* Controller */,
				CAF091231D4D3A4C005FAEF4 /* Model */,
				CAF091281D4D3A4C005FAEF4 /* SupportingFiles */,
				CAF0912A1D4D3A4C005FAEF4 /* Views */,
			);
			path = Sources;
			sourceTree = "<group>";
		};
		CAF0911E1D4D3A4C005FAEF4 /* Controller */ = {
			isa = PBXGroup;
			children = (
				CAF0911F1D4D3A4C005FAEF4 /* PWAppDelegate.h */,
				CAF091201D4D3A4C005FAEF4 /* PWAppDelegate.m */,
				CAF091211D4D3A4C005FAEF4 /* PWNearSharesViewControllerCollectionViewController.h */,
				CAF091221D4D3A4C005FAEF4 /* PWNearSharesViewControllerCollectionViewController.m */,
				CAF0918B1D560B22005FAEF4 /* PWIntroViewController.h */,
				CAF0918C1D560B22005FAEF4 /* PWIntroViewController.m */,
				CAF091921D56165C005FAEF4 /* PWMainViewController.h */,
				CAF091931D56165C005FAEF4 /* PWMainViewController.m */,
				CAF091A31D564E3F005FAEF4 /* PWEnterPromoViewController.h */,
				CAF091A41D564E3F005FAEF4 /* PWEnterPromoViewController.m */,
				CAF091AD1D56672F005FAEF4 /* PWRootMenuTableViewController.h */,
				CAF091AE1D56672F005FAEF4 /* PWRootMenuTableViewController.m */,
				CAF091B31D57517B005FAEF4 /* PWMainMenuViewController.h */,
				CAF091B41D57517B005FAEF4 /* PWMainMenuViewController.m */,
			);
			path = Controller;
			sourceTree = "<group>";
		};
		CAF091231D4D3A4C005FAEF4 /* Model */ = {
			isa = PBXGroup;
			children = (
				CAF091241D4D3A4C005FAEF4 /* PWRestaurant.h */,
				CAF091251D4D3A4C005FAEF4 /* PWRestaurant.m */,
				CAF091261D4D3A4C005FAEF4 /* PWRestaurantShare.h */,
				CAF091271D4D3A4C005FAEF4 /* PWRestaurantShare.m */,
				CAF0913B1D4E7272005FAEF4 /* IPWJSONInfo.h */,
				CAF0913E1D4E737F005FAEF4 /* PWModelObject.h */,
				CAF0913F1D4E737F005FAEF4 /* PWModelObject.m */,
				CAF091411D4E8B3C005FAEF4 /* PWPrice.h */,
				CAF091421D4E8B3C005FAEF4 /* PWPrice.m */,
				CAF091441D4E8B5D005FAEF4 /* PWProduct.h */,
				CAF091451D4E8B5D005FAEF4 /* PWProduct.m */,
				CAF091471D4E8B99005FAEF4 /* PWPresentProduct.h */,
				CAF091481D4E8B99005FAEF4 /* PWPresentProduct.m */,
				CAF0914A1D4E8BAD005FAEF4 /* PWOrder.h */,
				CAF0914B1D4E8BAD005FAEF4 /* PWOrder.m */,
				CAF0914D1D4E8BC6005FAEF4 /* PWRestaurantReview.h */,
				CAF0914E1D4E8BC6005FAEF4 /* PWRestaurantReview.m */,
				CAF091501D4E8BDB005FAEF4 /* PWPurchase.h */,
				CAF091511D4E8BDB005FAEF4 /* PWPurchase.m */,
				CAF091531D4E8BF0005FAEF4 /* PWUser.h */,
				CAF091541D4E8BF0005FAEF4 /* PWUser.m */,
				CAF091561D4E8C06005FAEF4 /* PWUsersRestaurantInfo.h */,
				CAF091571D4E8C06005FAEF4 /* PWUsersRestaurantInfo.m */,
				CAF091591D4E8C38005FAEF4 /* PWWorkingTime.h */,
				CAF0915A1D4E8C38005FAEF4 /* PWWorkingTime.m */,
				CAF0915C1D4E8C4D005FAEF4 /* PWRestaurantAboutInfo.h */,
				CAF0915D1D4E8C4D005FAEF4 /* PWRestaurantAboutInfo.m */,
				CAF091B01D566763005FAEF4 /* PWContentSource.h */,
				CAF091B11D566763005FAEF4 /* PWContentSource.m */,
				CAF091C31D577286005FAEF4 /* PWModelManager.h */,
				CAF091C41D577286005FAEF4 /* PWModelManager.m */,
			);
			path = Model;
			sourceTree = "<group>";
		};
		CAF091281D4D3A4C005FAEF4 /* SupportingFiles */ = {
			isa = PBXGroup;
			children = (
				CAF091291D4D3A4C005FAEF4 /* main.m */,
				CAF0915F1D4E8D19005FAEF4 /* PWPrefix.pch */,
			);
			path = SupportingFiles;
			sourceTree = "<group>";
		};
		CAF0912A1D4D3A4C005FAEF4 /* Views */ = {
			isa = PBXGroup;
			children = (
				CAF091381D4D4062005FAEF4 /* PWIndicator.h */,
				CAF091391D4D4062005FAEF4 /* PWIndicator.m */,
				CAF091951D561AF6005FAEF4 /* PWIntroFirstPageCell.h */,
				CAF091961D561AF6005FAEF4 /* PWIntroFirstPageCell.m */,
				CAF091BD1D576703005FAEF4 /* PWDropShadowView.h */,
				CAF091BE1D576703005FAEF4 /* PWDropShadowView.m */,
			);
			path = Views;
			sourceTree = "<group>";
		};
		CAF0917B1D4E91FE005FAEF4 /* Other */ = {
			isa = PBXGroup;
			children = (
				CAF0917C1D4E91FE005FAEF4 /* Services */,
				CAF0917D1D4E91FE005FAEF4 /* Types */,
				CAF0919C1D561DCB005FAEF4 /* PWIntroLayout.h */,
				CAF0919D1D561DCB005FAEF4 /* PWIntroLayout.m */,
				CAF091AA1D5657C9005FAEF4 /* UIColorAdditions.h */,
				CAF091AB1D5657C9005FAEF4 /* UIColorAdditions.m */,
				CAF091BA1D57559A005FAEF4 /* UIViewControllerAdditions.h */,
				CAF091BB1D57559A005FAEF4 /* UIViewControllerAdditions.m */,
			);
			path = Other;
			sourceTree = "<group>";
		};
		CAF0917C1D4E91FE005FAEF4 /* Services */ = {
			isa = PBXGroup;
			children = (
			);
			path = Services;
			sourceTree = "<group>";
		};
		CAF0917D1D4E91FE005FAEF4 /* Types */ = {
			isa = PBXGroup;
			children = (
				CAF0917E1D4E9217005FAEF4 /* PWJSONConstants.h */,
				CAF091811D4E9248005FAEF4 /* PWEnums.h */,
			);
			path = Types;
			sourceTree = "<group>";
		};
		CAF091C01D576B7A005FAEF4 /* Temp resources */ = {
			isa = PBXGroup;
			children = (
				CAF091DD1D57A05F005FAEF4 /* hookah2.jpeg */,
				CAF091DE1D57A05F005FAEF4 /* hookah1.jpeg */,
				CAF091DB1D579EDD005FAEF4 /* juice.jpg */,
				CAF091CF1D5799DB005FAEF4 /* vapiano_1.jpg */,
				CAF091D01D5799DB005FAEF4 /* vapiano_2.jpg */,
				CAF091D11D5799DB005FAEF4 /* vapiano_3.jpg */,
				CAF091D21D5799DB005FAEF4 /* coffeetoria1.jpg */,
				CAF091D31D5799DB005FAEF4 /* coffeetoria2.jpg */,
				CAF091D41D5799DB005FAEF4 /* coffeetoria3.jpg */,
				CAF091CD1D579967005FAEF4 /* coffeetoria.jpg */,
				CAF091CB1D57994D005FAEF4 /* vapiano.jpeg */,
				CAF091C91D57962B005FAEF4 /* burger.jpg */,
				CAF091C11D576B83005FAEF4 /* mohito.jpg */,
				CAF091C61D57739E005FAEF4 /* PWStubModel.h */,
			);
			path = "Temp resources";
			sourceTree = "<group>";
		};
/* End PBXGroup section */

/* Begin PBXNativeTarget section */
		CAF090FC1D4D3938005FAEF4 /* PocketWaiter */ = {
			isa = PBXNativeTarget;
			buildConfigurationList = CAF091141D4D3938005FAEF4 /* Build configuration list for PBXNativeTarget "PocketWaiter" */;
			buildPhases = (
				CAF090F91D4D3938005FAEF4 /* Sources */,
				CAF090FA1D4D3938005FAEF4 /* Frameworks */,
				CAF090FB1D4D3938005FAEF4 /* Resources */,
			);
			buildRules = (
			);
			dependencies = (
			);
			name = PocketWaiter;
			productName = PocketWaiter;
			productReference = CAF090FD1D4D3938005FAEF4 /* PocketWaiter.app */;
			productType = "com.apple.product-type.application";
		};
/* End PBXNativeTarget section */

/* Begin PBXProject section */
		CAF090F51D4D3938005FAEF4 /* Project object */ = {
			isa = PBXProject;
			attributes = {
				LastUpgradeCheck = 0730;
				ORGANIZATIONNAME = inPocket;
				TargetAttributes = {
					CAF090FC1D4D3938005FAEF4 = {
						CreatedOnToolsVersion = 7.3.1;
						DevelopmentTeam = 9N2TNZL54L;
					};
				};
			};
			buildConfigurationList = CAF090F81D4D3938005FAEF4 /* Build configuration list for PBXProject "PocketWaiter" */;
			compatibilityVersion = "Xcode 3.2";
			developmentRegion = English;
			hasScannedForEncodings = 0;
			knownRegions = (
				en,
				Base,
			);
			mainGroup = CAF090F41D4D3938005FAEF4;
			productRefGroup = CAF090FE1D4D3938005FAEF4 /* Products */;
			projectDirPath = "";
			projectRoot = "";
			targets = (
				CAF090FC1D4D3938005FAEF4 /* PocketWaiter */,
			);
		};
/* End PBXProject section */

/* Begin PBXResourcesBuildPhase section */
		CAF090FB1D4D3938005FAEF4 /* Resources */ = {
			isa = PBXResourcesBuildPhase;
			buildActionMask = 2147483647;
			files = (
				CAF091DA1D5799DB005FAEF4 /* coffeetoria3.jpg in Resources */,
				CAF091E01D57A05F005FAEF4 /* hookah1.jpeg in Resources */,
				CAF091A91D564E61005FAEF4 /* PWEnterPromoViewController.xib in Resources */,
				CAF091911D560B80005FAEF4 /* PWIntroViewController.xib in Resources */,
				CAF091D81D5799DB005FAEF4 /* coffeetoria1.jpg in Resources */,
				CAF0912D1D4D3A4C005FAEF4 /* LaunchScreen.storyboard in Resources */,
				CAF091DF1D57A05F005FAEF4 /* hookah2.jpeg in Resources */,
				CAF0912B1D4D3A4C005FAEF4 /* Assets.xcassets in Resources */,
				CAF091A11D562471005FAEF4 /* PWIntroSecondPageCell.xib in Resources */,
				CAF091A21D562471005FAEF4 /* PWIntroThirdPageCell.xib in Resources */,
				CAF0912E1D4D3A4C005FAEF4 /* Main.storyboard in Resources */,
				CAF091371D4D3B7B005FAEF4 /* Intro.storyboard in Resources */,
				CAF091DC1D579EDD005FAEF4 /* juice.jpg in Resources */,
				CAF091CC1D57994D005FAEF4 /* vapiano.jpeg in Resources */,
				CAF091D61D5799DB005FAEF4 /* vapiano_2.jpg in Resources */,
				CAF091CA1D57962B005FAEF4 /* burger.jpg in Resources */,
				CAF091C21D576B83005FAEF4 /* mohito.jpg in Resources */,
				CAF0919B1D561B1E005FAEF4 /* PWIntroFirstPageCell.xib in Resources */,
				CAF091B91D575195005FAEF4 /* PWMainMenuViewController.xib in Resources */,
				CAF091D71D5799DB005FAEF4 /* vapiano_3.jpg in Resources */,
				CAF091D51D5799DB005FAEF4 /* vapiano_1.jpg in Resources */,
				CAF091CE1D579967005FAEF4 /* coffeetoria.jpg in Resources */,
				CAF091D91D5799DB005FAEF4 /* coffeetoria2.jpg in Resources */,
			);
			runOnlyForDeploymentPostprocessing = 0;
		};
/* End PBXResourcesBuildPhase section */

/* Begin PBXSourcesBuildPhase section */
		CAF090F91D4D3938005FAEF4 /* Sources */ = {
			isa = PBXSourcesBuildPhase;
			buildActionMask = 2147483647;
			files = (
				CAF091941D56165C005FAEF4 /* PWMainViewController.m in Sources */,
				CAF091981D561AF6005FAEF4 /* PWIntroFirstPageCell.m in Sources */,
				CAF091C51D577286005FAEF4 /* PWModelManager.m in Sources */,
				CAF091A61D564E3F005FAEF4 /* PWEnterPromoViewController.m in Sources */,
				CAF091B21D566763005FAEF4 /* PWContentSource.m in Sources */,
				CAF0919E1D561DCB005FAEF4 /* PWIntroLayout.m in Sources */,
				CAF091B61D57517B005FAEF4 /* PWMainMenuViewController.m in Sources */,
				CAF091331D4D3A4C005FAEF4 /* main.m in Sources */,
				CAF091891D4E94B6005FAEF4 /* PWWorkingTime.m in Sources */,
				CAF091301D4D3A4C005FAEF4 /* PWNearSharesViewControllerCollectionViewController.m in Sources */,
				CAF0913A1D4D4062005FAEF4 /* PWIndicator.m in Sources */,
				CAF0918E1D560B22005FAEF4 /* PWIntroViewController.m in Sources */,
				CAF0916E1D4E9054005FAEF4 /* PWRestaurant.m in Sources */,
				CAF0916D1D4E904E005FAEF4 /* PWModelObject.m in Sources */,
				CAF0912F1D4D3A4C005FAEF4 /* PWAppDelegate.m in Sources */,
				CAF091BF1D576703005FAEF4 /* PWDropShadowView.m in Sources */,
				CAF091AC1D5657C9005FAEF4 /* UIColorAdditions.m in Sources */,
				CAF091881D4E94B3005FAEF4 /* PWUsersRestaurantInfo.m in Sources */,
				CAF091731D4E9099005FAEF4 /* PWPresentProduct.m in Sources */,
				CAF091871D4E94B0005FAEF4 /* PWUser.m in Sources */,
				CAF091861D4E94AE005FAEF4 /* PWPurchase.m in Sources */,
				CAF0918A1D4E94B8005FAEF4 /* PWRestaurantAboutInfo.m in Sources */,
				CAF091841D4E949C005FAEF4 /* PWOrder.m in Sources */,
				CAF091701D4E905E005FAEF4 /* PWPrice.m in Sources */,
				CAF091851D4E94A0005FAEF4 /* PWRestaurantReview.m in Sources */,
				CAF091AF1D56672F005FAEF4 /* PWRootMenuTableViewController.m in Sources */,
				CAF0916F1D4E9059005FAEF4 /* PWRestaurantShare.m in Sources */,
				CAF091711D4E9061005FAEF4 /* PWProduct.m in Sources */,
				CAF091BC1D57559A005FAEF4 /* UIViewControllerAdditions.m in Sources */,
			);
			runOnlyForDeploymentPostprocessing = 0;
		};
/* End PBXSourcesBuildPhase section */

/* Begin XCBuildConfiguration section */
		CAF091121D4D3938005FAEF4 /* Debug */ = {
			isa = XCBuildConfiguration;
			baseConfigurationReference = CAF091341D4D3A9F005FAEF4 /* PWConfig.xcconfig */;
			buildSettings = {
				ALWAYS_SEARCH_USER_PATHS = NO;
				CLANG_ANALYZER_NONNULL = YES;
				CLANG_CXX_LANGUAGE_STANDARD = "gnu++0x";
				CLANG_CXX_LIBRARY = "libc++";
				CLANG_ENABLE_MODULES = YES;
				CLANG_ENABLE_OBJC_ARC = YES;
				CLANG_WARN_BOOL_CONVERSION = YES;
				CLANG_WARN_CONSTANT_CONVERSION = YES;
				CLANG_WARN_DIRECT_OBJC_ISA_USAGE = YES_ERROR;
				CLANG_WARN_EMPTY_BODY = YES;
				CLANG_WARN_ENUM_CONVERSION = YES;
				CLANG_WARN_INT_CONVERSION = YES;
				CLANG_WARN_OBJC_ROOT_CLASS = YES_ERROR;
				CLANG_WARN_UNREACHABLE_CODE = YES;
				CLANG_WARN__DUPLICATE_METHOD_MATCH = YES;
				"CODE_SIGN_IDENTITY[sdk=iphoneos*]" = "iPhone Developer";
				COPY_PHASE_STRIP = NO;
				DEBUG_INFORMATION_FORMAT = dwarf;
				ENABLE_STRICT_OBJC_MSGSEND = YES;
				ENABLE_TESTABILITY = YES;
				GCC_C_LANGUAGE_STANDARD = gnu99;
				GCC_DYNAMIC_NO_PIC = NO;
				GCC_NO_COMMON_BLOCKS = YES;
				GCC_OPTIMIZATION_LEVEL = 0;
				GCC_PREPROCESSOR_DEFINITIONS = (
					"DEBUG=1",
					"$(inherited)",
				);
				GCC_WARN_64_TO_32_BIT_CONVERSION = YES;
				GCC_WARN_ABOUT_RETURN_TYPE = YES_ERROR;
				GCC_WARN_UNDECLARED_SELECTOR = YES;
				GCC_WARN_UNINITIALIZED_AUTOS = YES_AGGRESSIVE;
				GCC_WARN_UNUSED_FUNCTION = YES;
				GCC_WARN_UNUSED_VARIABLE = YES;
				IPHONEOS_DEPLOYMENT_TARGET = 8.1;
				MTL_ENABLE_DEBUG_INFO = YES;
				ONLY_ACTIVE_ARCH = YES;
				SDKROOT = iphoneos;
			};
			name = Debug;
		};
		CAF091131D4D3938005FAEF4 /* Release */ = {
			isa = XCBuildConfiguration;
			baseConfigurationReference = CAF091341D4D3A9F005FAEF4 /* PWConfig.xcconfig */;
			buildSettings = {
				ALWAYS_SEARCH_USER_PATHS = NO;
				CLANG_ANALYZER_NONNULL = YES;
				CLANG_CXX_LANGUAGE_STANDARD = "gnu++0x";
				CLANG_CXX_LIBRARY = "libc++";
				CLANG_ENABLE_MODULES = YES;
				CLANG_ENABLE_OBJC_ARC = YES;
				CLANG_WARN_BOOL_CONVERSION = YES;
				CLANG_WARN_CONSTANT_CONVERSION = YES;
				CLANG_WARN_DIRECT_OBJC_ISA_USAGE = YES_ERROR;
				CLANG_WARN_EMPTY_BODY = YES;
				CLANG_WARN_ENUM_CONVERSION = YES;
				CLANG_WARN_INT_CONVERSION = YES;
				CLANG_WARN_OBJC_ROOT_CLASS = YES_ERROR;
				CLANG_WARN_UNREACHABLE_CODE = YES;
				CLANG_WARN__DUPLICATE_METHOD_MATCH = YES;
				"CODE_SIGN_IDENTITY[sdk=iphoneos*]" = "iPhone Developer";
				COPY_PHASE_STRIP = NO;
				DEBUG_INFORMATION_FORMAT = "dwarf-with-dsym";
				ENABLE_NS_ASSERTIONS = NO;
				ENABLE_STRICT_OBJC_MSGSEND = YES;
				GCC_C_LANGUAGE_STANDARD = gnu99;
				GCC_NO_COMMON_BLOCKS = YES;
				GCC_WARN_64_TO_32_BIT_CONVERSION = YES;
				GCC_WARN_ABOUT_RETURN_TYPE = YES_ERROR;
				GCC_WARN_UNDECLARED_SELECTOR = YES;
				GCC_WARN_UNINITIALIZED_AUTOS = YES_AGGRESSIVE;
				GCC_WARN_UNUSED_FUNCTION = YES;
				GCC_WARN_UNUSED_VARIABLE = YES;
				IPHONEOS_DEPLOYMENT_TARGET = 8.1;
				MTL_ENABLE_DEBUG_INFO = NO;
				SDKROOT = iphoneos;
				VALIDATE_PRODUCT = YES;
			};
			name = Release;
		};
		CAF091151D4D3938005FAEF4 /* Debug */ = {
			isa = XCBuildConfiguration;
			baseConfigurationReference = CAF091341D4D3A9F005FAEF4 /* PWConfig.xcconfig */;
			buildSettings = {
				ASSETCATALOG_COMPILER_APPICON_NAME = AppIcon;
				CODE_SIGN_IDENTITY = "iPhone Developer";
				"CODE_SIGN_IDENTITY[sdk=iphoneos*]" = "iPhone Developer";
				GCC_PREFIX_HEADER = PocketWaiter/Sources/SupportingFiles/PWPrefix.pch;
				INFOPLIST_FILE = PocketWaiter/Resources/Info.plist;
				LD_RUNPATH_SEARCH_PATHS = "$(inherited) @executable_path/Frameworks";
				PRODUCT_BUNDLE_IDENTIFIER = com.pocketWaiter.PocketWaiter;
				PRODUCT_NAME = "$(TARGET_NAME)";
				PROVISIONING_PROFILE = "";
			};
			name = Debug;
		};
		CAF091161D4D3938005FAEF4 /* Release */ = {
			isa = XCBuildConfiguration;
			baseConfigurationReference = CAF091341D4D3A9F005FAEF4 /* PWConfig.xcconfig */;
			buildSettings = {
				ASSETCATALOG_COMPILER_APPICON_NAME = AppIcon;
				CODE_SIGN_IDENTITY = "iPhone Developer";
				"CODE_SIGN_IDENTITY[sdk=iphoneos*]" = "iPhone Developer";
				GCC_PREFIX_HEADER = PocketWaiter/Sources/SupportingFiles/PWPrefix.pch;
				INFOPLIST_FILE = PocketWaiter/Resources/Info.plist;
				LD_RUNPATH_SEARCH_PATHS = "$(inherited) @executable_path/Frameworks";
				PRODUCT_BUNDLE_IDENTIFIER = com.pocketWaiter.PocketWaiter;
				PRODUCT_NAME = "$(TARGET_NAME)";
				PROVISIONING_PROFILE = "";
			};
			name = Release;
		};
/* End XCBuildConfiguration section */

/* Begin XCConfigurationList section */
		CAF090F81D4D3938005FAEF4 /* Build configuration list for PBXProject "PocketWaiter" */ = {
			isa = XCConfigurationList;
			buildConfigurations = (
				CAF091121D4D3938005FAEF4 /* Debug */,
				CAF091131D4D3938005FAEF4 /* Release */,
			);
			defaultConfigurationIsVisible = 0;
			defaultConfigurationName = Release;
		};
		CAF091141D4D3938005FAEF4 /* Build configuration list for PBXNativeTarget "PocketWaiter" */ = {
			isa = XCConfigurationList;
			buildConfigurations = (
				CAF091151D4D3938005FAEF4 /* Debug */,
				CAF091161D4D3938005FAEF4 /* Release */,
			);
			defaultConfigurationIsVisible = 0;
			defaultConfigurationName = Release;
		};
/* End XCConfigurationList section */
	};
	rootObject = CAF090F51D4D3938005FAEF4 /* Project object */;
}
